// !$*UTF8*$!
{
	archiveVersion = 1;
	classes = {
	};
	objectVersion = 56;
	objects = {

/* Begin PBXBuildFile section */
		2A0D40C32B39683400506124 /* SnapKit-Dynamic in Frameworks */ = {isa = PBXBuildFile; productRef = 2A0D40C22B39683400506124 /* SnapKit-Dynamic */; };
		2A0D40C42B39683400506124 /* SnapKit-Dynamic in Embed Frameworks */ = {isa = PBXBuildFile; productRef = 2A0D40C22B39683400506124 /* SnapKit-Dynamic */; settings = {ATTRIBUTES = (CodeSignOnCopy, ); }; };
		2A0D40C72B3970CD00506124 /* RemoteConfigDefaults.plist in Resources */ = {isa = PBXBuildFile; fileRef = 2A0D40C62B3970CD00506124 /* RemoteConfigDefaults.plist */; };
		2A0D40C82B3970CD00506124 /* RemoteConfigDefaults.plist in Resources */ = {isa = PBXBuildFile; fileRef = 2A0D40C62B3970CD00506124 /* RemoteConfigDefaults.plist */; };
		2A0D40CA2B3975B000506124 /* ConfigManager.swift in Sources */ = {isa = PBXBuildFile; fileRef = 2A0D40C92B3975B000506124 /* ConfigManager.swift */; };
		2A0D40CB2B3975B000506124 /* ConfigManager.swift in Sources */ = {isa = PBXBuildFile; fileRef = 2A0D40C92B3975B000506124 /* ConfigManager.swift */; };
		2A0E086D2B39A7C300D76501 /* UIImage+Extension.swift in Sources */ = {isa = PBXBuildFile; fileRef = 2A0E086C2B39A7C300D76501 /* UIImage+Extension.swift */; };
		2A0E086E2B39A7C300D76501 /* UIImage+Extension.swift in Sources */ = {isa = PBXBuildFile; fileRef = 2A0E086C2B39A7C300D76501 /* UIImage+Extension.swift */; };
		2A0E08712B39BD5400D76501 /* DetailTagsCollectionViewCell.swift in Sources */ = {isa = PBXBuildFile; fileRef = 2A0E086F2B39BD5400D76501 /* DetailTagsCollectionViewCell.swift */; };
		2A0E08722B39BD5400D76501 /* DetailTagsCollectionViewCell.swift in Sources */ = {isa = PBXBuildFile; fileRef = 2A0E086F2B39BD5400D76501 /* DetailTagsCollectionViewCell.swift */; };
		2A0E08732B39BD5400D76501 /* DetailTagsCollectionViewCell.xib in Resources */ = {isa = PBXBuildFile; fileRef = 2A0E08702B39BD5400D76501 /* DetailTagsCollectionViewCell.xib */; };
		2A0E08742B39BD5400D76501 /* DetailTagsCollectionViewCell.xib in Resources */ = {isa = PBXBuildFile; fileRef = 2A0E08702B39BD5400D76501 /* DetailTagsCollectionViewCell.xib */; };
		2A1960D72B0FAC92000935CF /* SettingViewController.swift in Sources */ = {isa = PBXBuildFile; fileRef = 2A1960D62B0FAC92000935CF /* SettingViewController.swift */; };
		2A1BE96F2B08E9B300703ED5 /* MyAlbumsCollectionViewCell.swift in Sources */ = {isa = PBXBuildFile; fileRef = 2A1BE96D2B08E9B300703ED5 /* MyAlbumsCollectionViewCell.swift */; };
		2A282FDC2B318B550074C198 /* UIApplication+Extension.swift in Sources */ = {isa = PBXBuildFile; fileRef = 2A282FDB2B318B550074C198 /* UIApplication+Extension.swift */; };
		2A282FDE2B31C34A0074C198 /* SceneManager.swift in Sources */ = {isa = PBXBuildFile; fileRef = 2A282FDD2B31C34A0074C198 /* SceneManager.swift */; };
		2A2FA58C2B0BB0DB00767310 /* UIViewController+Extension.swift in Sources */ = {isa = PBXBuildFile; fileRef = 2A89E6962B0937F4009056DD /* UIViewController+Extension.swift */; };
		2A2FA5962B0BBED900767310 /* SelectedImageCollectionViewCell.swift in Sources */ = {isa = PBXBuildFile; fileRef = 2A2FA5942B0BBED900767310 /* SelectedImageCollectionViewCell.swift */; };
		2A2FA5972B0BBED900767310 /* SelectedImageCollectionViewCell.swift in Sources */ = {isa = PBXBuildFile; fileRef = 2A2FA5942B0BBED900767310 /* SelectedImageCollectionViewCell.swift */; };
		2A2FA5982B0BBED900767310 /* SelectedImageCollectionViewCell.xib in Resources */ = {isa = PBXBuildFile; fileRef = 2A2FA5952B0BBED900767310 /* SelectedImageCollectionViewCell.xib */; };
		2A2FA5992B0BBED900767310 /* SelectedImageCollectionViewCell.xib in Resources */ = {isa = PBXBuildFile; fileRef = 2A2FA5952B0BBED900767310 /* SelectedImageCollectionViewCell.xib */; };
		2A2FA59C2B0BBEEE00767310 /* AddImageCollectionViewCell.swift in Sources */ = {isa = PBXBuildFile; fileRef = 2A2FA59A2B0BBEEE00767310 /* AddImageCollectionViewCell.swift */; };
		2A2FA59D2B0BBEEE00767310 /* AddImageCollectionViewCell.xib in Resources */ = {isa = PBXBuildFile; fileRef = 2A2FA59B2B0BBEEE00767310 /* AddImageCollectionViewCell.xib */; };
		2A3498532B0D694C00424868 /* LoadingIndicatorView.swift in Sources */ = {isa = PBXBuildFile; fileRef = 2A3498522B0D694C00424868 /* LoadingIndicatorView.swift */; };
		2A3498542B0D694C00424868 /* LoadingIndicatorView.swift in Sources */ = {isa = PBXBuildFile; fileRef = 2A3498522B0D694C00424868 /* LoadingIndicatorView.swift */; };
		2A3498582B0E570C00424868 /* Assets.xcassets in Resources */ = {isa = PBXBuildFile; fileRef = 2AB0C4BF2B08B77F008BB7AE /* Assets.xcassets */; };
		2A3ADA742B2DD49500D40535 /* LaunchScreen.storyboard in Resources */ = {isa = PBXBuildFile; fileRef = 2A3ADA732B2DD49500D40535 /* LaunchScreen.storyboard */; };
		2A3ADA762B2E0DD600D40535 /* AcountViewController.swift in Sources */ = {isa = PBXBuildFile; fileRef = 2A3ADA752B2E0DD600D40535 /* AcountViewController.swift */; };
		2A3ADA792B2E2B9C00D40535 /* LoginManager.swift in Sources */ = {isa = PBXBuildFile; fileRef = 2A3ADA782B2E2B9C00D40535 /* LoginManager.swift */; };
		2A3ADA7A2B2E2B9C00D40535 /* LoginManager.swift in Sources */ = {isa = PBXBuildFile; fileRef = 2A3ADA782B2E2B9C00D40535 /* LoginManager.swift */; };
		2A3F756C2B33411400CE67D1 /* MyAlbumsCollectionViewCell.xib in Resources */ = {isa = PBXBuildFile; fileRef = 2A3F756B2B33411400CE67D1 /* MyAlbumsCollectionViewCell.xib */; };
		2A3F756E2B33482F00CE67D1 /* DataManager.swift in Sources */ = {isa = PBXBuildFile; fileRef = 2A3F756D2B33482F00CE67D1 /* DataManager.swift */; };
		2A3F756F2B33482F00CE67D1 /* DataManager.swift in Sources */ = {isa = PBXBuildFile; fileRef = 2A3F756D2B33482F00CE67D1 /* DataManager.swift */; };
		2A3F75712B33567900CE67D1 /* UserField.swift in Sources */ = {isa = PBXBuildFile; fileRef = 2A3F75702B33567900CE67D1 /* UserField.swift */; };
		2A3F75722B33567900CE67D1 /* UserField.swift in Sources */ = {isa = PBXBuildFile; fileRef = 2A3F75702B33567900CE67D1 /* UserField.swift */; };
		2A40074C2B45B3AA006154A4 /* AddImageCollectionViewCell.swift in Sources */ = {isa = PBXBuildFile; fileRef = 2A2FA59A2B0BBEEE00767310 /* AddImageCollectionViewCell.swift */; };
		2A4D48EF2B0A652200E776C7 /* RxCocoa in Frameworks */ = {isa = PBXBuildFile; productRef = 2A4D48EE2B0A652200E776C7 /* RxCocoa */; };
		2A4D48F12B0A652200E776C7 /* RxSwift in Frameworks */ = {isa = PBXBuildFile; productRef = 2A4D48F02B0A652200E776C7 /* RxSwift */; };
		2A4D48FA2B0A781A00E776C7 /* AlbumModel.swift in Sources */ = {isa = PBXBuildFile; fileRef = 2A4D48F92B0A781A00E776C7 /* AlbumModel.swift */; };
		2A4D48FB2B0A781A00E776C7 /* AlbumModel.swift in Sources */ = {isa = PBXBuildFile; fileRef = 2A4D48F92B0A781A00E776C7 /* AlbumModel.swift */; };
		2A4FF2C42B35EB2500A6FEF1 /* UploadViewModel.swift in Sources */ = {isa = PBXBuildFile; fileRef = 2A4FF2C32B35EB2500A6FEF1 /* UploadViewModel.swift */; };
		2A4FF2C52B35EB2500A6FEF1 /* UploadViewModel.swift in Sources */ = {isa = PBXBuildFile; fileRef = 2A4FF2C32B35EB2500A6FEF1 /* UploadViewModel.swift */; };
		2A4FF2C82B35F70200A6FEF1 /* TagsCollectionViewCell.swift in Sources */ = {isa = PBXBuildFile; fileRef = 2A4FF2C62B35F70200A6FEF1 /* TagsCollectionViewCell.swift */; };
		2A4FF2C92B35F70200A6FEF1 /* TagsCollectionViewCell.swift in Sources */ = {isa = PBXBuildFile; fileRef = 2A4FF2C62B35F70200A6FEF1 /* TagsCollectionViewCell.swift */; };
		2A4FF2CA2B35F70200A6FEF1 /* TagsCollectionViewCell.xib in Resources */ = {isa = PBXBuildFile; fileRef = 2A4FF2C72B35F70200A6FEF1 /* TagsCollectionViewCell.xib */; };
		2A4FF2CB2B35F70200A6FEF1 /* TagsCollectionViewCell.xib in Resources */ = {isa = PBXBuildFile; fileRef = 2A4FF2C72B35F70200A6FEF1 /* TagsCollectionViewCell.xib */; };
		2A6160FF2B2B4E720093C688 /* UserModel.swift in Sources */ = {isa = PBXBuildFile; fileRef = 2A6160FE2B2B4E720093C688 /* UserModel.swift */; };
		2A6161002B2B4E720093C688 /* UserModel.swift in Sources */ = {isa = PBXBuildFile; fileRef = 2A6160FE2B2B4E720093C688 /* UserModel.swift */; };
		2A6161042B2B502B0093C688 /* AuthProvider.swift in Sources */ = {isa = PBXBuildFile; fileRef = 2A6161032B2B502B0093C688 /* AuthProvider.swift */; };
		2A6161052B2B502B0093C688 /* AuthProvider.swift in Sources */ = {isa = PBXBuildFile; fileRef = 2A6161032B2B502B0093C688 /* AuthProvider.swift */; };
		2A6161082B2B50D20093C688 /* SwiftDate in Frameworks */ = {isa = PBXBuildFile; productRef = 2A6161072B2B50D20093C688 /* SwiftDate */; };
		2A6942402B1532D00070B194 /* WebViewController.swift in Sources */ = {isa = PBXBuildFile; fileRef = 2A69423F2B1532D00070B194 /* WebViewController.swift */; };
		2A6942472B153CF60070B194 /* FirebaseAnalytics in Frameworks */ = {isa = PBXBuildFile; productRef = 2A6942462B153CF60070B194 /* FirebaseAnalytics */; };
		2A6942492B153CF60070B194 /* FirebaseAuth in Frameworks */ = {isa = PBXBuildFile; productRef = 2A6942482B153CF60070B194 /* FirebaseAuth */; };
		2A69424B2B153CF60070B194 /* FirebaseCrashlytics in Frameworks */ = {isa = PBXBuildFile; productRef = 2A69424A2B153CF60070B194 /* FirebaseCrashlytics */; };
		2A69424D2B153CF60070B194 /* FirebaseDynamicLinks in Frameworks */ = {isa = PBXBuildFile; productRef = 2A69424C2B153CF60070B194 /* FirebaseDynamicLinks */; };
		2A69424F2B153CF60070B194 /* FirebaseFirestore in Frameworks */ = {isa = PBXBuildFile; productRef = 2A69424E2B153CF60070B194 /* FirebaseFirestore */; };
		2A6942512B153CF60070B194 /* FirebaseFunctions in Frameworks */ = {isa = PBXBuildFile; productRef = 2A6942502B153CF60070B194 /* FirebaseFunctions */; };
		2A6942532B153CF60070B194 /* FirebaseInAppMessaging-Beta in Frameworks */ = {isa = PBXBuildFile; productRef = 2A6942522B153CF60070B194 /* FirebaseInAppMessaging-Beta */; };
		2A6942552B153CF60070B194 /* FirebaseMessaging in Frameworks */ = {isa = PBXBuildFile; productRef = 2A6942542B153CF60070B194 /* FirebaseMessaging */; };
		2A6942572B153CF60070B194 /* FirebaseRemoteConfig in Frameworks */ = {isa = PBXBuildFile; productRef = 2A6942562B153CF60070B194 /* FirebaseRemoteConfig */; };
		2A6942592B153CF60070B194 /* FirebaseStorage in Frameworks */ = {isa = PBXBuildFile; productRef = 2A6942582B153CF60070B194 /* FirebaseStorage */; };
		2A69425D2B153E890070B194 /* FirebaseAnalytics in Frameworks */ = {isa = PBXBuildFile; productRef = 2A69425C2B153E890070B194 /* FirebaseAnalytics */; };
		2A69425F2B153E890070B194 /* FirebaseAuth in Frameworks */ = {isa = PBXBuildFile; productRef = 2A69425E2B153E890070B194 /* FirebaseAuth */; };
		2A6942612B153E890070B194 /* FirebaseCrashlytics in Frameworks */ = {isa = PBXBuildFile; productRef = 2A6942602B153E890070B194 /* FirebaseCrashlytics */; };
		2A6942632B153E890070B194 /* FirebaseDynamicLinks in Frameworks */ = {isa = PBXBuildFile; productRef = 2A6942622B153E890070B194 /* FirebaseDynamicLinks */; };
		2A6942652B153E890070B194 /* FirebaseFirestore in Frameworks */ = {isa = PBXBuildFile; productRef = 2A6942642B153E890070B194 /* FirebaseFirestore */; };
		2A6942672B153E890070B194 /* FirebaseFunctions in Frameworks */ = {isa = PBXBuildFile; productRef = 2A6942662B153E890070B194 /* FirebaseFunctions */; };
		2A6942692B153E890070B194 /* FirebaseInAppMessaging-Beta in Frameworks */ = {isa = PBXBuildFile; productRef = 2A6942682B153E890070B194 /* FirebaseInAppMessaging-Beta */; };
		2A69426B2B153E890070B194 /* FirebaseMessaging in Frameworks */ = {isa = PBXBuildFile; productRef = 2A69426A2B153E890070B194 /* FirebaseMessaging */; };
		2A69426D2B153E890070B194 /* FirebaseRemoteConfig in Frameworks */ = {isa = PBXBuildFile; productRef = 2A69426C2B153E890070B194 /* FirebaseRemoteConfig */; };
		2A69426F2B153E890070B194 /* FirebaseStorage in Frameworks */ = {isa = PBXBuildFile; productRef = 2A69426E2B153E890070B194 /* FirebaseStorage */; };
		2A6942722B1762BF0070B194 /* GoogleSignIn in Frameworks */ = {isa = PBXBuildFile; productRef = 2A6942712B1762BF0070B194 /* GoogleSignIn */; };
		2A6942742B17669B0070B194 /* GoogleService-Info.plist in Resources */ = {isa = PBXBuildFile; fileRef = 2A6942732B17669A0070B194 /* GoogleService-Info.plist */; };
		2A6942762B1766A90070B194 /* GoogleService-Info.plist in Resources */ = {isa = PBXBuildFile; fileRef = 2A6942752B1766A90070B194 /* GoogleService-Info.plist */; };
		2A6942782B17920A0070B194 /* SignInViewController.swift in Sources */ = {isa = PBXBuildFile; fileRef = 2A6942772B17920A0070B194 /* SignInViewController.swift */; };
		2A69427A2B17F49D0070B194 /* NSMutableAttributedString+Extension.swift in Sources */ = {isa = PBXBuildFile; fileRef = 2A6942792B17F49D0070B194 /* NSMutableAttributedString+Extension.swift */; };
		2A89E6942B092D69009056DD /* UploadViewController.swift in Sources */ = {isa = PBXBuildFile; fileRef = 2A89E6932B092D69009056DD /* UploadViewController.swift */; };
		2A89E6972B0937F4009056DD /* UIViewController+Extension.swift in Sources */ = {isa = PBXBuildFile; fileRef = 2A89E6962B0937F4009056DD /* UIViewController+Extension.swift */; };
		2A89E69A2B094147009056DD /* SnapKit-Dynamic in Frameworks */ = {isa = PBXBuildFile; productRef = 2A89E6992B094147009056DD /* SnapKit-Dynamic */; };
		2A89E69B2B09414D009056DD /* SnapKit-Dynamic in Embed Frameworks */ = {isa = PBXBuildFile; productRef = 2A89E6992B094147009056DD /* SnapKit-Dynamic */; settings = {ATTRIBUTES = (CodeSignOnCopy, ); }; };
		2A89E69E2B0941A9009056DD /* RxKeyboard in Frameworks */ = {isa = PBXBuildFile; productRef = 2A89E69D2B0941A9009056DD /* RxKeyboard */; };
		2A89E6A02B094EEF009056DD /* EditViewController.swift in Sources */ = {isa = PBXBuildFile; fileRef = 2A89E69F2B094EEF009056DD /* EditViewController.swift */; };
		2A89E6AA2B0A32C6009056DD /* ShareViewController.swift in Sources */ = {isa = PBXBuildFile; fileRef = 2A89E6A92B0A32C6009056DD /* ShareViewController.swift */; };
		2A89E6AD2B0A32C6009056DD /* MainInterface.storyboard in Resources */ = {isa = PBXBuildFile; fileRef = 2A89E6AB2B0A32C6009056DD /* MainInterface.storyboard */; };
		2A89E6B12B0A32C6009056DD /* PiCoShareExtension.appex in Embed Foundation Extensions */ = {isa = PBXBuildFile; fileRef = 2A89E6A72B0A32C6009056DD /* PiCoShareExtension.appex */; settings = {ATTRIBUTES = (RemoveHeadersOnCopy, ); }; };
		2A8ED08D2B46FDF60068B0B8 /* DetailInfoTableViewCell.swift in Sources */ = {isa = PBXBuildFile; fileRef = 2A8ED08B2B46FDF60068B0B8 /* DetailInfoTableViewCell.swift */; };
		2A8ED08E2B46FDF60068B0B8 /* DetailInfoTableViewCell.xib in Resources */ = {isa = PBXBuildFile; fileRef = 2A8ED08C2B46FDF60068B0B8 /* DetailInfoTableViewCell.xib */; };
		2A8ED0912B46FE0E0068B0B8 /* DetailImagesTableViewCell.swift in Sources */ = {isa = PBXBuildFile; fileRef = 2A8ED08F2B46FE0E0068B0B8 /* DetailImagesTableViewCell.swift */; };
		2A8ED0922B46FE0E0068B0B8 /* DetailImagesTableViewCell.xib in Resources */ = {isa = PBXBuildFile; fileRef = 2A8ED0902B46FE0E0068B0B8 /* DetailImagesTableViewCell.xib */; };
		2A9711242B347DEC00A989E8 /* Kingfisher in Frameworks */ = {isa = PBXBuildFile; productRef = 2A9711232B347DEC00A989E8 /* Kingfisher */; };
		2A9711262B35C3D400A989E8 /* AlbumField.swift in Sources */ = {isa = PBXBuildFile; fileRef = 2A9711252B35C3D400A989E8 /* AlbumField.swift */; };
		2A9863FB2B09104C0041686E /* DetailViewController.swift in Sources */ = {isa = PBXBuildFile; fileRef = 2A9863FA2B09104C0041686E /* DetailViewController.swift */; };
		2A9863FD2B0913BE0041686E /* MainTabBarController.swift in Sources */ = {isa = PBXBuildFile; fileRef = 2A9863FC2B0913BE0041686E /* MainTabBarController.swift */; };
		2AB0C4B72B08B77E008BB7AE /* AppDelegate.swift in Sources */ = {isa = PBXBuildFile; fileRef = 2AB0C4B62B08B77E008BB7AE /* AppDelegate.swift */; };
		2AB0C4B92B08B77E008BB7AE /* SceneDelegate.swift in Sources */ = {isa = PBXBuildFile; fileRef = 2AB0C4B82B08B77E008BB7AE /* SceneDelegate.swift */; };
		2AB0C4BB2B08B77E008BB7AE /* MyAlbumsViewController.swift in Sources */ = {isa = PBXBuildFile; fileRef = 2AB0C4BA2B08B77E008BB7AE /* MyAlbumsViewController.swift */; };
		2AB0C4BE2B08B77E008BB7AE /* Main.storyboard in Resources */ = {isa = PBXBuildFile; fileRef = 2AB0C4BC2B08B77E008BB7AE /* Main.storyboard */; };
		2AB0C4C02B08B77F008BB7AE /* Assets.xcassets in Resources */ = {isa = PBXBuildFile; fileRef = 2AB0C4BF2B08B77F008BB7AE /* Assets.xcassets */; };
		2AB0C51D2B08E354008BB7AE /* RxCocoa in Frameworks */ = {isa = PBXBuildFile; productRef = 2AB0C51C2B08E354008BB7AE /* RxCocoa */; };
		2AB0C5252B08E354008BB7AE /* RxSwift in Frameworks */ = {isa = PBXBuildFile; productRef = 2AB0C5242B08E354008BB7AE /* RxSwift */; };
		2ABE24452B3B321700F7C00D /* HapticManager.swift in Sources */ = {isa = PBXBuildFile; fileRef = 2ABE24442B3B321700F7C00D /* HapticManager.swift */; };
		2ABE24462B3B321700F7C00D /* HapticManager.swift in Sources */ = {isa = PBXBuildFile; fileRef = 2ABE24442B3B321700F7C00D /* HapticManager.swift */; };
		2AC0BD012B35C5E7002B7418 /* AlbumField.swift in Sources */ = {isa = PBXBuildFile; fileRef = 2A9711252B35C3D400A989E8 /* AlbumField.swift */; };
		2AD328912B29C92B002DA60F /* RxGesture in Frameworks */ = {isa = PBXBuildFile; productRef = 2AD328902B29C92B002DA60F /* RxGesture */; };
		2AD5F2CE2B0FADCE00475AC6 /* SettingsTableViewCell.swift in Sources */ = {isa = PBXBuildFile; fileRef = 2AD5F2CC2B0FADCE00475AC6 /* SettingsTableViewCell.swift */; };
		2AD5F2CF2B0FADCE00475AC6 /* SettingsTableViewCell.xib in Resources */ = {isa = PBXBuildFile; fileRef = 2AD5F2CD2B0FADCE00475AC6 /* SettingsTableViewCell.xib */; };
		2AF5899D2B2F042E0027D928 /* SwiftDate in Frameworks */ = {isa = PBXBuildFile; productRef = 2AF5899C2B2F042E0027D928 /* SwiftDate */; };
/* End PBXBuildFile section */

/* Begin PBXContainerItemProxy section */
		2A89E6AF2B0A32C6009056DD /* PBXContainerItemProxy */ = {
			isa = PBXContainerItemProxy;
			containerPortal = 2AB0C4AB2B08B77E008BB7AE /* Project object */;
			proxyType = 1;
			remoteGlobalIDString = 2A89E6A62B0A32C6009056DD;
			remoteInfo = PiCoShareExtension;
		};
/* End PBXContainerItemProxy section */

/* Begin PBXCopyFilesBuildPhase section */
		2A0D40C52B39683400506124 /* Embed Frameworks */ = {
			isa = PBXCopyFilesBuildPhase;
			buildActionMask = 2147483647;
			dstPath = "";
			dstSubfolderSpec = 10;
			files = (
				2A0D40C42B39683400506124 /* SnapKit-Dynamic in Embed Frameworks */,
			);
			name = "Embed Frameworks";
			runOnlyForDeploymentPostprocessing = 0;
		};
		2A89E6B52B0A32C6009056DD /* Embed Foundation Extensions */ = {
			isa = PBXCopyFilesBuildPhase;
			buildActionMask = 2147483647;
			dstPath = "";
			dstSubfolderSpec = 13;
			files = (
				2A89E6B12B0A32C6009056DD /* PiCoShareExtension.appex in Embed Foundation Extensions */,
			);
			name = "Embed Foundation Extensions";
			runOnlyForDeploymentPostprocessing = 0;
		};
		2AB0C4E82B08E215008BB7AE /* Embed Frameworks */ = {
			isa = PBXCopyFilesBuildPhase;
			buildActionMask = 2147483647;
			dstPath = "";
			dstSubfolderSpec = 10;
			files = (
				2A89E69B2B09414D009056DD /* SnapKit-Dynamic in Embed Frameworks */,
			);
			name = "Embed Frameworks";
			runOnlyForDeploymentPostprocessing = 0;
		};
/* End PBXCopyFilesBuildPhase section */

/* Begin PBXFileReference section */
		2A0D40C62B3970CD00506124 /* RemoteConfigDefaults.plist */ = {isa = PBXFileReference; lastKnownFileType = text.plist.xml; path = RemoteConfigDefaults.plist; sourceTree = "<group>"; };
		2A0D40C92B3975B000506124 /* ConfigManager.swift */ = {isa = PBXFileReference; lastKnownFileType = sourcecode.swift; path = ConfigManager.swift; sourceTree = "<group>"; };
		2A0E086C2B39A7C300D76501 /* UIImage+Extension.swift */ = {isa = PBXFileReference; lastKnownFileType = sourcecode.swift; path = "UIImage+Extension.swift"; sourceTree = "<group>"; };
		2A0E086F2B39BD5400D76501 /* DetailTagsCollectionViewCell.swift */ = {isa = PBXFileReference; lastKnownFileType = sourcecode.swift; path = DetailTagsCollectionViewCell.swift; sourceTree = "<group>"; };
		2A0E08702B39BD5400D76501 /* DetailTagsCollectionViewCell.xib */ = {isa = PBXFileReference; lastKnownFileType = file.xib; path = DetailTagsCollectionViewCell.xib; sourceTree = "<group>"; };
		2A1960D62B0FAC92000935CF /* SettingViewController.swift */ = {isa = PBXFileReference; lastKnownFileType = sourcecode.swift; path = SettingViewController.swift; sourceTree = "<group>"; };
		2A1BE96D2B08E9B300703ED5 /* MyAlbumsCollectionViewCell.swift */ = {isa = PBXFileReference; lastKnownFileType = sourcecode.swift; path = MyAlbumsCollectionViewCell.swift; sourceTree = "<group>"; };
		2A282FDB2B318B550074C198 /* UIApplication+Extension.swift */ = {isa = PBXFileReference; lastKnownFileType = sourcecode.swift; path = "UIApplication+Extension.swift"; sourceTree = "<group>"; };
		2A282FDD2B31C34A0074C198 /* SceneManager.swift */ = {isa = PBXFileReference; lastKnownFileType = sourcecode.swift; path = SceneManager.swift; sourceTree = "<group>"; };
		2A2FA5942B0BBED900767310 /* SelectedImageCollectionViewCell.swift */ = {isa = PBXFileReference; lastKnownFileType = sourcecode.swift; path = SelectedImageCollectionViewCell.swift; sourceTree = "<group>"; };
		2A2FA5952B0BBED900767310 /* SelectedImageCollectionViewCell.xib */ = {isa = PBXFileReference; lastKnownFileType = file.xib; path = SelectedImageCollectionViewCell.xib; sourceTree = "<group>"; };
		2A2FA59A2B0BBEEE00767310 /* AddImageCollectionViewCell.swift */ = {isa = PBXFileReference; lastKnownFileType = sourcecode.swift; path = AddImageCollectionViewCell.swift; sourceTree = "<group>"; };
		2A2FA59B2B0BBEEE00767310 /* AddImageCollectionViewCell.xib */ = {isa = PBXFileReference; lastKnownFileType = file.xib; path = AddImageCollectionViewCell.xib; sourceTree = "<group>"; };
		2A3498522B0D694C00424868 /* LoadingIndicatorView.swift */ = {isa = PBXFileReference; lastKnownFileType = sourcecode.swift; path = LoadingIndicatorView.swift; sourceTree = "<group>"; };
		2A3ADA732B2DD49500D40535 /* LaunchScreen.storyboard */ = {isa = PBXFileReference; fileEncoding = 4; lastKnownFileType = file.storyboard; path = LaunchScreen.storyboard; sourceTree = "<group>"; };
		2A3ADA752B2E0DD600D40535 /* AcountViewController.swift */ = {isa = PBXFileReference; lastKnownFileType = sourcecode.swift; path = AcountViewController.swift; sourceTree = "<group>"; };
		2A3ADA782B2E2B9C00D40535 /* LoginManager.swift */ = {isa = PBXFileReference; lastKnownFileType = sourcecode.swift; path = LoginManager.swift; sourceTree = "<group>"; };
		2A3F756B2B33411400CE67D1 /* MyAlbumsCollectionViewCell.xib */ = {isa = PBXFileReference; fileEncoding = 4; lastKnownFileType = file.xib; path = MyAlbumsCollectionViewCell.xib; sourceTree = "<group>"; };
		2A3F756D2B33482F00CE67D1 /* DataManager.swift */ = {isa = PBXFileReference; lastKnownFileType = sourcecode.swift; path = DataManager.swift; sourceTree = "<group>"; };
		2A3F75702B33567900CE67D1 /* UserField.swift */ = {isa = PBXFileReference; lastKnownFileType = sourcecode.swift; path = UserField.swift; sourceTree = "<group>"; };
		2A4D48F92B0A781A00E776C7 /* AlbumModel.swift */ = {isa = PBXFileReference; lastKnownFileType = sourcecode.swift; path = AlbumModel.swift; sourceTree = "<group>"; };
		2A4FF2C32B35EB2500A6FEF1 /* UploadViewModel.swift */ = {isa = PBXFileReference; lastKnownFileType = sourcecode.swift; path = UploadViewModel.swift; sourceTree = "<group>"; };
		2A4FF2C62B35F70200A6FEF1 /* TagsCollectionViewCell.swift */ = {isa = PBXFileReference; lastKnownFileType = sourcecode.swift; path = TagsCollectionViewCell.swift; sourceTree = "<group>"; };
		2A4FF2C72B35F70200A6FEF1 /* TagsCollectionViewCell.xib */ = {isa = PBXFileReference; lastKnownFileType = file.xib; path = TagsCollectionViewCell.xib; sourceTree = "<group>"; };
		2A6160FE2B2B4E720093C688 /* UserModel.swift */ = {isa = PBXFileReference; lastKnownFileType = sourcecode.swift; path = UserModel.swift; sourceTree = "<group>"; };
		2A6161032B2B502B0093C688 /* AuthProvider.swift */ = {isa = PBXFileReference; lastKnownFileType = sourcecode.swift; path = AuthProvider.swift; sourceTree = "<group>"; };
		2A69423F2B1532D00070B194 /* WebViewController.swift */ = {isa = PBXFileReference; lastKnownFileType = sourcecode.swift; path = WebViewController.swift; sourceTree = "<group>"; };
		2A6942732B17669A0070B194 /* GoogleService-Info.plist */ = {isa = PBXFileReference; fileEncoding = 4; lastKnownFileType = text.plist.xml; path = "GoogleService-Info.plist"; sourceTree = "<group>"; };
		2A6942752B1766A90070B194 /* GoogleService-Info.plist */ = {isa = PBXFileReference; fileEncoding = 4; lastKnownFileType = text.plist.xml; path = "GoogleService-Info.plist"; sourceTree = "<group>"; };
		2A6942772B17920A0070B194 /* SignInViewController.swift */ = {isa = PBXFileReference; lastKnownFileType = sourcecode.swift; path = SignInViewController.swift; sourceTree = "<group>"; };
		2A6942792B17F49D0070B194 /* NSMutableAttributedString+Extension.swift */ = {isa = PBXFileReference; lastKnownFileType = sourcecode.swift; path = "NSMutableAttributedString+Extension.swift"; sourceTree = "<group>"; };
		2A89E6932B092D69009056DD /* UploadViewController.swift */ = {isa = PBXFileReference; lastKnownFileType = sourcecode.swift; path = UploadViewController.swift; sourceTree = "<group>"; };
		2A89E6962B0937F4009056DD /* UIViewController+Extension.swift */ = {isa = PBXFileReference; lastKnownFileType = sourcecode.swift; path = "UIViewController+Extension.swift"; sourceTree = "<group>"; };
		2A89E69F2B094EEF009056DD /* EditViewController.swift */ = {isa = PBXFileReference; lastKnownFileType = sourcecode.swift; path = EditViewController.swift; sourceTree = "<group>"; };
		2A89E6A72B0A32C6009056DD /* PiCoShareExtension.appex */ = {isa = PBXFileReference; explicitFileType = "wrapper.app-extension"; includeInIndex = 0; path = PiCoShareExtension.appex; sourceTree = BUILT_PRODUCTS_DIR; };
		2A89E6A92B0A32C6009056DD /* ShareViewController.swift */ = {isa = PBXFileReference; lastKnownFileType = sourcecode.swift; path = ShareViewController.swift; sourceTree = "<group>"; };
		2A89E6AC2B0A32C6009056DD /* Base */ = {isa = PBXFileReference; lastKnownFileType = file.storyboard; name = Base; path = Base.lproj/MainInterface.storyboard; sourceTree = "<group>"; };
		2A89E6AE2B0A32C6009056DD /* Info.plist */ = {isa = PBXFileReference; lastKnownFileType = text.plist.xml; path = Info.plist; sourceTree = "<group>"; };
		2A89E6B62B0A338E009056DD /* ko */ = {isa = PBXFileReference; lastKnownFileType = text.plist.strings; name = ko; path = ko.lproj/Main.strings; sourceTree = "<group>"; };
		2A89E6B82B0A338E009056DD /* ko */ = {isa = PBXFileReference; lastKnownFileType = text.plist.strings; name = ko; path = ko.lproj/MainInterface.strings; sourceTree = "<group>"; };
		2A89E6B92B0A35DE009056DD /* PiCo.entitlements */ = {isa = PBXFileReference; lastKnownFileType = text.plist.entitlements; path = PiCo.entitlements; sourceTree = "<group>"; };
		2A89E6BA2B0A369B009056DD /* PiCoShareExtension.entitlements */ = {isa = PBXFileReference; lastKnownFileType = text.plist.entitlements; path = PiCoShareExtension.entitlements; sourceTree = "<group>"; };
		2A8ED08B2B46FDF60068B0B8 /* DetailInfoTableViewCell.swift */ = {isa = PBXFileReference; lastKnownFileType = sourcecode.swift; path = DetailInfoTableViewCell.swift; sourceTree = "<group>"; };
		2A8ED08C2B46FDF60068B0B8 /* DetailInfoTableViewCell.xib */ = {isa = PBXFileReference; lastKnownFileType = file.xib; path = DetailInfoTableViewCell.xib; sourceTree = "<group>"; };
		2A8ED08F2B46FE0E0068B0B8 /* DetailImagesTableViewCell.swift */ = {isa = PBXFileReference; lastKnownFileType = sourcecode.swift; path = DetailImagesTableViewCell.swift; sourceTree = "<group>"; };
		2A8ED0902B46FE0E0068B0B8 /* DetailImagesTableViewCell.xib */ = {isa = PBXFileReference; lastKnownFileType = file.xib; path = DetailImagesTableViewCell.xib; sourceTree = "<group>"; };
		2A9711252B35C3D400A989E8 /* AlbumField.swift */ = {isa = PBXFileReference; fileEncoding = 4; lastKnownFileType = sourcecode.swift; path = AlbumField.swift; sourceTree = "<group>"; };
		2A9863FA2B09104C0041686E /* DetailViewController.swift */ = {isa = PBXFileReference; lastKnownFileType = sourcecode.swift; path = DetailViewController.swift; sourceTree = "<group>"; };
		2A9863FC2B0913BE0041686E /* MainTabBarController.swift */ = {isa = PBXFileReference; lastKnownFileType = sourcecode.swift; path = MainTabBarController.swift; sourceTree = "<group>"; };
		2AB0C4B32B08B77E008BB7AE /* PiCo.app */ = {isa = PBXFileReference; explicitFileType = wrapper.application; includeInIndex = 0; path = PiCo.app; sourceTree = BUILT_PRODUCTS_DIR; };
		2AB0C4B62B08B77E008BB7AE /* AppDelegate.swift */ = {isa = PBXFileReference; lastKnownFileType = sourcecode.swift; path = AppDelegate.swift; sourceTree = "<group>"; };
		2AB0C4B82B08B77E008BB7AE /* SceneDelegate.swift */ = {isa = PBXFileReference; lastKnownFileType = sourcecode.swift; path = SceneDelegate.swift; sourceTree = "<group>"; };
		2AB0C4BA2B08B77E008BB7AE /* MyAlbumsViewController.swift */ = {isa = PBXFileReference; lastKnownFileType = sourcecode.swift; path = MyAlbumsViewController.swift; sourceTree = "<group>"; };
		2AB0C4BD2B08B77E008BB7AE /* Base */ = {isa = PBXFileReference; lastKnownFileType = file.storyboard; name = Base; path = Base.lproj/Main.storyboard; sourceTree = "<group>"; };
		2AB0C4BF2B08B77F008BB7AE /* Assets.xcassets */ = {isa = PBXFileReference; lastKnownFileType = folder.assetcatalog; path = Assets.xcassets; sourceTree = "<group>"; };
		2AB0C4C42B08B77F008BB7AE /* Info.plist */ = {isa = PBXFileReference; lastKnownFileType = text.plist.xml; path = Info.plist; sourceTree = "<group>"; };
		2ABE24442B3B321700F7C00D /* HapticManager.swift */ = {isa = PBXFileReference; lastKnownFileType = sourcecode.swift; path = HapticManager.swift; sourceTree = "<group>"; };
		2AD5F2CC2B0FADCE00475AC6 /* SettingsTableViewCell.swift */ = {isa = PBXFileReference; lastKnownFileType = sourcecode.swift; path = SettingsTableViewCell.swift; sourceTree = "<group>"; };
		2AD5F2CD2B0FADCE00475AC6 /* SettingsTableViewCell.xib */ = {isa = PBXFileReference; lastKnownFileType = file.xib; path = SettingsTableViewCell.xib; sourceTree = "<group>"; };
/* End PBXFileReference section */

/* Begin PBXFrameworksBuildPhase section */
		2A89E6A42B0A32C6009056DD /* Frameworks */ = {
			isa = PBXFrameworksBuildPhase;
			buildActionMask = 2147483647;
			files = (
				2A69426D2B153E890070B194 /* FirebaseRemoteConfig in Frameworks */,
				2A4D48F12B0A652200E776C7 /* RxSwift in Frameworks */,
				2A4D48EF2B0A652200E776C7 /* RxCocoa in Frameworks */,
				2A69426B2B153E890070B194 /* FirebaseMessaging in Frameworks */,
				2A6942692B153E890070B194 /* FirebaseInAppMessaging-Beta in Frameworks */,
				2A0D40C32B39683400506124 /* SnapKit-Dynamic in Frameworks */,
				2A69426F2B153E890070B194 /* FirebaseStorage in Frameworks */,
				2A6942612B153E890070B194 /* FirebaseCrashlytics in Frameworks */,
				2A6942672B153E890070B194 /* FirebaseFunctions in Frameworks */,
				2A69425D2B153E890070B194 /* FirebaseAnalytics in Frameworks */,
				2A69425F2B153E890070B194 /* FirebaseAuth in Frameworks */,
				2AF5899D2B2F042E0027D928 /* SwiftDate in Frameworks */,
				2A6942632B153E890070B194 /* FirebaseDynamicLinks in Frameworks */,
				2A6942652B153E890070B194 /* FirebaseFirestore in Frameworks */,
			);
			runOnlyForDeploymentPostprocessing = 0;
		};
		2AB0C4B02B08B77E008BB7AE /* Frameworks */ = {
			isa = PBXFrameworksBuildPhase;
			buildActionMask = 2147483647;
			files = (
				2A6942552B153CF60070B194 /* FirebaseMessaging in Frameworks */,
				2AB0C51D2B08E354008BB7AE /* RxCocoa in Frameworks */,
				2A6161082B2B50D20093C688 /* SwiftDate in Frameworks */,
				2AD328912B29C92B002DA60F /* RxGesture in Frameworks */,
				2A6942492B153CF60070B194 /* FirebaseAuth in Frameworks */,
				2A89E69E2B0941A9009056DD /* RxKeyboard in Frameworks */,
				2A69424D2B153CF60070B194 /* FirebaseDynamicLinks in Frameworks */,
				2A6942722B1762BF0070B194 /* GoogleSignIn in Frameworks */,
				2A69424B2B153CF60070B194 /* FirebaseCrashlytics in Frameworks */,
				2A69424F2B153CF60070B194 /* FirebaseFirestore in Frameworks */,
				2A6942532B153CF60070B194 /* FirebaseInAppMessaging-Beta in Frameworks */,
				2AB0C5252B08E354008BB7AE /* RxSwift in Frameworks */,
				2A9711242B347DEC00A989E8 /* Kingfisher in Frameworks */,
				2A6942512B153CF60070B194 /* FirebaseFunctions in Frameworks */,
				2A6942572B153CF60070B194 /* FirebaseRemoteConfig in Frameworks */,
				2A6942592B153CF60070B194 /* FirebaseStorage in Frameworks */,
				2A6942472B153CF60070B194 /* FirebaseAnalytics in Frameworks */,
				2A89E69A2B094147009056DD /* SnapKit-Dynamic in Frameworks */,
			);
			runOnlyForDeploymentPostprocessing = 0;
		};
/* End PBXFrameworksBuildPhase section */

/* Begin PBXGroup section */
		2A1BE96B2B08E96500703ED5 /* ViewControllers */ = {
			isa = PBXGroup;
			children = (
				2A6942772B17920A0070B194 /* SignInViewController.swift */,
				2A9863FC2B0913BE0041686E /* MainTabBarController.swift */,
				2AB0C4BA2B08B77E008BB7AE /* MyAlbumsViewController.swift */,
				2A9863FA2B09104C0041686E /* DetailViewController.swift */,
				2A89E6932B092D69009056DD /* UploadViewController.swift */,
				2A89E69F2B094EEF009056DD /* EditViewController.swift */,
				2A1960D62B0FAC92000935CF /* SettingViewController.swift */,
				2A3ADA752B2E0DD600D40535 /* AcountViewController.swift */,
				2A69423F2B1532D00070B194 /* WebViewController.swift */,
			);
			path = ViewControllers;
			sourceTree = "<group>";
		};
		2A1BE96C2B08E97C00703ED5 /* Views */ = {
			isa = PBXGroup;
			children = (
				2A3498522B0D694C00424868 /* LoadingIndicatorView.swift */,
				2A4007482B45B315006154A4 /* MyAlbumsVC */,
				2A4007492B45B337006154A4 /* DetailVC */,
				2A40074B2B45B377006154A4 /* UploadVC */,
				2A40074D2B45B3C7006154A4 /* SettingVC */,
			);
			path = Views;
			sourceTree = "<group>";
		};
		2A3ADA772B2E2B7600D40535 /* Managers */ = {
			isa = PBXGroup;
			children = (
				2A3ADA782B2E2B9C00D40535 /* LoginManager.swift */,
				2A282FDD2B31C34A0074C198 /* SceneManager.swift */,
				2A3F756D2B33482F00CE67D1 /* DataManager.swift */,
				2A0D40C92B3975B000506124 /* ConfigManager.swift */,
				2ABE24442B3B321700F7C00D /* HapticManager.swift */,
			);
			path = Managers;
			sourceTree = "<group>";
		};
		2A4007482B45B315006154A4 /* MyAlbumsVC */ = {
			isa = PBXGroup;
			children = (
				2A1BE96D2B08E9B300703ED5 /* MyAlbumsCollectionViewCell.swift */,
				2A3F756B2B33411400CE67D1 /* MyAlbumsCollectionViewCell.xib */,
			);
			path = MyAlbumsVC;
			sourceTree = "<group>";
		};
		2A4007492B45B337006154A4 /* DetailVC */ = {
			isa = PBXGroup;
			children = (
				2A0E086F2B39BD5400D76501 /* DetailTagsCollectionViewCell.swift */,
				2A0E08702B39BD5400D76501 /* DetailTagsCollectionViewCell.xib */,
				2A8ED08B2B46FDF60068B0B8 /* DetailInfoTableViewCell.swift */,
				2A8ED08C2B46FDF60068B0B8 /* DetailInfoTableViewCell.xib */,
				2A8ED08F2B46FE0E0068B0B8 /* DetailImagesTableViewCell.swift */,
				2A8ED0902B46FE0E0068B0B8 /* DetailImagesTableViewCell.xib */,
			);
			path = DetailVC;
			sourceTree = "<group>";
		};
		2A40074B2B45B377006154A4 /* UploadVC */ = {
			isa = PBXGroup;
			children = (
				2A4FF2C62B35F70200A6FEF1 /* TagsCollectionViewCell.swift */,
				2A4FF2C72B35F70200A6FEF1 /* TagsCollectionViewCell.xib */,
				2A2FA5942B0BBED900767310 /* SelectedImageCollectionViewCell.swift */,
				2A2FA5952B0BBED900767310 /* SelectedImageCollectionViewCell.xib */,
				2A2FA59A2B0BBEEE00767310 /* AddImageCollectionViewCell.swift */,
				2A2FA59B2B0BBEEE00767310 /* AddImageCollectionViewCell.xib */,
			);
			path = UploadVC;
			sourceTree = "<group>";
		};
		2A40074D2B45B3C7006154A4 /* SettingVC */ = {
			isa = PBXGroup;
			children = (
				2AD5F2CC2B0FADCE00475AC6 /* SettingsTableViewCell.swift */,
				2AD5F2CD2B0FADCE00475AC6 /* SettingsTableViewCell.xib */,
			);
			path = SettingVC;
			sourceTree = "<group>";
		};
		2A4D48ED2B0A652200E776C7 /* Frameworks */ = {
			isa = PBXGroup;
			children = (
			);
			name = Frameworks;
			sourceTree = "<group>";
		};
		2A4D48F82B0A77EF00E776C7 /* Models */ = {
			isa = PBXGroup;
			children = (
				2A4D48F92B0A781A00E776C7 /* AlbumModel.swift */,
				2A6160FE2B2B4E720093C688 /* UserModel.swift */,
			);
			path = Models;
			sourceTree = "<group>";
		};
		2A4FF2C22B35EAF700A6FEF1 /* ViewModels */ = {
			isa = PBXGroup;
			children = (
				2A4FF2C32B35EB2500A6FEF1 /* UploadViewModel.swift */,
			);
			path = ViewModels;
			sourceTree = "<group>";
		};
		2A6161022B2B50120093C688 /* Enums */ = {
			isa = PBXGroup;
			children = (
				2A6161032B2B502B0093C688 /* AuthProvider.swift */,
				2A3F75702B33567900CE67D1 /* UserField.swift */,
				2A9711252B35C3D400A989E8 /* AlbumField.swift */,
			);
			path = Enums;
			sourceTree = "<group>";
		};
		2A89E6952B0937DA009056DD /* Extensions */ = {
			isa = PBXGroup;
			children = (
				2A89E6962B0937F4009056DD /* UIViewController+Extension.swift */,
				2A6942792B17F49D0070B194 /* NSMutableAttributedString+Extension.swift */,
				2A282FDB2B318B550074C198 /* UIApplication+Extension.swift */,
				2A0E086C2B39A7C300D76501 /* UIImage+Extension.swift */,
			);
			path = Extensions;
			sourceTree = "<group>";
		};
		2A89E6A82B0A32C6009056DD /* PiCoShareExtension */ = {
			isa = PBXGroup;
			children = (
				2A89E6BA2B0A369B009056DD /* PiCoShareExtension.entitlements */,
				2A89E6A92B0A32C6009056DD /* ShareViewController.swift */,
				2A89E6AB2B0A32C6009056DD /* MainInterface.storyboard */,
				2A89E6AE2B0A32C6009056DD /* Info.plist */,
				2A6942752B1766A90070B194 /* GoogleService-Info.plist */,
				2A0D40C62B3970CD00506124 /* RemoteConfigDefaults.plist */,
			);
			path = PiCoShareExtension;
			sourceTree = "<group>";
		};
		2AB0C4AA2B08B77E008BB7AE = {
			isa = PBXGroup;
			children = (
				2AB0C4B52B08B77E008BB7AE /* PiCo */,
				2A89E6A82B0A32C6009056DD /* PiCoShareExtension */,
				2AB0C4B42B08B77E008BB7AE /* Products */,
				2A4D48ED2B0A652200E776C7 /* Frameworks */,
			);
			sourceTree = "<group>";
		};
		2AB0C4B42B08B77E008BB7AE /* Products */ = {
			isa = PBXGroup;
			children = (
				2AB0C4B32B08B77E008BB7AE /* PiCo.app */,
				2A89E6A72B0A32C6009056DD /* PiCoShareExtension.appex */,
			);
			name = Products;
			sourceTree = "<group>";
		};
		2AB0C4B52B08B77E008BB7AE /* PiCo */ = {
			isa = PBXGroup;
			children = (
				2A89E6B92B0A35DE009056DD /* PiCo.entitlements */,
				2AB0C4BC2B08B77E008BB7AE /* Main.storyboard */,
				2AB0C4B62B08B77E008BB7AE /* AppDelegate.swift */,
				2AB0C4B82B08B77E008BB7AE /* SceneDelegate.swift */,
				2A1BE96B2B08E96500703ED5 /* ViewControllers */,
				2A4FF2C22B35EAF700A6FEF1 /* ViewModels */,
				2A1BE96C2B08E97C00703ED5 /* Views */,
				2A4D48F82B0A77EF00E776C7 /* Models */,
				2A3ADA772B2E2B7600D40535 /* Managers */,
				2A6161022B2B50120093C688 /* Enums */,
				2A89E6952B0937DA009056DD /* Extensions */,
				2AB0C4BF2B08B77F008BB7AE /* Assets.xcassets */,
				2AB0C4C42B08B77F008BB7AE /* Info.plist */,
				2A6942732B17669A0070B194 /* GoogleService-Info.plist */,
				2A3ADA732B2DD49500D40535 /* LaunchScreen.storyboard */,
			);
			path = PiCo;
			sourceTree = "<group>";
		};
/* End PBXGroup section */

/* Begin PBXNativeTarget section */
		2A89E6A62B0A32C6009056DD /* PiCoShareExtension */ = {
			isa = PBXNativeTarget;
			buildConfigurationList = 2A89E6B22B0A32C6009056DD /* Build configuration list for PBXNativeTarget "PiCoShareExtension" */;
			buildPhases = (
				2A89E6A32B0A32C6009056DD /* Sources */,
				2A89E6A42B0A32C6009056DD /* Frameworks */,
				2A89E6A52B0A32C6009056DD /* Resources */,
				2A0D40C52B39683400506124 /* Embed Frameworks */,
			);
			buildRules = (
			);
			dependencies = (
			);
			name = PiCoShareExtension;
			packageProductDependencies = (
				2A4D48EE2B0A652200E776C7 /* RxCocoa */,
				2A4D48F02B0A652200E776C7 /* RxSwift */,
				2A69425C2B153E890070B194 /* FirebaseAnalytics */,
				2A69425E2B153E890070B194 /* FirebaseAuth */,
				2A6942602B153E890070B194 /* FirebaseCrashlytics */,
				2A6942622B153E890070B194 /* FirebaseDynamicLinks */,
				2A6942642B153E890070B194 /* FirebaseFirestore */,
				2A6942662B153E890070B194 /* FirebaseFunctions */,
				2A6942682B153E890070B194 /* FirebaseInAppMessaging-Beta */,
				2A69426A2B153E890070B194 /* FirebaseMessaging */,
				2A69426C2B153E890070B194 /* FirebaseRemoteConfig */,
				2A69426E2B153E890070B194 /* FirebaseStorage */,
				2AF5899C2B2F042E0027D928 /* SwiftDate */,
				2A0D40C22B39683400506124 /* SnapKit-Dynamic */,
			);
			productName = PiCoShareExtension;
			productReference = 2A89E6A72B0A32C6009056DD /* PiCoShareExtension.appex */;
			productType = "com.apple.product-type.app-extension";
		};
		2AB0C4B22B08B77E008BB7AE /* PiCo */ = {
			isa = PBXNativeTarget;
			buildConfigurationList = 2AB0C4C72B08B77F008BB7AE /* Build configuration list for PBXNativeTarget "PiCo" */;
			buildPhases = (
				2AB0C4AF2B08B77E008BB7AE /* Sources */,
				2AB0C4B02B08B77E008BB7AE /* Frameworks */,
				2AB0C4B12B08B77E008BB7AE /* Resources */,
				2AB0C4E82B08E215008BB7AE /* Embed Frameworks */,
				2A89E6B52B0A32C6009056DD /* Embed Foundation Extensions */,
			);
			buildRules = (
			);
			dependencies = (
				2A89E6B02B0A32C6009056DD /* PBXTargetDependency */,
			);
			name = PiCo;
			packageProductDependencies = (
				2AB0C51C2B08E354008BB7AE /* RxCocoa */,
				2AB0C5242B08E354008BB7AE /* RxSwift */,
				2A89E6992B094147009056DD /* SnapKit-Dynamic */,
				2A89E69D2B0941A9009056DD /* RxKeyboard */,
				2A6942462B153CF60070B194 /* FirebaseAnalytics */,
				2A6942482B153CF60070B194 /* FirebaseAuth */,
				2A69424A2B153CF60070B194 /* FirebaseCrashlytics */,
				2A69424C2B153CF60070B194 /* FirebaseDynamicLinks */,
				2A69424E2B153CF60070B194 /* FirebaseFirestore */,
				2A6942502B153CF60070B194 /* FirebaseFunctions */,
				2A6942522B153CF60070B194 /* FirebaseInAppMessaging-Beta */,
				2A6942542B153CF60070B194 /* FirebaseMessaging */,
				2A6942562B153CF60070B194 /* FirebaseRemoteConfig */,
				2A6942582B153CF60070B194 /* FirebaseStorage */,
				2A6942712B1762BF0070B194 /* GoogleSignIn */,
				2AD328902B29C92B002DA60F /* RxGesture */,
				2A6161072B2B50D20093C688 /* SwiftDate */,
				2A9711232B347DEC00A989E8 /* Kingfisher */,
			);
			productName = PiCo;
			productReference = 2AB0C4B32B08B77E008BB7AE /* PiCo.app */;
			productType = "com.apple.product-type.application";
		};
/* End PBXNativeTarget section */

/* Begin PBXProject section */
		2AB0C4AB2B08B77E008BB7AE /* Project object */ = {
			isa = PBXProject;
			attributes = {
				BuildIndependentTargetsInParallel = 1;
				LastSwiftUpdateCheck = 1500;
				LastUpgradeCheck = 1500;
				TargetAttributes = {
					2A89E6A62B0A32C6009056DD = {
						CreatedOnToolsVersion = 15.0.1;
					};
					2AB0C4B22B08B77E008BB7AE = {
						CreatedOnToolsVersion = 15.0.1;
					};
				};
			};
			buildConfigurationList = 2AB0C4AE2B08B77E008BB7AE /* Build configuration list for PBXProject "PiCo" */;
			compatibilityVersion = "Xcode 14.0";
			developmentRegion = ko;
			hasScannedForEncodings = 0;
			knownRegions = (
				en,
				Base,
				ko,
			);
			mainGroup = 2AB0C4AA2B08B77E008BB7AE;
			packageReferences = (
				2AB0C5172B08E354008BB7AE /* XCRemoteSwiftPackageReference "RxSwift" */,
				2A89E6982B094147009056DD /* XCRemoteSwiftPackageReference "SnapKit" */,
				2A89E69C2B0941A9009056DD /* XCRemoteSwiftPackageReference "RxKeyboard" */,
				2A6942452B153CF60070B194 /* XCRemoteSwiftPackageReference "firebase-ios-sdk" */,
				2A6942702B1762BF0070B194 /* XCRemoteSwiftPackageReference "GoogleSignIn-iOS" */,
				2AD3288F2B29C92B002DA60F /* XCRemoteSwiftPackageReference "RxGesture" */,
				2A6161062B2B50D20093C688 /* XCRemoteSwiftPackageReference "SwiftDate" */,
				2A9711222B347DEC00A989E8 /* XCRemoteSwiftPackageReference "Kingfisher" */,
			);
			productRefGroup = 2AB0C4B42B08B77E008BB7AE /* Products */;
			projectDirPath = "";
			projectRoot = "";
			targets = (
				2AB0C4B22B08B77E008BB7AE /* PiCo */,
				2A89E6A62B0A32C6009056DD /* PiCoShareExtension */,
			);
		};
/* End PBXProject section */

/* Begin PBXResourcesBuildPhase section */
		2A89E6A52B0A32C6009056DD /* Resources */ = {
			isa = PBXResourcesBuildPhase;
			buildActionMask = 2147483647;
			files = (
				2A0D40C82B3970CD00506124 /* RemoteConfigDefaults.plist in Resources */,
				2A89E6AD2B0A32C6009056DD /* MainInterface.storyboard in Resources */,
				2A0E08742B39BD5400D76501 /* DetailTagsCollectionViewCell.xib in Resources */,
				2A4FF2CB2B35F70200A6FEF1 /* TagsCollectionViewCell.xib in Resources */,
				2A6942762B1766A90070B194 /* GoogleService-Info.plist in Resources */,
				2A2FA5992B0BBED900767310 /* SelectedImageCollectionViewCell.xib in Resources */,
				2A3498582B0E570C00424868 /* Assets.xcassets in Resources */,
			);
			runOnlyForDeploymentPostprocessing = 0;
		};
		2AB0C4B12B08B77E008BB7AE /* Resources */ = {
			isa = PBXResourcesBuildPhase;
			buildActionMask = 2147483647;
			files = (
				2A3F756C2B33411400CE67D1 /* MyAlbumsCollectionViewCell.xib in Resources */,
				2A4FF2CA2B35F70200A6FEF1 /* TagsCollectionViewCell.xib in Resources */,
				2A8ED08E2B46FDF60068B0B8 /* DetailInfoTableViewCell.xib in Resources */,
				2AD5F2CF2B0FADCE00475AC6 /* SettingsTableViewCell.xib in Resources */,
				2A8ED0922B46FE0E0068B0B8 /* DetailImagesTableViewCell.xib in Resources */,
				2A3ADA742B2DD49500D40535 /* LaunchScreen.storyboard in Resources */,
				2A6942742B17669B0070B194 /* GoogleService-Info.plist in Resources */,
				2A0E08732B39BD5400D76501 /* DetailTagsCollectionViewCell.xib in Resources */,
				2A2FA59D2B0BBEEE00767310 /* AddImageCollectionViewCell.xib in Resources */,
				2A0D40C72B3970CD00506124 /* RemoteConfigDefaults.plist in Resources */,
				2A2FA5982B0BBED900767310 /* SelectedImageCollectionViewCell.xib in Resources */,
				2AB0C4C02B08B77F008BB7AE /* Assets.xcassets in Resources */,
				2AB0C4BE2B08B77E008BB7AE /* Main.storyboard in Resources */,
			);
			runOnlyForDeploymentPostprocessing = 0;
		};
/* End PBXResourcesBuildPhase section */

/* Begin PBXSourcesBuildPhase section */
		2A89E6A32B0A32C6009056DD /* Sources */ = {
			isa = PBXSourcesBuildPhase;
			buildActionMask = 2147483647;
			files = (
				2A40074C2B45B3AA006154A4 /* AddImageCollectionViewCell.swift in Sources */,
				2A4D48FB2B0A781A00E776C7 /* AlbumModel.swift in Sources */,
				2A3F756F2B33482F00CE67D1 /* DataManager.swift in Sources */,
				2A6161002B2B4E720093C688 /* UserModel.swift in Sources */,
				2ABE24462B3B321700F7C00D /* HapticManager.swift in Sources */,
				2A3F75722B33567900CE67D1 /* UserField.swift in Sources */,
				2A6161052B2B502B0093C688 /* AuthProvider.swift in Sources */,
				2A0D40CB2B3975B000506124 /* ConfigManager.swift in Sources */,
				2A2FA5972B0BBED900767310 /* SelectedImageCollectionViewCell.swift in Sources */,
				2A2FA58C2B0BB0DB00767310 /* UIViewController+Extension.swift in Sources */,
				2A3ADA7A2B2E2B9C00D40535 /* LoginManager.swift in Sources */,
				2A4FF2C52B35EB2500A6FEF1 /* UploadViewModel.swift in Sources */,
				2A4FF2C92B35F70200A6FEF1 /* TagsCollectionViewCell.swift in Sources */,
				2AC0BD012B35C5E7002B7418 /* AlbumField.swift in Sources */,
				2A0E086E2B39A7C300D76501 /* UIImage+Extension.swift in Sources */,
				2A3498542B0D694C00424868 /* LoadingIndicatorView.swift in Sources */,
				2A0E08722B39BD5400D76501 /* DetailTagsCollectionViewCell.swift in Sources */,
				2A89E6AA2B0A32C6009056DD /* ShareViewController.swift in Sources */,
			);
			runOnlyForDeploymentPostprocessing = 0;
		};
		2AB0C4AF2B08B77E008BB7AE /* Sources */ = {
			isa = PBXSourcesBuildPhase;
			buildActionMask = 2147483647;
			files = (
				2AB0C4BB2B08B77E008BB7AE /* MyAlbumsViewController.swift in Sources */,
				2A4FF2C82B35F70200A6FEF1 /* TagsCollectionViewCell.swift in Sources */,
				2A89E6942B092D69009056DD /* UploadViewController.swift in Sources */,
				2AB0C4B72B08B77E008BB7AE /* AppDelegate.swift in Sources */,
				2A0E086D2B39A7C300D76501 /* UIImage+Extension.swift in Sources */,
				2A9863FD2B0913BE0041686E /* MainTabBarController.swift in Sources */,
				2A89E6972B0937F4009056DD /* UIViewController+Extension.swift in Sources */,
				2A1960D72B0FAC92000935CF /* SettingViewController.swift in Sources */,
				2A6161042B2B502B0093C688 /* AuthProvider.swift in Sources */,
				2A69427A2B17F49D0070B194 /* NSMutableAttributedString+Extension.swift in Sources */,
				2A9863FB2B09104C0041686E /* DetailViewController.swift in Sources */,
				2A282FDC2B318B550074C198 /* UIApplication+Extension.swift in Sources */,
				2A3F756E2B33482F00CE67D1 /* DataManager.swift in Sources */,
				2A9711262B35C3D400A989E8 /* AlbumField.swift in Sources */,
				2A1BE96F2B08E9B300703ED5 /* MyAlbumsCollectionViewCell.swift in Sources */,
				2A2FA59C2B0BBEEE00767310 /* AddImageCollectionViewCell.swift in Sources */,
				2AD5F2CE2B0FADCE00475AC6 /* SettingsTableViewCell.swift in Sources */,
				2A3ADA792B2E2B9C00D40535 /* LoginManager.swift in Sources */,
				2AB0C4B92B08B77E008BB7AE /* SceneDelegate.swift in Sources */,
				2A3F75712B33567900CE67D1 /* UserField.swift in Sources */,
				2A6942402B1532D00070B194 /* WebViewController.swift in Sources */,
				2A4D48FA2B0A781A00E776C7 /* AlbumModel.swift in Sources */,
				2A8ED0912B46FE0E0068B0B8 /* DetailImagesTableViewCell.swift in Sources */,
				2A3ADA762B2E0DD600D40535 /* AcountViewController.swift in Sources */,
				2A6942782B17920A0070B194 /* SignInViewController.swift in Sources */,
				2A0D40CA2B3975B000506124 /* ConfigManager.swift in Sources */,
				2ABE24452B3B321700F7C00D /* HapticManager.swift in Sources */,
				2A3498532B0D694C00424868 /* LoadingIndicatorView.swift in Sources */,
				2A89E6A02B094EEF009056DD /* EditViewController.swift in Sources */,
				2A4FF2C42B35EB2500A6FEF1 /* UploadViewModel.swift in Sources */,
				2A282FDE2B31C34A0074C198 /* SceneManager.swift in Sources */,
				2A6160FF2B2B4E720093C688 /* UserModel.swift in Sources */,
				2A0E08712B39BD5400D76501 /* DetailTagsCollectionViewCell.swift in Sources */,
				2A8ED08D2B46FDF60068B0B8 /* DetailInfoTableViewCell.swift in Sources */,
				2A2FA5962B0BBED900767310 /* SelectedImageCollectionViewCell.swift in Sources */,
			);
			runOnlyForDeploymentPostprocessing = 0;
		};
/* End PBXSourcesBuildPhase section */

/* Begin PBXTargetDependency section */
		2A89E6B02B0A32C6009056DD /* PBXTargetDependency */ = {
			isa = PBXTargetDependency;
			target = 2A89E6A62B0A32C6009056DD /* PiCoShareExtension */;
			targetProxy = 2A89E6AF2B0A32C6009056DD /* PBXContainerItemProxy */;
		};
/* End PBXTargetDependency section */

/* Begin PBXVariantGroup section */
		2A89E6AB2B0A32C6009056DD /* MainInterface.storyboard */ = {
			isa = PBXVariantGroup;
			children = (
				2A89E6AC2B0A32C6009056DD /* Base */,
				2A89E6B82B0A338E009056DD /* ko */,
			);
			name = MainInterface.storyboard;
			sourceTree = "<group>";
		};
		2AB0C4BC2B08B77E008BB7AE /* Main.storyboard */ = {
			isa = PBXVariantGroup;
			children = (
				2AB0C4BD2B08B77E008BB7AE /* Base */,
				2A89E6B62B0A338E009056DD /* ko */,
			);
			name = Main.storyboard;
			sourceTree = "<group>";
		};
/* End PBXVariantGroup section */

/* Begin XCBuildConfiguration section */
		2A89E6B32B0A32C6009056DD /* Debug */ = {
			isa = XCBuildConfiguration;
			buildSettings = {
				CODE_SIGN_ENTITLEMENTS = PiCoShareExtension/PiCoShareExtension.entitlements;
				CODE_SIGN_STYLE = Automatic;
				CURRENT_PROJECT_VERSION = 1;
				DEVELOPMENT_TEAM = 39JATSZXJT;
				GENERATE_INFOPLIST_FILE = YES;
				INFOPLIST_FILE = PiCoShareExtension/Info.plist;
				INFOPLIST_KEY_CFBundleDisplayName = PiCoShareExtension;
				INFOPLIST_KEY_NSHumanReadableCopyright = "";
				IPHONEOS_DEPLOYMENT_TARGET = 15.0;
				LD_RUNPATH_SEARCH_PATHS = (
					"$(inherited)",
					"@executable_path/Frameworks",
					"@executable_path/../../Frameworks",
				);
				MARKETING_VERSION = 1.0;
				PRODUCT_BUNDLE_IDENTIFIER = com.Deok.PiCo.PiCoShareExtension;
				PRODUCT_NAME = "$(TARGET_NAME)";
				SKIP_INSTALL = YES;
				SWIFT_EMIT_LOC_STRINGS = YES;
				SWIFT_VERSION = 5.0;
				TARGETED_DEVICE_FAMILY = "1,2";
			};
			name = Debug;
		};
		2A89E6B42B0A32C6009056DD /* Release */ = {
			isa = XCBuildConfiguration;
			buildSettings = {
				CODE_SIGN_ENTITLEMENTS = PiCoShareExtension/PiCoShareExtension.entitlements;
				CODE_SIGN_STYLE = Automatic;
				CURRENT_PROJECT_VERSION = 1;
				DEVELOPMENT_TEAM = 39JATSZXJT;
				GENERATE_INFOPLIST_FILE = YES;
				INFOPLIST_FILE = PiCoShareExtension/Info.plist;
				INFOPLIST_KEY_CFBundleDisplayName = PiCoShareExtension;
				INFOPLIST_KEY_NSHumanReadableCopyright = "";
				IPHONEOS_DEPLOYMENT_TARGET = 15.0;
				LD_RUNPATH_SEARCH_PATHS = (
					"$(inherited)",
					"@executable_path/Frameworks",
					"@executable_path/../../Frameworks",
				);
				MARKETING_VERSION = 1.0;
				PRODUCT_BUNDLE_IDENTIFIER = com.Deok.PiCo.PiCoShareExtension;
				PRODUCT_NAME = "$(TARGET_NAME)";
				SKIP_INSTALL = YES;
				SWIFT_EMIT_LOC_STRINGS = YES;
				SWIFT_VERSION = 5.0;
				TARGETED_DEVICE_FAMILY = "1,2";
			};
			name = Release;
		};
		2AB0C4C52B08B77F008BB7AE /* Debug */ = {
			isa = XCBuildConfiguration;
			buildSettings = {
				ALWAYS_SEARCH_USER_PATHS = NO;
				ASSETCATALOG_COMPILER_GENERATE_SWIFT_ASSET_SYMBOL_EXTENSIONS = YES;
				CLANG_ANALYZER_LOCALIZABILITY_NONLOCALIZED = YES;
				CLANG_ANALYZER_NONNULL = YES;
				CLANG_ANALYZER_NUMBER_OBJECT_CONVERSION = YES_AGGRESSIVE;
				CLANG_CXX_LANGUAGE_STANDARD = "gnu++20";
				CLANG_ENABLE_MODULES = YES;
				CLANG_ENABLE_OBJC_ARC = YES;
				CLANG_ENABLE_OBJC_WEAK = YES;
				CLANG_WARN_BLOCK_CAPTURE_AUTORELEASING = YES;
				CLANG_WARN_BOOL_CONVERSION = YES;
				CLANG_WARN_COMMA = YES;
				CLANG_WARN_CONSTANT_CONVERSION = YES;
				CLANG_WARN_DEPRECATED_OBJC_IMPLEMENTATIONS = YES;
				CLANG_WARN_DIRECT_OBJC_ISA_USAGE = YES_ERROR;
				CLANG_WARN_DOCUMENTATION_COMMENTS = YES;
				CLANG_WARN_EMPTY_BODY = YES;
				CLANG_WARN_ENUM_CONVERSION = YES;
				CLANG_WARN_INFINITE_RECURSION = YES;
				CLANG_WARN_INT_CONVERSION = YES;
				CLANG_WARN_NON_LITERAL_NULL_CONVERSION = YES;
				CLANG_WARN_OBJC_IMPLICIT_RETAIN_SELF = YES;
				CLANG_WARN_OBJC_LITERAL_CONVERSION = YES;
				CLANG_WARN_OBJC_ROOT_CLASS = YES_ERROR;
				CLANG_WARN_QUOTED_INCLUDE_IN_FRAMEWORK_HEADER = YES;
				CLANG_WARN_RANGE_LOOP_ANALYSIS = YES;
				CLANG_WARN_STRICT_PROTOTYPES = YES;
				CLANG_WARN_SUSPICIOUS_MOVE = YES;
				CLANG_WARN_UNGUARDED_AVAILABILITY = YES_AGGRESSIVE;
				CLANG_WARN_UNREACHABLE_CODE = YES;
				CLANG_WARN__DUPLICATE_METHOD_MATCH = YES;
				COPY_PHASE_STRIP = NO;
				DEBUG_INFORMATION_FORMAT = dwarf;
				ENABLE_STRICT_OBJC_MSGSEND = YES;
				ENABLE_TESTABILITY = YES;
				ENABLE_USER_SCRIPT_SANDBOXING = YES;
				GCC_C_LANGUAGE_STANDARD = gnu17;
				GCC_DYNAMIC_NO_PIC = NO;
				GCC_NO_COMMON_BLOCKS = YES;
				GCC_OPTIMIZATION_LEVEL = 0;
				GCC_PREPROCESSOR_DEFINITIONS = (
					"DEBUG=1",
					"$(inherited)",
				);
				GCC_WARN_64_TO_32_BIT_CONVERSION = YES;
				GCC_WARN_ABOUT_RETURN_TYPE = YES_ERROR;
				GCC_WARN_UNDECLARED_SELECTOR = YES;
				GCC_WARN_UNINITIALIZED_AUTOS = YES_AGGRESSIVE;
				GCC_WARN_UNUSED_FUNCTION = YES;
				GCC_WARN_UNUSED_VARIABLE = YES;
				IPHONEOS_DEPLOYMENT_TARGET = 17.0;
				LOCALIZATION_PREFERS_STRING_CATALOGS = YES;
				MTL_ENABLE_DEBUG_INFO = INCLUDE_SOURCE;
				MTL_FAST_MATH = YES;
				ONLY_ACTIVE_ARCH = YES;
				SDKROOT = iphoneos;
				SWIFT_ACTIVE_COMPILATION_CONDITIONS = "DEBUG $(inherited)";
				SWIFT_OPTIMIZATION_LEVEL = "-Onone";
			};
			name = Debug;
		};
		2AB0C4C62B08B77F008BB7AE /* Release */ = {
			isa = XCBuildConfiguration;
			buildSettings = {
				ALWAYS_SEARCH_USER_PATHS = NO;
				ASSETCATALOG_COMPILER_GENERATE_SWIFT_ASSET_SYMBOL_EXTENSIONS = YES;
				CLANG_ANALYZER_LOCALIZABILITY_NONLOCALIZED = YES;
				CLANG_ANALYZER_NONNULL = YES;
				CLANG_ANALYZER_NUMBER_OBJECT_CONVERSION = YES_AGGRESSIVE;
				CLANG_CXX_LANGUAGE_STANDARD = "gnu++20";
				CLANG_ENABLE_MODULES = YES;
				CLANG_ENABLE_OBJC_ARC = YES;
				CLANG_ENABLE_OBJC_WEAK = YES;
				CLANG_WARN_BLOCK_CAPTURE_AUTORELEASING = YES;
				CLANG_WARN_BOOL_CONVERSION = YES;
				CLANG_WARN_COMMA = YES;
				CLANG_WARN_CONSTANT_CONVERSION = YES;
				CLANG_WARN_DEPRECATED_OBJC_IMPLEMENTATIONS = YES;
				CLANG_WARN_DIRECT_OBJC_ISA_USAGE = YES_ERROR;
				CLANG_WARN_DOCUMENTATION_COMMENTS = YES;
				CLANG_WARN_EMPTY_BODY = YES;
				CLANG_WARN_ENUM_CONVERSION = YES;
				CLANG_WARN_INFINITE_RECURSION = YES;
				CLANG_WARN_INT_CONVERSION = YES;
				CLANG_WARN_NON_LITERAL_NULL_CONVERSION = YES;
				CLANG_WARN_OBJC_IMPLICIT_RETAIN_SELF = YES;
				CLANG_WARN_OBJC_LITERAL_CONVERSION = YES;
				CLANG_WARN_OBJC_ROOT_CLASS = YES_ERROR;
				CLANG_WARN_QUOTED_INCLUDE_IN_FRAMEWORK_HEADER = YES;
				CLANG_WARN_RANGE_LOOP_ANALYSIS = YES;
				CLANG_WARN_STRICT_PROTOTYPES = YES;
				CLANG_WARN_SUSPICIOUS_MOVE = YES;
				CLANG_WARN_UNGUARDED_AVAILABILITY = YES_AGGRESSIVE;
				CLANG_WARN_UNREACHABLE_CODE = YES;
				CLANG_WARN__DUPLICATE_METHOD_MATCH = YES;
				COPY_PHASE_STRIP = NO;
				DEBUG_INFORMATION_FORMAT = "dwarf-with-dsym";
				ENABLE_NS_ASSERTIONS = NO;
				ENABLE_STRICT_OBJC_MSGSEND = YES;
				ENABLE_USER_SCRIPT_SANDBOXING = YES;
				GCC_C_LANGUAGE_STANDARD = gnu17;
				GCC_NO_COMMON_BLOCKS = YES;
				GCC_WARN_64_TO_32_BIT_CONVERSION = YES;
				GCC_WARN_ABOUT_RETURN_TYPE = YES_ERROR;
				GCC_WARN_UNDECLARED_SELECTOR = YES;
				GCC_WARN_UNINITIALIZED_AUTOS = YES_AGGRESSIVE;
				GCC_WARN_UNUSED_FUNCTION = YES;
				GCC_WARN_UNUSED_VARIABLE = YES;
				IPHONEOS_DEPLOYMENT_TARGET = 17.0;
				LOCALIZATION_PREFERS_STRING_CATALOGS = YES;
				MTL_ENABLE_DEBUG_INFO = NO;
				MTL_FAST_MATH = YES;
				SDKROOT = iphoneos;
				SWIFT_COMPILATION_MODE = wholemodule;
				VALIDATE_PRODUCT = YES;
			};
			name = Release;
		};
		2AB0C4C82B08B77F008BB7AE /* Debug */ = {
			isa = XCBuildConfiguration;
			buildSettings = {
				ALWAYS_EMBED_SWIFT_STANDARD_LIBRARIES = YES;
				ASSETCATALOG_COMPILER_APPICON_NAME = AppIcon;
				ASSETCATALOG_COMPILER_GLOBAL_ACCENT_COLOR_NAME = AccentColor;
				CODE_SIGN_ENTITLEMENTS = PiCo/PiCo.entitlements;
				CODE_SIGN_IDENTITY = "Apple Development";
				CODE_SIGN_STYLE = Automatic;
				CURRENT_PROJECT_VERSION = 1;
				DEVELOPMENT_TEAM = 39JATSZXJT;
				GENERATE_INFOPLIST_FILE = YES;
				INFOPLIST_FILE = PiCo/Info.plist;
				INFOPLIST_KEY_UIApplicationSupportsIndirectInputEvents = YES;
				INFOPLIST_KEY_UILaunchStoryboardName = LaunchScreen;
				INFOPLIST_KEY_UIMainStoryboardFile = Main;
				INFOPLIST_KEY_UIStatusBarStyle = UIStatusBarStyleDarkContent;
				INFOPLIST_KEY_UISupportedInterfaceOrientations = UIInterfaceOrientationPortrait;
				INFOPLIST_KEY_UISupportedInterfaceOrientations_iPad = "UIInterfaceOrientationPortrait UIInterfaceOrientationPortraitUpsideDown";
				INFOPLIST_KEY_UIUserInterfaceStyle = Dark;
				IPHONEOS_DEPLOYMENT_TARGET = 15.0;
				LD_RUNPATH_SEARCH_PATHS = (
					"$(inherited)",
					"@executable_path/Frameworks",
				);
				MARKETING_VERSION = 1.0;
				PRODUCT_BUNDLE_IDENTIFIER = com.Deok.PiCo;
				PRODUCT_NAME = "$(TARGET_NAME)";
				PROVISIONING_PROFILE_SPECIFIER = "";
				SUPPORTED_PLATFORMS = "iphoneos iphonesimulator";
				SUPPORTS_MACCATALYST = NO;
				SUPPORTS_MAC_DESIGNED_FOR_IPHONE_IPAD = NO;
				SWIFT_EMIT_LOC_STRINGS = YES;
				SWIFT_VERSION = 5.0;
				TARGETED_DEVICE_FAMILY = "1,2";
			};
			name = Debug;
		};
		2AB0C4C92B08B77F008BB7AE /* Release */ = {
			isa = XCBuildConfiguration;
			buildSettings = {
				ALWAYS_EMBED_SWIFT_STANDARD_LIBRARIES = YES;
				ASSETCATALOG_COMPILER_APPICON_NAME = AppIcon;
				ASSETCATALOG_COMPILER_GLOBAL_ACCENT_COLOR_NAME = AccentColor;
				CODE_SIGN_ENTITLEMENTS = PiCo/PiCo.entitlements;
				CODE_SIGN_IDENTITY = "Apple Development";
				CODE_SIGN_STYLE = Automatic;
				CURRENT_PROJECT_VERSION = 1;
				DEVELOPMENT_TEAM = 39JATSZXJT;
				GENERATE_INFOPLIST_FILE = YES;
				INFOPLIST_FILE = PiCo/Info.plist;
				INFOPLIST_KEY_UIApplicationSupportsIndirectInputEvents = YES;
				INFOPLIST_KEY_UILaunchStoryboardName = LaunchScreen;
				INFOPLIST_KEY_UIMainStoryboardFile = Main;
				INFOPLIST_KEY_UIStatusBarStyle = UIStatusBarStyleDarkContent;
				INFOPLIST_KEY_UISupportedInterfaceOrientations = UIInterfaceOrientationPortrait;
				INFOPLIST_KEY_UISupportedInterfaceOrientations_iPad = "UIInterfaceOrientationPortrait UIInterfaceOrientationPortraitUpsideDown";
				INFOPLIST_KEY_UIUserInterfaceStyle = Dark;
				IPHONEOS_DEPLOYMENT_TARGET = 15.0;
				LD_RUNPATH_SEARCH_PATHS = (
					"$(inherited)",
					"@executable_path/Frameworks",
				);
				MARKETING_VERSION = 1.0;
				PRODUCT_BUNDLE_IDENTIFIER = com.Deok.PiCo;
				PRODUCT_NAME = "$(TARGET_NAME)";
				PROVISIONING_PROFILE_SPECIFIER = "";
				SUPPORTED_PLATFORMS = "iphoneos iphonesimulator";
				SUPPORTS_MACCATALYST = NO;
				SUPPORTS_MAC_DESIGNED_FOR_IPHONE_IPAD = NO;
				SWIFT_EMIT_LOC_STRINGS = YES;
				SWIFT_VERSION = 5.0;
				TARGETED_DEVICE_FAMILY = "1,2";
			};
			name = Release;
		};
/* End XCBuildConfiguration section */

/* Begin XCConfigurationList section */
		2A89E6B22B0A32C6009056DD /* Build configuration list for PBXNativeTarget "PiCoShareExtension" */ = {
			isa = XCConfigurationList;
			buildConfigurations = (
				2A89E6B32B0A32C6009056DD /* Debug */,
				2A89E6B42B0A32C6009056DD /* Release */,
			);
			defaultConfigurationIsVisible = 0;
			defaultConfigurationName = Release;
		};
		2AB0C4AE2B08B77E008BB7AE /* Build configuration list for PBXProject "PiCo" */ = {
			isa = XCConfigurationList;
			buildConfigurations = (
				2AB0C4C52B08B77F008BB7AE /* Debug */,
				2AB0C4C62B08B77F008BB7AE /* Release */,
			);
			defaultConfigurationIsVisible = 0;
			defaultConfigurationName = Release;
		};
		2AB0C4C72B08B77F008BB7AE /* Build configuration list for PBXNativeTarget "PiCo" */ = {
			isa = XCConfigurationList;
			buildConfigurations = (
				2AB0C4C82B08B77F008BB7AE /* Debug */,
				2AB0C4C92B08B77F008BB7AE /* Release */,
			);
			defaultConfigurationIsVisible = 0;
			defaultConfigurationName = Release;
		};
/* End XCConfigurationList section */

/* Begin XCRemoteSwiftPackageReference section */
		2A6161062B2B50D20093C688 /* XCRemoteSwiftPackageReference "SwiftDate" */ = {
			isa = XCRemoteSwiftPackageReference;
			repositoryURL = "https://github.com/malcommac/SwiftDate.git";
			requirement = {
				kind = upToNextMajorVersion;
				minimumVersion = 7.0.0;
			};
		};
		2A6942452B153CF60070B194 /* XCRemoteSwiftPackageReference "firebase-ios-sdk" */ = {
			isa = XCRemoteSwiftPackageReference;
			repositoryURL = "https://github.com/firebase/firebase-ios-sdk";
			requirement = {
				kind = upToNextMajorVersion;
				minimumVersion = 10.18.0;
			};
		};
		2A6942702B1762BF0070B194 /* XCRemoteSwiftPackageReference "GoogleSignIn-iOS" */ = {
			isa = XCRemoteSwiftPackageReference;
			repositoryURL = "https://github.com/google/GoogleSignIn-iOS";
			requirement = {
				kind = upToNextMajorVersion;
				minimumVersion = 7.0.0;
			};
		};
		2A89E6982B094147009056DD /* XCRemoteSwiftPackageReference "SnapKit" */ = {
			isa = XCRemoteSwiftPackageReference;
			repositoryURL = "https://github.com/SnapKit/SnapKit.git";
			requirement = {
				kind = exactVersion;
				version = 5.6.0;
			};
		};
		2A89E69C2B0941A9009056DD /* XCRemoteSwiftPackageReference "RxKeyboard" */ = {
			isa = XCRemoteSwiftPackageReference;
			repositoryURL = "https://github.com/RxSwiftCommunity/RxKeyboard";
			requirement = {
				kind = upToNextMajorVersion;
				minimumVersion = 2.0.1;
			};
		};
		2A9711222B347DEC00A989E8 /* XCRemoteSwiftPackageReference "Kingfisher" */ = {
			isa = XCRemoteSwiftPackageReference;
			repositoryURL = "https://github.com/onevcat/Kingfisher.git";
			requirement = {
				kind = upToNextMajorVersion;
				minimumVersion = 7.10.1;
			};
		};
		2AB0C5172B08E354008BB7AE /* XCRemoteSwiftPackageReference "RxSwift" */ = {
			isa = XCRemoteSwiftPackageReference;
			repositoryURL = "https://github.com/ReactiveX/RxSwift.git";
			requirement = {
				kind = upToNextMajorVersion;
				minimumVersion = 6.6.0;
			};
		};
		2AD3288F2B29C92B002DA60F /* XCRemoteSwiftPackageReference "RxGesture" */ = {
			isa = XCRemoteSwiftPackageReference;
			repositoryURL = "https://github.com/RxSwiftCommunity/RxGesture.git";
			requirement = {
				kind = upToNextMajorVersion;
				minimumVersion = 4.0.4;
			};
		};
/* End XCRemoteSwiftPackageReference section */

/* Begin XCSwiftPackageProductDependency section */
		2A0D40C22B39683400506124 /* SnapKit-Dynamic */ = {
			isa = XCSwiftPackageProductDependency;
			package = 2A89E6982B094147009056DD /* XCRemoteSwiftPackageReference "SnapKit" */;
			productName = "SnapKit-Dynamic";
		};
		2A4D48EE2B0A652200E776C7 /* RxCocoa */ = {
			isa = XCSwiftPackageProductDependency;
			package = 2AB0C5172B08E354008BB7AE /* XCRemoteSwiftPackageReference "RxSwift" */;
			productName = RxCocoa;
		};
		2A4D48F02B0A652200E776C7 /* RxSwift */ = {
			isa = XCSwiftPackageProductDependency;
			package = 2AB0C5172B08E354008BB7AE /* XCRemoteSwiftPackageReference "RxSwift" */;
			productName = RxSwift;
		};
		2A6161072B2B50D20093C688 /* SwiftDate */ = {
			isa = XCSwiftPackageProductDependency;
			package = 2A6161062B2B50D20093C688 /* XCRemoteSwiftPackageReference "SwiftDate" */;
			productName = SwiftDate;
		};
		2A6942462B153CF60070B194 /* FirebaseAnalytics */ = {
			isa = XCSwiftPackageProductDependency;
			package = 2A6942452B153CF60070B194 /* XCRemoteSwiftPackageReference "firebase-ios-sdk" */;
			productName = FirebaseAnalytics;
		};
		2A6942482B153CF60070B194 /* FirebaseAuth */ = {
			isa = XCSwiftPackageProductDependency;
			package = 2A6942452B153CF60070B194 /* XCRemoteSwiftPackageReference "firebase-ios-sdk" */;
			productName = FirebaseAuth;
		};
		2A69424A2B153CF60070B194 /* FirebaseCrashlytics */ = {
			isa = XCSwiftPackageProductDependency;
			package = 2A6942452B153CF60070B194 /* XCRemoteSwiftPackageReference "firebase-ios-sdk" */;
			productName = FirebaseCrashlytics;
		};
		2A69424C2B153CF60070B194 /* FirebaseDynamicLinks */ = {
			isa = XCSwiftPackageProductDependency;
			package = 2A6942452B153CF60070B194 /* XCRemoteSwiftPackageReference "firebase-ios-sdk" */;
			productName = FirebaseDynamicLinks;
		};
		2A69424E2B153CF60070B194 /* FirebaseFirestore */ = {
			isa = XCSwiftPackageProductDependency;
			package = 2A6942452B153CF60070B194 /* XCRemoteSwiftPackageReference "firebase-ios-sdk" */;
			productName = FirebaseFirestore;
		};
		2A6942502B153CF60070B194 /* FirebaseFunctions */ = {
			isa = XCSwiftPackageProductDependency;
			package = 2A6942452B153CF60070B194 /* XCRemoteSwiftPackageReference "firebase-ios-sdk" */;
			productName = FirebaseFunctions;
		};
		2A6942522B153CF60070B194 /* FirebaseInAppMessaging-Beta */ = {
			isa = XCSwiftPackageProductDependency;
			package = 2A6942452B153CF60070B194 /* XCRemoteSwiftPackageReference "firebase-ios-sdk" */;
			productName = "FirebaseInAppMessaging-Beta";
		};
		2A6942542B153CF60070B194 /* FirebaseMessaging */ = {
			isa = XCSwiftPackageProductDependency;
			package = 2A6942452B153CF60070B194 /* XCRemoteSwiftPackageReference "firebase-ios-sdk" */;
			productName = FirebaseMessaging;
		};
		2A6942562B153CF60070B194 /* FirebaseRemoteConfig */ = {
			isa = XCSwiftPackageProductDependency;
			package = 2A6942452B153CF60070B194 /* XCRemoteSwiftPackageReference "firebase-ios-sdk" */;
			productName = FirebaseRemoteConfig;
		};
		2A6942582B153CF60070B194 /* FirebaseStorage */ = {
			isa = XCSwiftPackageProductDependency;
			package = 2A6942452B153CF60070B194 /* XCRemoteSwiftPackageReference "firebase-ios-sdk" */;
			productName = FirebaseStorage;
		};
		2A69425C2B153E890070B194 /* FirebaseAnalytics */ = {
			isa = XCSwiftPackageProductDependency;
			package = 2A6942452B153CF60070B194 /* XCRemoteSwiftPackageReference "firebase-ios-sdk" */;
			productName = FirebaseAnalytics;
		};
		2A69425E2B153E890070B194 /* FirebaseAuth */ = {
			isa = XCSwiftPackageProductDependency;
			package = 2A6942452B153CF60070B194 /* XCRemoteSwiftPackageReference "firebase-ios-sdk" */;
			productName = FirebaseAuth;
		};
		2A6942602B153E890070B194 /* FirebaseCrashlytics */ = {
			isa = XCSwiftPackageProductDependency;
			package = 2A6942452B153CF60070B194 /* XCRemoteSwiftPackageReference "firebase-ios-sdk" */;
			productName = FirebaseCrashlytics;
		};
		2A6942622B153E890070B194 /* FirebaseDynamicLinks */ = {
			isa = XCSwiftPackageProductDependency;
			package = 2A6942452B153CF60070B194 /* XCRemoteSwiftPackageReference "firebase-ios-sdk" */;
			productName = FirebaseDynamicLinks;
		};
		2A6942642B153E890070B194 /* FirebaseFirestore */ = {
			isa = XCSwiftPackageProductDependency;
			package = 2A6942452B153CF60070B194 /* XCRemoteSwiftPackageReference "firebase-ios-sdk" */;
			productName = FirebaseFirestore;
		};
		2A6942662B153E890070B194 /* FirebaseFunctions */ = {
			isa = XCSwiftPackageProductDependency;
			package = 2A6942452B153CF60070B194 /* XCRemoteSwiftPackageReference "firebase-ios-sdk" */;
			productName = FirebaseFunctions;
		};
		2A6942682B153E890070B194 /* FirebaseInAppMessaging-Beta */ = {
			isa = XCSwiftPackageProductDependency;
			package = 2A6942452B153CF60070B194 /* XCRemoteSwiftPackageReference "firebase-ios-sdk" */;
			productName = "FirebaseInAppMessaging-Beta";
		};
		2A69426A2B153E890070B194 /* FirebaseMessaging */ = {
			isa = XCSwiftPackageProductDependency;
			package = 2A6942452B153CF60070B194 /* XCRemoteSwiftPackageReference "firebase-ios-sdk" */;
			productName = FirebaseMessaging;
		};
		2A69426C2B153E890070B194 /* FirebaseRemoteConfig */ = {
			isa = XCSwiftPackageProductDependency;
			package = 2A6942452B153CF60070B194 /* XCRemoteSwiftPackageReference "firebase-ios-sdk" */;
			productName = FirebaseRemoteConfig;
		};
		2A69426E2B153E890070B194 /* FirebaseStorage */ = {
			isa = XCSwiftPackageProductDependency;
			package = 2A6942452B153CF60070B194 /* XCRemoteSwiftPackageReference "firebase-ios-sdk" */;
			productName = FirebaseStorage;
		};
		2A6942712B1762BF0070B194 /* GoogleSignIn */ = {
			isa = XCSwiftPackageProductDependency;
			package = 2A6942702B1762BF0070B194 /* XCRemoteSwiftPackageReference "GoogleSignIn-iOS" */;
			productName = GoogleSignIn;
		};
		2A89E6992B094147009056DD /* SnapKit-Dynamic */ = {
			isa = XCSwiftPackageProductDependency;
			package = 2A89E6982B094147009056DD /* XCRemoteSwiftPackageReference "SnapKit" */;
			productName = "SnapKit-Dynamic";
		};
		2A89E69D2B0941A9009056DD /* RxKeyboard */ = {
			isa = XCSwiftPackageProductDependency;
			package = 2A89E69C2B0941A9009056DD /* XCRemoteSwiftPackageReference "RxKeyboard" */;
			productName = RxKeyboard;
		};
		2A9711232B347DEC00A989E8 /* Kingfisher */ = {
			isa = XCSwiftPackageProductDependency;
			package = 2A9711222B347DEC00A989E8 /* XCRemoteSwiftPackageReference "Kingfisher" */;
			productName = Kingfisher;
		};
		2AB0C51C2B08E354008BB7AE /* RxCocoa */ = {
			isa = XCSwiftPackageProductDependency;
			package = 2AB0C5172B08E354008BB7AE /* XCRemoteSwiftPackageReference "RxSwift" */;
			productName = RxCocoa;
		};
		2AB0C5242B08E354008BB7AE /* RxSwift */ = {
			isa = XCSwiftPackageProductDependency;
			package = 2AB0C5172B08E354008BB7AE /* XCRemoteSwiftPackageReference "RxSwift" */;
			productName = RxSwift;
		};
		2AD328902B29C92B002DA60F /* RxGesture */ = {
			isa = XCSwiftPackageProductDependency;
			package = 2AD3288F2B29C92B002DA60F /* XCRemoteSwiftPackageReference "RxGesture" */;
			productName = RxGesture;
		};
		2AF5899C2B2F042E0027D928 /* SwiftDate */ = {
			isa = XCSwiftPackageProductDependency;
			package = 2A6161062B2B50D20093C688 /* XCRemoteSwiftPackageReference "SwiftDate" */;
			productName = SwiftDate;
		};
/* End XCSwiftPackageProductDependency section */
	};
	rootObject = 2AB0C4AB2B08B77E008BB7AE /* Project object */;
}
