// !$*UTF8*$!
{
	archiveVersion = 1;
	classes = {
	};
	objectVersion = 56;
	objects = {

/* Begin PBXBuildFile section */
		2A1BE96F2B08E9B300703ED5 /* MyPhotosCollectionViewCell.swift in Sources */ = {isa = PBXBuildFile; fileRef = 2A1BE96D2B08E9B300703ED5 /* MyPhotosCollectionViewCell.swift */; };
		2A1BE9702B08E9B300703ED5 /* MyPhotosCollectionViewCell.xib in Resources */ = {isa = PBXBuildFile; fileRef = 2A1BE96E2B08E9B300703ED5 /* MyPhotosCollectionViewCell.xib */; };
		2A89E6942B092D69009056DD /* UploadViewController.swift in Sources */ = {isa = PBXBuildFile; fileRef = 2A89E6932B092D69009056DD /* UploadViewController.swift */; };
		2A89E6972B0937F4009056DD /* UIViewController+Extensions.swift in Sources */ = {isa = PBXBuildFile; fileRef = 2A89E6962B0937F4009056DD /* UIViewController+Extensions.swift */; };
		2A89E69A2B094147009056DD /* SnapKit-Dynamic in Frameworks */ = {isa = PBXBuildFile; productRef = 2A89E6992B094147009056DD /* SnapKit-Dynamic */; };
		2A89E69B2B09414D009056DD /* SnapKit-Dynamic in Embed Frameworks */ = {isa = PBXBuildFile; productRef = 2A89E6992B094147009056DD /* SnapKit-Dynamic */; settings = {ATTRIBUTES = (CodeSignOnCopy, ); }; };
		2A89E69E2B0941A9009056DD /* RxKeyboard in Frameworks */ = {isa = PBXBuildFile; productRef = 2A89E69D2B0941A9009056DD /* RxKeyboard */; };
		2A89E6A02B094EEF009056DD /* EditViewController.swift in Sources */ = {isa = PBXBuildFile; fileRef = 2A89E69F2B094EEF009056DD /* EditViewController.swift */; };
		2A9863FB2B09104C0041686E /* DetailViewController.swift in Sources */ = {isa = PBXBuildFile; fileRef = 2A9863FA2B09104C0041686E /* DetailViewController.swift */; };
		2A9863FD2B0913BE0041686E /* MainTabBarController.swift in Sources */ = {isa = PBXBuildFile; fileRef = 2A9863FC2B0913BE0041686E /* MainTabBarController.swift */; };
		2AB0C4B72B08B77E008BB7AE /* AppDelegate.swift in Sources */ = {isa = PBXBuildFile; fileRef = 2AB0C4B62B08B77E008BB7AE /* AppDelegate.swift */; };
		2AB0C4B92B08B77E008BB7AE /* SceneDelegate.swift in Sources */ = {isa = PBXBuildFile; fileRef = 2AB0C4B82B08B77E008BB7AE /* SceneDelegate.swift */; };
		2AB0C4BB2B08B77E008BB7AE /* MyPhotosViewController.swift in Sources */ = {isa = PBXBuildFile; fileRef = 2AB0C4BA2B08B77E008BB7AE /* MyPhotosViewController.swift */; };
		2AB0C4BE2B08B77E008BB7AE /* Main.storyboard in Resources */ = {isa = PBXBuildFile; fileRef = 2AB0C4BC2B08B77E008BB7AE /* Main.storyboard */; };
		2AB0C4C02B08B77F008BB7AE /* Assets.xcassets in Resources */ = {isa = PBXBuildFile; fileRef = 2AB0C4BF2B08B77F008BB7AE /* Assets.xcassets */; };
		2AB0C4C32B08B77F008BB7AE /* LaunchScreen.storyboard in Resources */ = {isa = PBXBuildFile; fileRef = 2AB0C4C12B08B77F008BB7AE /* LaunchScreen.storyboard */; };
		2AB0C51D2B08E354008BB7AE /* RxCocoa in Frameworks */ = {isa = PBXBuildFile; productRef = 2AB0C51C2B08E354008BB7AE /* RxCocoa */; };
		2AB0C5252B08E354008BB7AE /* RxSwift in Frameworks */ = {isa = PBXBuildFile; productRef = 2AB0C5242B08E354008BB7AE /* RxSwift */; };
/* End PBXBuildFile section */

/* Begin PBXCopyFilesBuildPhase section */
		2AB0C4E82B08E215008BB7AE /* Embed Frameworks */ = {
			isa = PBXCopyFilesBuildPhase;
			buildActionMask = 2147483647;
			dstPath = "";
			dstSubfolderSpec = 10;
			files = (
				2A89E69B2B09414D009056DD /* SnapKit-Dynamic in Embed Frameworks */,
			);
			name = "Embed Frameworks";
			runOnlyForDeploymentPostprocessing = 0;
		};
/* End PBXCopyFilesBuildPhase section */

/* Begin PBXFileReference section */
		2A1BE96D2B08E9B300703ED5 /* MyPhotosCollectionViewCell.swift */ = {isa = PBXFileReference; lastKnownFileType = sourcecode.swift; path = MyPhotosCollectionViewCell.swift; sourceTree = "<group>"; };
		2A1BE96E2B08E9B300703ED5 /* MyPhotosCollectionViewCell.xib */ = {isa = PBXFileReference; lastKnownFileType = file.xib; path = MyPhotosCollectionViewCell.xib; sourceTree = "<group>"; };
		2A89E6932B092D69009056DD /* UploadViewController.swift */ = {isa = PBXFileReference; lastKnownFileType = sourcecode.swift; path = UploadViewController.swift; sourceTree = "<group>"; };
		2A89E6962B0937F4009056DD /* UIViewController+Extensions.swift */ = {isa = PBXFileReference; lastKnownFileType = sourcecode.swift; path = "UIViewController+Extensions.swift"; sourceTree = "<group>"; };
		2A89E69F2B094EEF009056DD /* EditViewController.swift */ = {isa = PBXFileReference; lastKnownFileType = sourcecode.swift; path = EditViewController.swift; sourceTree = "<group>"; };
		2A9863FA2B09104C0041686E /* DetailViewController.swift */ = {isa = PBXFileReference; lastKnownFileType = sourcecode.swift; path = DetailViewController.swift; sourceTree = "<group>"; };
		2A9863FC2B0913BE0041686E /* MainTabBarController.swift */ = {isa = PBXFileReference; lastKnownFileType = sourcecode.swift; path = MainTabBarController.swift; sourceTree = "<group>"; };
		2AB0C4B32B08B77E008BB7AE /* PiCo.app */ = {isa = PBXFileReference; explicitFileType = wrapper.application; includeInIndex = 0; path = PiCo.app; sourceTree = BUILT_PRODUCTS_DIR; };
		2AB0C4B62B08B77E008BB7AE /* AppDelegate.swift */ = {isa = PBXFileReference; lastKnownFileType = sourcecode.swift; path = AppDelegate.swift; sourceTree = "<group>"; };
		2AB0C4B82B08B77E008BB7AE /* SceneDelegate.swift */ = {isa = PBXFileReference; lastKnownFileType = sourcecode.swift; path = SceneDelegate.swift; sourceTree = "<group>"; };
		2AB0C4BA2B08B77E008BB7AE /* MyPhotosViewController.swift */ = {isa = PBXFileReference; lastKnownFileType = sourcecode.swift; path = MyPhotosViewController.swift; sourceTree = "<group>"; };
		2AB0C4BD2B08B77E008BB7AE /* Base */ = {isa = PBXFileReference; lastKnownFileType = file.storyboard; name = Base; path = Base.lproj/Main.storyboard; sourceTree = "<group>"; };
		2AB0C4BF2B08B77F008BB7AE /* Assets.xcassets */ = {isa = PBXFileReference; lastKnownFileType = folder.assetcatalog; path = Assets.xcassets; sourceTree = "<group>"; };
		2AB0C4C22B08B77F008BB7AE /* Base */ = {isa = PBXFileReference; lastKnownFileType = file.storyboard; name = Base; path = Base.lproj/LaunchScreen.storyboard; sourceTree = "<group>"; };
		2AB0C4C42B08B77F008BB7AE /* Info.plist */ = {isa = PBXFileReference; lastKnownFileType = text.plist.xml; path = Info.plist; sourceTree = "<group>"; };
/* End PBXFileReference section */

/* Begin PBXFrameworksBuildPhase section */
		2AB0C4B02B08B77E008BB7AE /* Frameworks */ = {
			isa = PBXFrameworksBuildPhase;
			buildActionMask = 2147483647;
			files = (
				2AB0C51D2B08E354008BB7AE /* RxCocoa in Frameworks */,
				2A89E69E2B0941A9009056DD /* RxKeyboard in Frameworks */,
				2AB0C5252B08E354008BB7AE /* RxSwift in Frameworks */,
				2A89E69A2B094147009056DD /* SnapKit-Dynamic in Frameworks */,
			);
			runOnlyForDeploymentPostprocessing = 0;
		};
/* End PBXFrameworksBuildPhase section */

/* Begin PBXGroup section */
		2A1BE96B2B08E96500703ED5 /* ViewControllers */ = {
			isa = PBXGroup;
			children = (
				2AB0C4BA2B08B77E008BB7AE /* MyPhotosViewController.swift */,
				2A9863FA2B09104C0041686E /* DetailViewController.swift */,
				2A9863FC2B0913BE0041686E /* MainTabBarController.swift */,
				2A89E6932B092D69009056DD /* UploadViewController.swift */,
				2A89E69F2B094EEF009056DD /* EditViewController.swift */,
			);
			path = ViewControllers;
			sourceTree = "<group>";
		};
		2A1BE96C2B08E97C00703ED5 /* Views */ = {
			isa = PBXGroup;
			children = (
				2A1BE96D2B08E9B300703ED5 /* MyPhotosCollectionViewCell.swift */,
				2A1BE96E2B08E9B300703ED5 /* MyPhotosCollectionViewCell.xib */,
			);
			path = Views;
			sourceTree = "<group>";
		};
		2A89E6952B0937DA009056DD /* Extensions */ = {
			isa = PBXGroup;
			children = (
				2A89E6962B0937F4009056DD /* UIViewController+Extensions.swift */,
			);
			path = Extensions;
			sourceTree = "<group>";
		};
		2AB0C4AA2B08B77E008BB7AE = {
			isa = PBXGroup;
			children = (
				2AB0C4B52B08B77E008BB7AE /* PiCo */,
				2AB0C4B42B08B77E008BB7AE /* Products */,
			);
			sourceTree = "<group>";
		};
		2AB0C4B42B08B77E008BB7AE /* Products */ = {
			isa = PBXGroup;
			children = (
				2AB0C4B32B08B77E008BB7AE /* PiCo.app */,
			);
			name = Products;
			sourceTree = "<group>";
		};
		2AB0C4B52B08B77E008BB7AE /* PiCo */ = {
			isa = PBXGroup;
			children = (
				2AB0C4BC2B08B77E008BB7AE /* Main.storyboard */,
				2AB0C4B62B08B77E008BB7AE /* AppDelegate.swift */,
				2AB0C4B82B08B77E008BB7AE /* SceneDelegate.swift */,
				2A1BE96B2B08E96500703ED5 /* ViewControllers */,
				2A1BE96C2B08E97C00703ED5 /* Views */,
				2A89E6952B0937DA009056DD /* Extensions */,
				2AB0C4BF2B08B77F008BB7AE /* Assets.xcassets */,
				2AB0C4C12B08B77F008BB7AE /* LaunchScreen.storyboard */,
				2AB0C4C42B08B77F008BB7AE /* Info.plist */,
			);
			path = PiCo;
			sourceTree = "<group>";
		};
/* End PBXGroup section */

/* Begin PBXNativeTarget section */
		2AB0C4B22B08B77E008BB7AE /* PiCo */ = {
			isa = PBXNativeTarget;
			buildConfigurationList = 2AB0C4C72B08B77F008BB7AE /* Build configuration list for PBXNativeTarget "PiCo" */;
			buildPhases = (
				2AB0C4AF2B08B77E008BB7AE /* Sources */,
				2AB0C4B02B08B77E008BB7AE /* Frameworks */,
				2AB0C4B12B08B77E008BB7AE /* Resources */,
				2AB0C4E82B08E215008BB7AE /* Embed Frameworks */,
			);
			buildRules = (
			);
			dependencies = (
			);
			name = PiCo;
			packageProductDependencies = (
				2AB0C51C2B08E354008BB7AE /* RxCocoa */,
				2AB0C5242B08E354008BB7AE /* RxSwift */,
				2A89E6992B094147009056DD /* SnapKit-Dynamic */,
				2A89E69D2B0941A9009056DD /* RxKeyboard */,
			);
			productName = PiCo;
			productReference = 2AB0C4B32B08B77E008BB7AE /* PiCo.app */;
			productType = "com.apple.product-type.application";
		};
/* End PBXNativeTarget section */

/* Begin PBXProject section */
		2AB0C4AB2B08B77E008BB7AE /* Project object */ = {
			isa = PBXProject;
			attributes = {
				BuildIndependentTargetsInParallel = 1;
				LastSwiftUpdateCheck = 1500;
				LastUpgradeCheck = 1500;
				TargetAttributes = {
					2AB0C4B22B08B77E008BB7AE = {
						CreatedOnToolsVersion = 15.0.1;
					};
				};
			};
			buildConfigurationList = 2AB0C4AE2B08B77E008BB7AE /* Build configuration list for PBXProject "PiCo" */;
			compatibilityVersion = "Xcode 14.0";
			developmentRegion = en;
			hasScannedForEncodings = 0;
			knownRegions = (
				en,
				Base,
			);
			mainGroup = 2AB0C4AA2B08B77E008BB7AE;
			packageReferences = (
				2AB0C5172B08E354008BB7AE /* XCRemoteSwiftPackageReference "RxSwift" */,
				2A89E6982B094147009056DD /* XCRemoteSwiftPackageReference "SnapKit" */,
				2A89E69C2B0941A9009056DD /* XCRemoteSwiftPackageReference "RxKeyboard" */,
			);
			productRefGroup = 2AB0C4B42B08B77E008BB7AE /* Products */;
			projectDirPath = "";
			projectRoot = "";
			targets = (
				2AB0C4B22B08B77E008BB7AE /* PiCo */,
			);
		};
/* End PBXProject section */

/* Begin PBXResourcesBuildPhase section */
		2AB0C4B12B08B77E008BB7AE /* Resources */ = {
			isa = PBXResourcesBuildPhase;
			buildActionMask = 2147483647;
			files = (
				2AB0C4C32B08B77F008BB7AE /* LaunchScreen.storyboard in Resources */,
				2A1BE9702B08E9B300703ED5 /* MyPhotosCollectionViewCell.xib in Resources */,
				2AB0C4C02B08B77F008BB7AE /* Assets.xcassets in Resources */,
				2AB0C4BE2B08B77E008BB7AE /* Main.storyboard in Resources */,
			);
			runOnlyForDeploymentPostprocessing = 0;
		};
/* End PBXResourcesBuildPhase section */

/* Begin PBXSourcesBuildPhase section */
		2AB0C4AF2B08B77E008BB7AE /* Sources */ = {
			isa = PBXSourcesBuildPhase;
			buildActionMask = 2147483647;
			files = (
				2AB0C4BB2B08B77E008BB7AE /* MyPhotosViewController.swift in Sources */,
				2A89E6942B092D69009056DD /* UploadViewController.swift in Sources */,
				2AB0C4B72B08B77E008BB7AE /* AppDelegate.swift in Sources */,
				2A9863FD2B0913BE0041686E /* MainTabBarController.swift in Sources */,
				2A89E6972B0937F4009056DD /* UIViewController+Extensions.swift in Sources */,
				2A9863FB2B09104C0041686E /* DetailViewController.swift in Sources */,
				2A1BE96F2B08E9B300703ED5 /* MyPhotosCollectionViewCell.swift in Sources */,
				2AB0C4B92B08B77E008BB7AE /* SceneDelegate.swift in Sources */,
				2A89E6A02B094EEF009056DD /* EditViewController.swift in Sources */,
			);
			runOnlyForDeploymentPostprocessing = 0;
		};
/* End PBXSourcesBuildPhase section */

/* Begin PBXVariantGroup section */
		2AB0C4BC2B08B77E008BB7AE /* Main.storyboard */ = {
			isa = PBXVariantGroup;
			children = (
				2AB0C4BD2B08B77E008BB7AE /* Base */,
			);
			name = Main.storyboard;
			sourceTree = "<group>";
		};
		2AB0C4C12B08B77F008BB7AE /* LaunchScreen.storyboard */ = {
			isa = PBXVariantGroup;
			children = (
				2AB0C4C22B08B77F008BB7AE /* Base */,
			);
			name = LaunchScreen.storyboard;
			sourceTree = "<group>";
		};
/* End PBXVariantGroup section */

/* Begin XCBuildConfiguration section */
		2AB0C4C52B08B77F008BB7AE /* Debug */ = {
			isa = XCBuildConfiguration;
			buildSettings = {
				ALWAYS_SEARCH_USER_PATHS = NO;
				ASSETCATALOG_COMPILER_GENERATE_SWIFT_ASSET_SYMBOL_EXTENSIONS = YES;
				CLANG_ANALYZER_NONNULL = YES;
				CLANG_ANALYZER_NUMBER_OBJECT_CONVERSION = YES_AGGRESSIVE;
				CLANG_CXX_LANGUAGE_STANDARD = "gnu++20";
				CLANG_ENABLE_MODULES = YES;
				CLANG_ENABLE_OBJC_ARC = YES;
				CLANG_ENABLE_OBJC_WEAK = YES;
				CLANG_WARN_BLOCK_CAPTURE_AUTORELEASING = YES;
				CLANG_WARN_BOOL_CONVERSION = YES;
				CLANG_WARN_COMMA = YES;
				CLANG_WARN_CONSTANT_CONVERSION = YES;
				CLANG_WARN_DEPRECATED_OBJC_IMPLEMENTATIONS = YES;
				CLANG_WARN_DIRECT_OBJC_ISA_USAGE = YES_ERROR;
				CLANG_WARN_DOCUMENTATION_COMMENTS = YES;
				CLANG_WARN_EMPTY_BODY = YES;
				CLANG_WARN_ENUM_CONVERSION = YES;
				CLANG_WARN_INFINITE_RECURSION = YES;
				CLANG_WARN_INT_CONVERSION = YES;
				CLANG_WARN_NON_LITERAL_NULL_CONVERSION = YES;
				CLANG_WARN_OBJC_IMPLICIT_RETAIN_SELF = YES;
				CLANG_WARN_OBJC_LITERAL_CONVERSION = YES;
				CLANG_WARN_OBJC_ROOT_CLASS = YES_ERROR;
				CLANG_WARN_QUOTED_INCLUDE_IN_FRAMEWORK_HEADER = YES;
				CLANG_WARN_RANGE_LOOP_ANALYSIS = YES;
				CLANG_WARN_STRICT_PROTOTYPES = YES;
				CLANG_WARN_SUSPICIOUS_MOVE = YES;
				CLANG_WARN_UNGUARDED_AVAILABILITY = YES_AGGRESSIVE;
				CLANG_WARN_UNREACHABLE_CODE = YES;
				CLANG_WARN__DUPLICATE_METHOD_MATCH = YES;
				COPY_PHASE_STRIP = NO;
				DEBUG_INFORMATION_FORMAT = dwarf;
				ENABLE_STRICT_OBJC_MSGSEND = YES;
				ENABLE_TESTABILITY = YES;
				ENABLE_USER_SCRIPT_SANDBOXING = YES;
				GCC_C_LANGUAGE_STANDARD = gnu17;
				GCC_DYNAMIC_NO_PIC = NO;
				GCC_NO_COMMON_BLOCKS = YES;
				GCC_OPTIMIZATION_LEVEL = 0;
				GCC_PREPROCESSOR_DEFINITIONS = (
					"DEBUG=1",
					"$(inherited)",
				);
				GCC_WARN_64_TO_32_BIT_CONVERSION = YES;
				GCC_WARN_ABOUT_RETURN_TYPE = YES_ERROR;
				GCC_WARN_UNDECLARED_SELECTOR = YES;
				GCC_WARN_UNINITIALIZED_AUTOS = YES_AGGRESSIVE;
				GCC_WARN_UNUSED_FUNCTION = YES;
				GCC_WARN_UNUSED_VARIABLE = YES;
				IPHONEOS_DEPLOYMENT_TARGET = 17.0;
				LOCALIZATION_PREFERS_STRING_CATALOGS = YES;
				MTL_ENABLE_DEBUG_INFO = INCLUDE_SOURCE;
				MTL_FAST_MATH = YES;
				ONLY_ACTIVE_ARCH = YES;
				SDKROOT = iphoneos;
				SWIFT_ACTIVE_COMPILATION_CONDITIONS = "DEBUG $(inherited)";
				SWIFT_OPTIMIZATION_LEVEL = "-Onone";
			};
			name = Debug;
		};
		2AB0C4C62B08B77F008BB7AE /* Release */ = {
			isa = XCBuildConfiguration;
			buildSettings = {
				ALWAYS_SEARCH_USER_PATHS = NO;
				ASSETCATALOG_COMPILER_GENERATE_SWIFT_ASSET_SYMBOL_EXTENSIONS = YES;
				CLANG_ANALYZER_NONNULL = YES;
				CLANG_ANALYZER_NUMBER_OBJECT_CONVERSION = YES_AGGRESSIVE;
				CLANG_CXX_LANGUAGE_STANDARD = "gnu++20";
				CLANG_ENABLE_MODULES = YES;
				CLANG_ENABLE_OBJC_ARC = YES;
				CLANG_ENABLE_OBJC_WEAK = YES;
				CLANG_WARN_BLOCK_CAPTURE_AUTORELEASING = YES;
				CLANG_WARN_BOOL_CONVERSION = YES;
				CLANG_WARN_COMMA = YES;
				CLANG_WARN_CONSTANT_CONVERSION = YES;
				CLANG_WARN_DEPRECATED_OBJC_IMPLEMENTATIONS = YES;
				CLANG_WARN_DIRECT_OBJC_ISA_USAGE = YES_ERROR;
				CLANG_WARN_DOCUMENTATION_COMMENTS = YES;
				CLANG_WARN_EMPTY_BODY = YES;
				CLANG_WARN_ENUM_CONVERSION = YES;
				CLANG_WARN_INFINITE_RECURSION = YES;
				CLANG_WARN_INT_CONVERSION = YES;
				CLANG_WARN_NON_LITERAL_NULL_CONVERSION = YES;
				CLANG_WARN_OBJC_IMPLICIT_RETAIN_SELF = YES;
				CLANG_WARN_OBJC_LITERAL_CONVERSION = YES;
				CLANG_WARN_OBJC_ROOT_CLASS = YES_ERROR;
				CLANG_WARN_QUOTED_INCLUDE_IN_FRAMEWORK_HEADER = YES;
				CLANG_WARN_RANGE_LOOP_ANALYSIS = YES;
				CLANG_WARN_STRICT_PROTOTYPES = YES;
				CLANG_WARN_SUSPICIOUS_MOVE = YES;
				CLANG_WARN_UNGUARDED_AVAILABILITY = YES_AGGRESSIVE;
				CLANG_WARN_UNREACHABLE_CODE = YES;
				CLANG_WARN__DUPLICATE_METHOD_MATCH = YES;
				COPY_PHASE_STRIP = NO;
				DEBUG_INFORMATION_FORMAT = "dwarf-with-dsym";
				ENABLE_NS_ASSERTIONS = NO;
				ENABLE_STRICT_OBJC_MSGSEND = YES;
				ENABLE_USER_SCRIPT_SANDBOXING = YES;
				GCC_C_LANGUAGE_STANDARD = gnu17;
				GCC_NO_COMMON_BLOCKS = YES;
				GCC_WARN_64_TO_32_BIT_CONVERSION = YES;
				GCC_WARN_ABOUT_RETURN_TYPE = YES_ERROR;
				GCC_WARN_UNDECLARED_SELECTOR = YES;
				GCC_WARN_UNINITIALIZED_AUTOS = YES_AGGRESSIVE;
				GCC_WARN_UNUSED_FUNCTION = YES;
				GCC_WARN_UNUSED_VARIABLE = YES;
				IPHONEOS_DEPLOYMENT_TARGET = 17.0;
				LOCALIZATION_PREFERS_STRING_CATALOGS = YES;
				MTL_ENABLE_DEBUG_INFO = NO;
				MTL_FAST_MATH = YES;
				SDKROOT = iphoneos;
				SWIFT_COMPILATION_MODE = wholemodule;
				VALIDATE_PRODUCT = YES;
			};
			name = Release;
		};
		2AB0C4C82B08B77F008BB7AE /* Debug */ = {
			isa = XCBuildConfiguration;
			buildSettings = {
				ASSETCATALOG_COMPILER_APPICON_NAME = AppIcon;
				ASSETCATALOG_COMPILER_GLOBAL_ACCENT_COLOR_NAME = AccentColor;
				CODE_SIGN_STYLE = Automatic;
				CURRENT_PROJECT_VERSION = 1;
				DEVELOPMENT_TEAM = 39JATSZXJT;
				GENERATE_INFOPLIST_FILE = YES;
				INFOPLIST_FILE = PiCo/Info.plist;
				INFOPLIST_KEY_UIApplicationSupportsIndirectInputEvents = YES;
				INFOPLIST_KEY_UILaunchStoryboardName = LaunchScreen;
				INFOPLIST_KEY_UIMainStoryboardFile = Main;
				INFOPLIST_KEY_UISupportedInterfaceOrientations_iPad = "UIInterfaceOrientationPortrait UIInterfaceOrientationPortraitUpsideDown UIInterfaceOrientationLandscapeLeft UIInterfaceOrientationLandscapeRight";
				INFOPLIST_KEY_UISupportedInterfaceOrientations_iPhone = "UIInterfaceOrientationPortrait UIInterfaceOrientationLandscapeLeft UIInterfaceOrientationLandscapeRight";
				LD_RUNPATH_SEARCH_PATHS = (
					"$(inherited)",
					"@executable_path/Frameworks",
				);
				MARKETING_VERSION = 1.0;
				PRODUCT_BUNDLE_IDENTIFIER = com.Deok.PiCo;
				PRODUCT_NAME = "$(TARGET_NAME)";
				SUPPORTED_PLATFORMS = "iphoneos iphonesimulator";
				SUPPORTS_MACCATALYST = NO;
				SUPPORTS_MAC_DESIGNED_FOR_IPHONE_IPAD = NO;
				SWIFT_EMIT_LOC_STRINGS = YES;
				SWIFT_VERSION = 5.0;
				TARGETED_DEVICE_FAMILY = 1;
			};
			name = Debug;
		};
		2AB0C4C92B08B77F008BB7AE /* Release */ = {
			isa = XCBuildConfiguration;
			buildSettings = {
				ASSETCATALOG_COMPILER_APPICON_NAME = AppIcon;
				ASSETCATALOG_COMPILER_GLOBAL_ACCENT_COLOR_NAME = AccentColor;
				CODE_SIGN_STYLE = Automatic;
				CURRENT_PROJECT_VERSION = 1;
				DEVELOPMENT_TEAM = 39JATSZXJT;
				GENERATE_INFOPLIST_FILE = YES;
				INFOPLIST_FILE = PiCo/Info.plist;
				INFOPLIST_KEY_UIApplicationSupportsIndirectInputEvents = YES;
				INFOPLIST_KEY_UILaunchStoryboardName = LaunchScreen;
				INFOPLIST_KEY_UIMainStoryboardFile = Main;
				INFOPLIST_KEY_UISupportedInterfaceOrientations_iPad = "UIInterfaceOrientationPortrait UIInterfaceOrientationPortraitUpsideDown UIInterfaceOrientationLandscapeLeft UIInterfaceOrientationLandscapeRight";
				INFOPLIST_KEY_UISupportedInterfaceOrientations_iPhone = "UIInterfaceOrientationPortrait UIInterfaceOrientationLandscapeLeft UIInterfaceOrientationLandscapeRight";
				LD_RUNPATH_SEARCH_PATHS = (
					"$(inherited)",
					"@executable_path/Frameworks",
				);
				MARKETING_VERSION = 1.0;
				PRODUCT_BUNDLE_IDENTIFIER = com.Deok.PiCo;
				PRODUCT_NAME = "$(TARGET_NAME)";
				SUPPORTED_PLATFORMS = "iphoneos iphonesimulator";
				SUPPORTS_MACCATALYST = NO;
				SUPPORTS_MAC_DESIGNED_FOR_IPHONE_IPAD = NO;
				SWIFT_EMIT_LOC_STRINGS = YES;
				SWIFT_VERSION = 5.0;
				TARGETED_DEVICE_FAMILY = 1;
			};
			name = Release;
		};
/* End XCBuildConfiguration section */

/* Begin XCConfigurationList section */
		2AB0C4AE2B08B77E008BB7AE /* Build configuration list for PBXProject "PiCo" */ = {
			isa = XCConfigurationList;
			buildConfigurations = (
				2AB0C4C52B08B77F008BB7AE /* Debug */,
				2AB0C4C62B08B77F008BB7AE /* Release */,
			);
			defaultConfigurationIsVisible = 0;
			defaultConfigurationName = Release;
		};
		2AB0C4C72B08B77F008BB7AE /* Build configuration list for PBXNativeTarget "PiCo" */ = {
			isa = XCConfigurationList;
			buildConfigurations = (
				2AB0C4C82B08B77F008BB7AE /* Debug */,
				2AB0C4C92B08B77F008BB7AE /* Release */,
			);
			defaultConfigurationIsVisible = 0;
			defaultConfigurationName = Release;
		};
/* End XCConfigurationList section */

/* Begin XCRemoteSwiftPackageReference section */
		2A89E6982B094147009056DD /* XCRemoteSwiftPackageReference "SnapKit" */ = {
			isa = XCRemoteSwiftPackageReference;
			repositoryURL = "https://github.com/SnapKit/SnapKit.git";
			requirement = {
				kind = exactVersion;
				version = 5.6.0;
			};
		};
		2A89E69C2B0941A9009056DD /* XCRemoteSwiftPackageReference "RxKeyboard" */ = {
			isa = XCRemoteSwiftPackageReference;
			repositoryURL = "https://github.com/RxSwiftCommunity/RxKeyboard";
			requirement = {
				kind = upToNextMajorVersion;
				minimumVersion = 2.0.1;
			};
		};
		2AB0C5172B08E354008BB7AE /* XCRemoteSwiftPackageReference "RxSwift" */ = {
			isa = XCRemoteSwiftPackageReference;
			repositoryURL = "https://github.com/ReactiveX/RxSwift.git";
			requirement = {
				kind = upToNextMajorVersion;
				minimumVersion = 6.6.0;
			};
		};
/* End XCRemoteSwiftPackageReference section */

/* Begin XCSwiftPackageProductDependency section */
		2A89E6992B094147009056DD /* SnapKit-Dynamic */ = {
			isa = XCSwiftPackageProductDependency;
			package = 2A89E6982B094147009056DD /* XCRemoteSwiftPackageReference "SnapKit" */;
			productName = "SnapKit-Dynamic";
		};
		2A89E69D2B0941A9009056DD /* RxKeyboard */ = {
			isa = XCSwiftPackageProductDependency;
			package = 2A89E69C2B0941A9009056DD /* XCRemoteSwiftPackageReference "RxKeyboard" */;
			productName = RxKeyboard;
		};
		2AB0C51C2B08E354008BB7AE /* RxCocoa */ = {
			isa = XCSwiftPackageProductDependency;
			package = 2AB0C5172B08E354008BB7AE /* XCRemoteSwiftPackageReference "RxSwift" */;
			productName = RxCocoa;
		};
		2AB0C5242B08E354008BB7AE /* RxSwift */ = {
			isa = XCSwiftPackageProductDependency;
			package = 2AB0C5172B08E354008BB7AE /* XCRemoteSwiftPackageReference "RxSwift" */;
			productName = RxSwift;
		};
/* End XCSwiftPackageProductDependency section */
	};
	rootObject = 2AB0C4AB2B08B77E008BB7AE /* Project object */;
}
