// !$*UTF8*$!
{
	archiveVersion = 1;
	classes = {
	};
	objectVersion = 56;
	objects = {

/* Begin PBXBuildFile section */
		2A51A3EF2BB8492C00E7F5EA /* Bayon-Regular.ttf in Resources */ = {isa = PBXBuildFile; fileRef = 2A51A3EE2BB8492C00E7F5EA /* Bayon-Regular.ttf */; };
		2AACE7402BB82EF7007999A6 /* AppDelegate.swift in Sources */ = {isa = PBXBuildFile; fileRef = 2AACE73F2BB82EF7007999A6 /* AppDelegate.swift */; };
		2AACE7422BB82EF7007999A6 /* SceneDelegate.swift in Sources */ = {isa = PBXBuildFile; fileRef = 2AACE7412BB82EF7007999A6 /* SceneDelegate.swift */; };
		2AACE7472BB82EF7007999A6 /* Base in Resources */ = {isa = PBXBuildFile; fileRef = 2AACE7462BB82EF7007999A6 /* Base */; };
		2AACE7492BB82EF8007999A6 /* Assets.xcassets in Resources */ = {isa = PBXBuildFile; fileRef = 2AACE7482BB82EF8007999A6 /* Assets.xcassets */; };
		2AACE74C2BB82EF8007999A6 /* Base in Resources */ = {isa = PBXBuildFile; fileRef = 2AACE74B2BB82EF8007999A6 /* Base */; };
		2AACE7582BB83038007999A6 /* RxCocoa in Frameworks */ = {isa = PBXBuildFile; productRef = 2AACE7572BB83038007999A6 /* RxCocoa */; };
		2AACE75A2BB83038007999A6 /* RxRelay in Frameworks */ = {isa = PBXBuildFile; productRef = 2AACE7592BB83038007999A6 /* RxRelay */; };
		2AACE75C2BB83038007999A6 /* RxSwift in Frameworks */ = {isa = PBXBuildFile; productRef = 2AACE75B2BB83038007999A6 /* RxSwift */; };
		2AACE75F2BB83099007999A6 /* Kingfisher in Frameworks */ = {isa = PBXBuildFile; productRef = 2AACE75E2BB83099007999A6 /* Kingfisher */; };
		2AACE7622BB83240007999A6 /* FirebaseAnalytics in Frameworks */ = {isa = PBXBuildFile; productRef = 2AACE7612BB83240007999A6 /* FirebaseAnalytics */; };
		2AACE7642BB83240007999A6 /* FirebaseAuth in Frameworks */ = {isa = PBXBuildFile; productRef = 2AACE7632BB83240007999A6 /* FirebaseAuth */; };
		2AACE7662BB83240007999A6 /* FirebaseCrashlytics in Frameworks */ = {isa = PBXBuildFile; productRef = 2AACE7652BB83240007999A6 /* FirebaseCrashlytics */; };
		2AACE7682BB83240007999A6 /* FirebaseDynamicLinks in Frameworks */ = {isa = PBXBuildFile; productRef = 2AACE7672BB83240007999A6 /* FirebaseDynamicLinks */; };
		2AACE76A2BB83240007999A6 /* FirebaseFirestore in Frameworks */ = {isa = PBXBuildFile; productRef = 2AACE7692BB83240007999A6 /* FirebaseFirestore */; };
		2AACE76C2BB83240007999A6 /* FirebaseFunctions in Frameworks */ = {isa = PBXBuildFile; productRef = 2AACE76B2BB83240007999A6 /* FirebaseFunctions */; };
		2AACE7702BB83240007999A6 /* FirebaseRemoteConfig in Frameworks */ = {isa = PBXBuildFile; productRef = 2AACE76F2BB83240007999A6 /* FirebaseRemoteConfig */; };
		2AACE7722BB83240007999A6 /* FirebaseStorage in Frameworks */ = {isa = PBXBuildFile; productRef = 2AACE7712BB83240007999A6 /* FirebaseStorage */; };
		2AACE7752BB83286007999A6 /* SnapKit in Frameworks */ = {isa = PBXBuildFile; productRef = 2AACE7742BB83286007999A6 /* SnapKit */; };
		2AACE7782BB832A6007999A6 /* RxKeyboard in Frameworks */ = {isa = PBXBuildFile; productRef = 2AACE7772BB832A6007999A6 /* RxKeyboard */; };
		2AACE77B2BB8333D007999A6 /* GoogleSignIn in Frameworks */ = {isa = PBXBuildFile; productRef = 2AACE77A2BB8333D007999A6 /* GoogleSignIn */; };
		2AACE77E2BB8336A007999A6 /* RxGesture in Frameworks */ = {isa = PBXBuildFile; productRef = 2AACE77D2BB8336A007999A6 /* RxGesture */; };
		2AACE7812BB8338D007999A6 /* SkeletonView in Frameworks */ = {isa = PBXBuildFile; productRef = 2AACE7802BB8338D007999A6 /* SkeletonView */; };
		2AACE7842BB83415007999A6 /* SwiftDate in Frameworks */ = {isa = PBXBuildFile; productRef = 2AACE7832BB83415007999A6 /* SwiftDate */; };
		2AACE78C2BB83525007999A6 /* LoadingIndicatorView.swift in Sources */ = {isa = PBXBuildFile; fileRef = 2AACE78B2BB83525007999A6 /* LoadingIndicatorView.swift */; };
		2AACE79B2BB8368B007999A6 /* EditViewController.swift in Sources */ = {isa = PBXBuildFile; fileRef = 2AACE7902BB8368B007999A6 /* EditViewController.swift */; };
		2AACE79C2BB8368B007999A6 /* OnboardingViewController.swift in Sources */ = {isa = PBXBuildFile; fileRef = 2AACE7912BB8368B007999A6 /* OnboardingViewController.swift */; };
		2AACE79D2BB8368B007999A6 /* EmailSignInViewController.swift in Sources */ = {isa = PBXBuildFile; fileRef = 2AACE7922BB8368B007999A6 /* EmailSignInViewController.swift */; };
		2AACE79E2BB8368B007999A6 /* MyAlbumsViewController.swift in Sources */ = {isa = PBXBuildFile; fileRef = 2AACE7932BB8368B007999A6 /* MyAlbumsViewController.swift */; };
		2AACE79F2BB8368B007999A6 /* UploadViewController.swift in Sources */ = {isa = PBXBuildFile; fileRef = 2AACE7942BB8368B007999A6 /* UploadViewController.swift */; };
		2AACE7A02BB8368B007999A6 /* MainTabBarController.swift in Sources */ = {isa = PBXBuildFile; fileRef = 2AACE7952BB8368B007999A6 /* MainTabBarController.swift */; };
		2AACE7A12BB8368B007999A6 /* AcountViewController.swift in Sources */ = {isa = PBXBuildFile; fileRef = 2AACE7962BB8368B007999A6 /* AcountViewController.swift */; };
		2AACE7A22BB8368B007999A6 /* WebViewController.swift in Sources */ = {isa = PBXBuildFile; fileRef = 2AACE7972BB8368B007999A6 /* WebViewController.swift */; };
		2AACE7A32BB8368B007999A6 /* DetailViewController.swift in Sources */ = {isa = PBXBuildFile; fileRef = 2AACE7982BB8368B007999A6 /* DetailViewController.swift */; };
		2AACE7A42BB8368B007999A6 /* SettingViewController.swift in Sources */ = {isa = PBXBuildFile; fileRef = 2AACE7992BB8368B007999A6 /* SettingViewController.swift */; };
		2AACE7A52BB8368B007999A6 /* SignInViewController.swift in Sources */ = {isa = PBXBuildFile; fileRef = 2AACE79A2BB8368B007999A6 /* SignInViewController.swift */; };
		2AACE7A82BB836C8007999A6 /* UploadViewModel.swift in Sources */ = {isa = PBXBuildFile; fileRef = 2AACE7A72BB836C8007999A6 /* UploadViewModel.swift */; };
		2AACE7C22BB836F9007999A6 /* AddImageCollectionViewCell.swift in Sources */ = {isa = PBXBuildFile; fileRef = 2AACE7A92BB836F8007999A6 /* AddImageCollectionViewCell.swift */; };
		2AACE7C32BB836F9007999A6 /* AddImageCollectionViewCell.xib in Resources */ = {isa = PBXBuildFile; fileRef = 2AACE7AA2BB836F8007999A6 /* AddImageCollectionViewCell.xib */; };
		2AACE7C42BB836F9007999A6 /* SelectedImageCollectionViewCell.swift in Sources */ = {isa = PBXBuildFile; fileRef = 2AACE7AB2BB836F8007999A6 /* SelectedImageCollectionViewCell.swift */; };
		2AACE7C52BB836F9007999A6 /* SelectedImageCollectionViewCell.xib in Resources */ = {isa = PBXBuildFile; fileRef = 2AACE7AC2BB836F8007999A6 /* SelectedImageCollectionViewCell.xib */; };
		2AACE7C62BB836F9007999A6 /* TagsCollectionViewCell.swift in Sources */ = {isa = PBXBuildFile; fileRef = 2AACE7AD2BB836F8007999A6 /* TagsCollectionViewCell.swift */; };
		2AACE7C72BB836F9007999A6 /* TagsCollectionViewCell.xib in Resources */ = {isa = PBXBuildFile; fileRef = 2AACE7AE2BB836F8007999A6 /* TagsCollectionViewCell.xib */; };
		2AACE7C82BB836F9007999A6 /* SettingsTableViewCell.swift in Sources */ = {isa = PBXBuildFile; fileRef = 2AACE7B02BB836F8007999A6 /* SettingsTableViewCell.swift */; };
		2AACE7C92BB836F9007999A6 /* SettingsTableViewCell.xib in Resources */ = {isa = PBXBuildFile; fileRef = 2AACE7B12BB836F8007999A6 /* SettingsTableViewCell.xib */; };
		2AACE7CA2BB836F9007999A6 /* MyAlbumsCollectionViewCell.swift in Sources */ = {isa = PBXBuildFile; fileRef = 2AACE7B32BB836F9007999A6 /* MyAlbumsCollectionViewCell.swift */; };
		2AACE7CB2BB836F9007999A6 /* MyAlbumsCollectionViewCell.xib in Resources */ = {isa = PBXBuildFile; fileRef = 2AACE7B42BB836F9007999A6 /* MyAlbumsCollectionViewCell.xib */; };
		2AACE7CC2BB836F9007999A6 /* MyAlbumsDefaultCollectionViewCell.swift in Sources */ = {isa = PBXBuildFile; fileRef = 2AACE7B52BB836F9007999A6 /* MyAlbumsDefaultCollectionViewCell.swift */; };
		2AACE7CD2BB836F9007999A6 /* MyAlbumsDefaultCollectionViewCell.xib in Resources */ = {isa = PBXBuildFile; fileRef = 2AACE7B62BB836F9007999A6 /* MyAlbumsDefaultCollectionViewCell.xib */; };
		2AACE7CE2BB836F9007999A6 /* DetailImagesTableViewCell.swift in Sources */ = {isa = PBXBuildFile; fileRef = 2AACE7B82BB836F9007999A6 /* DetailImagesTableViewCell.swift */; };
		2AACE7CF2BB836F9007999A6 /* DetailImagesTableViewCell.xib in Resources */ = {isa = PBXBuildFile; fileRef = 2AACE7B92BB836F9007999A6 /* DetailImagesTableViewCell.xib */; };
		2AACE7D02BB836F9007999A6 /* DetailInfoTableViewCell.swift in Sources */ = {isa = PBXBuildFile; fileRef = 2AACE7BA2BB836F9007999A6 /* DetailInfoTableViewCell.swift */; };
		2AACE7D12BB836F9007999A6 /* DetailInfoTableViewCell.xib in Resources */ = {isa = PBXBuildFile; fileRef = 2AACE7BB2BB836F9007999A6 /* DetailInfoTableViewCell.xib */; };
		2AACE7D22BB836F9007999A6 /* DetailTagsCollectionViewCell.swift in Sources */ = {isa = PBXBuildFile; fileRef = 2AACE7BC2BB836F9007999A6 /* DetailTagsCollectionViewCell.swift */; };
		2AACE7D32BB836F9007999A6 /* DetailTagsCollectionViewCell.xib in Resources */ = {isa = PBXBuildFile; fileRef = 2AACE7BD2BB836F9007999A6 /* DetailTagsCollectionViewCell.xib */; };
		2AACE7D42BB836F9007999A6 /* OnboardingCollectionViewCell.swift in Sources */ = {isa = PBXBuildFile; fileRef = 2AACE7BF2BB836F9007999A6 /* OnboardingCollectionViewCell.swift */; };
		2AACE7D52BB836F9007999A6 /* OnboardingCollectionViewCell.xib in Resources */ = {isa = PBXBuildFile; fileRef = 2AACE7C02BB836F9007999A6 /* OnboardingCollectionViewCell.xib */; };
		2AACE7D92BB83718007999A6 /* AlbumModel.swift in Sources */ = {isa = PBXBuildFile; fileRef = 2AACE7D62BB83718007999A6 /* AlbumModel.swift */; };
		2AACE7DA2BB83718007999A6 /* UserModel.swift in Sources */ = {isa = PBXBuildFile; fileRef = 2AACE7D72BB83718007999A6 /* UserModel.swift */; };
		2AACE7E32BB8372E007999A6 /* ColorManager.swift in Sources */ = {isa = PBXBuildFile; fileRef = 2AACE7DB2BB8372E007999A6 /* ColorManager.swift */; };
		2AACE7E42BB8372E007999A6 /* ConfigManager.swift in Sources */ = {isa = PBXBuildFile; fileRef = 2AACE7DC2BB8372E007999A6 /* ConfigManager.swift */; };
		2AACE7E52BB8372E007999A6 /* DataManager.swift in Sources */ = {isa = PBXBuildFile; fileRef = 2AACE7DD2BB8372E007999A6 /* DataManager.swift */; };
		2AACE7E62BB8372E007999A6 /* HapticManager.swift in Sources */ = {isa = PBXBuildFile; fileRef = 2AACE7DE2BB8372E007999A6 /* HapticManager.swift */; };
		2AACE7E72BB8372E007999A6 /* LoginManager.swift in Sources */ = {isa = PBXBuildFile; fileRef = 2AACE7DF2BB8372E007999A6 /* LoginManager.swift */; };
		2AACE7E82BB8372E007999A6 /* SceneManager.swift in Sources */ = {isa = PBXBuildFile; fileRef = 2AACE7E02BB8372E007999A6 /* SceneManager.swift */; };
		2AACE7E92BB8372E007999A6 /* UserManager.swift in Sources */ = {isa = PBXBuildFile; fileRef = 2AACE7E12BB8372E007999A6 /* UserManager.swift */; };
		2AACE7F02BB83740007999A6 /* AlbumField.swift in Sources */ = {isa = PBXBuildFile; fileRef = 2AACE7EA2BB83740007999A6 /* AlbumField.swift */; };
		2AACE7F12BB83740007999A6 /* AuthProvider.swift in Sources */ = {isa = PBXBuildFile; fileRef = 2AACE7EB2BB83740007999A6 /* AuthProvider.swift */; };
		2AACE7F22BB83740007999A6 /* ReportField.swift in Sources */ = {isa = PBXBuildFile; fileRef = 2AACE7EC2BB83740007999A6 /* ReportField.swift */; };
		2AACE7F32BB83740007999A6 /* State.swift in Sources */ = {isa = PBXBuildFile; fileRef = 2AACE7ED2BB83740007999A6 /* State.swift */; };
		2AACE7F42BB83740007999A6 /* UserField.swift in Sources */ = {isa = PBXBuildFile; fileRef = 2AACE7EE2BB83740007999A6 /* UserField.swift */; };
		2AACE7FB2BB83748007999A6 /* NSMutableAttributedString+.swift in Sources */ = {isa = PBXBuildFile; fileRef = 2AACE7F52BB83748007999A6 /* NSMutableAttributedString+.swift */; };
		2AACE7FC2BB83748007999A6 /* UIApplication+.swift in Sources */ = {isa = PBXBuildFile; fileRef = 2AACE7F62BB83748007999A6 /* UIApplication+.swift */; };
		2AACE7FD2BB83748007999A6 /* UIColors+.swift in Sources */ = {isa = PBXBuildFile; fileRef = 2AACE7F72BB83748007999A6 /* UIColors+.swift */; };
		2AACE7FE2BB83748007999A6 /* UIImage+.swift in Sources */ = {isa = PBXBuildFile; fileRef = 2AACE7F82BB83748007999A6 /* UIImage+.swift */; };
		2AACE7FF2BB83748007999A6 /* UIViewController+.swift in Sources */ = {isa = PBXBuildFile; fileRef = 2AACE7F92BB83748007999A6 /* UIViewController+.swift */; };
		2AACE8012BB83790007999A6 /* GoogleService-Info.plist in Resources */ = {isa = PBXBuildFile; fileRef = 2AACE8002BB83790007999A6 /* GoogleService-Info.plist */; };
		2AACE8032BB83831007999A6 /* PICLYConstants.swift in Sources */ = {isa = PBXBuildFile; fileRef = 2AACE8022BB83831007999A6 /* PICLYConstants.swift */; };
		2AACE80B2BB8409A007999A6 /* Splash.jpg in Resources */ = {isa = PBXBuildFile; fileRef = 2AACE80A2BB84099007999A6 /* Splash.jpg */; };
/* End PBXBuildFile section */

/* Begin PBXFileReference section */
		2A51A3EE2BB8492C00E7F5EA /* Bayon-Regular.ttf */ = {isa = PBXFileReference; lastKnownFileType = file; path = "Bayon-Regular.ttf"; sourceTree = "<group>"; };
		2AACE73C2BB82EF7007999A6 /* PICLY.app */ = {isa = PBXFileReference; explicitFileType = wrapper.application; includeInIndex = 0; path = PICLY.app; sourceTree = BUILT_PRODUCTS_DIR; };
		2AACE73F2BB82EF7007999A6 /* AppDelegate.swift */ = {isa = PBXFileReference; lastKnownFileType = sourcecode.swift; path = AppDelegate.swift; sourceTree = "<group>"; };
		2AACE7412BB82EF7007999A6 /* SceneDelegate.swift */ = {isa = PBXFileReference; lastKnownFileType = sourcecode.swift; path = SceneDelegate.swift; sourceTree = "<group>"; };
		2AACE7462BB82EF7007999A6 /* Base */ = {isa = PBXFileReference; lastKnownFileType = file.storyboard; name = Base; path = Base.lproj/Main.storyboard; sourceTree = "<group>"; };
		2AACE7482BB82EF8007999A6 /* Assets.xcassets */ = {isa = PBXFileReference; lastKnownFileType = folder.assetcatalog; path = Assets.xcassets; sourceTree = "<group>"; };
		2AACE74B2BB82EF8007999A6 /* Base */ = {isa = PBXFileReference; lastKnownFileType = file.storyboard; name = Base; path = Base.lproj/LaunchScreen.storyboard; sourceTree = "<group>"; };
		2AACE74D2BB82EF8007999A6 /* Info.plist */ = {isa = PBXFileReference; lastKnownFileType = text.plist.xml; path = Info.plist; sourceTree = "<group>"; };
		2AACE78B2BB83525007999A6 /* LoadingIndicatorView.swift */ = {isa = PBXFileReference; lastKnownFileType = sourcecode.swift; path = LoadingIndicatorView.swift; sourceTree = "<group>"; };
		2AACE7902BB8368B007999A6 /* EditViewController.swift */ = {isa = PBXFileReference; fileEncoding = 4; lastKnownFileType = sourcecode.swift; path = EditViewController.swift; sourceTree = "<group>"; };
		2AACE7912BB8368B007999A6 /* OnboardingViewController.swift */ = {isa = PBXFileReference; fileEncoding = 4; lastKnownFileType = sourcecode.swift; path = OnboardingViewController.swift; sourceTree = "<group>"; };
		2AACE7922BB8368B007999A6 /* EmailSignInViewController.swift */ = {isa = PBXFileReference; fileEncoding = 4; lastKnownFileType = sourcecode.swift; path = EmailSignInViewController.swift; sourceTree = "<group>"; };
		2AACE7932BB8368B007999A6 /* MyAlbumsViewController.swift */ = {isa = PBXFileReference; fileEncoding = 4; lastKnownFileType = sourcecode.swift; path = MyAlbumsViewController.swift; sourceTree = "<group>"; };
		2AACE7942BB8368B007999A6 /* UploadViewController.swift */ = {isa = PBXFileReference; fileEncoding = 4; lastKnownFileType = sourcecode.swift; path = UploadViewController.swift; sourceTree = "<group>"; };
		2AACE7952BB8368B007999A6 /* MainTabBarController.swift */ = {isa = PBXFileReference; fileEncoding = 4; lastKnownFileType = sourcecode.swift; path = MainTabBarController.swift; sourceTree = "<group>"; };
		2AACE7962BB8368B007999A6 /* AcountViewController.swift */ = {isa = PBXFileReference; fileEncoding = 4; lastKnownFileType = sourcecode.swift; path = AcountViewController.swift; sourceTree = "<group>"; };
		2AACE7972BB8368B007999A6 /* WebViewController.swift */ = {isa = PBXFileReference; fileEncoding = 4; lastKnownFileType = sourcecode.swift; path = WebViewController.swift; sourceTree = "<group>"; };
		2AACE7982BB8368B007999A6 /* DetailViewController.swift */ = {isa = PBXFileReference; fileEncoding = 4; lastKnownFileType = sourcecode.swift; path = DetailViewController.swift; sourceTree = "<group>"; };
		2AACE7992BB8368B007999A6 /* SettingViewController.swift */ = {isa = PBXFileReference; fileEncoding = 4; lastKnownFileType = sourcecode.swift; path = SettingViewController.swift; sourceTree = "<group>"; };
		2AACE79A2BB8368B007999A6 /* SignInViewController.swift */ = {isa = PBXFileReference; fileEncoding = 4; lastKnownFileType = sourcecode.swift; path = SignInViewController.swift; sourceTree = "<group>"; };
		2AACE7A72BB836C8007999A6 /* UploadViewModel.swift */ = {isa = PBXFileReference; fileEncoding = 4; lastKnownFileType = sourcecode.swift; path = UploadViewModel.swift; sourceTree = "<group>"; };
		2AACE7A92BB836F8007999A6 /* AddImageCollectionViewCell.swift */ = {isa = PBXFileReference; fileEncoding = 4; lastKnownFileType = sourcecode.swift; path = AddImageCollectionViewCell.swift; sourceTree = "<group>"; };
		2AACE7AA2BB836F8007999A6 /* AddImageCollectionViewCell.xib */ = {isa = PBXFileReference; fileEncoding = 4; lastKnownFileType = file.xib; path = AddImageCollectionViewCell.xib; sourceTree = "<group>"; };
		2AACE7AB2BB836F8007999A6 /* SelectedImageCollectionViewCell.swift */ = {isa = PBXFileReference; fileEncoding = 4; lastKnownFileType = sourcecode.swift; path = SelectedImageCollectionViewCell.swift; sourceTree = "<group>"; };
		2AACE7AC2BB836F8007999A6 /* SelectedImageCollectionViewCell.xib */ = {isa = PBXFileReference; fileEncoding = 4; lastKnownFileType = file.xib; path = SelectedImageCollectionViewCell.xib; sourceTree = "<group>"; };
		2AACE7AD2BB836F8007999A6 /* TagsCollectionViewCell.swift */ = {isa = PBXFileReference; fileEncoding = 4; lastKnownFileType = sourcecode.swift; path = TagsCollectionViewCell.swift; sourceTree = "<group>"; };
		2AACE7AE2BB836F8007999A6 /* TagsCollectionViewCell.xib */ = {isa = PBXFileReference; fileEncoding = 4; lastKnownFileType = file.xib; path = TagsCollectionViewCell.xib; sourceTree = "<group>"; };
		2AACE7B02BB836F8007999A6 /* SettingsTableViewCell.swift */ = {isa = PBXFileReference; fileEncoding = 4; lastKnownFileType = sourcecode.swift; path = SettingsTableViewCell.swift; sourceTree = "<group>"; };
		2AACE7B12BB836F8007999A6 /* SettingsTableViewCell.xib */ = {isa = PBXFileReference; fileEncoding = 4; lastKnownFileType = file.xib; path = SettingsTableViewCell.xib; sourceTree = "<group>"; };
		2AACE7B32BB836F9007999A6 /* MyAlbumsCollectionViewCell.swift */ = {isa = PBXFileReference; fileEncoding = 4; lastKnownFileType = sourcecode.swift; path = MyAlbumsCollectionViewCell.swift; sourceTree = "<group>"; };
		2AACE7B42BB836F9007999A6 /* MyAlbumsCollectionViewCell.xib */ = {isa = PBXFileReference; fileEncoding = 4; lastKnownFileType = file.xib; path = MyAlbumsCollectionViewCell.xib; sourceTree = "<group>"; };
		2AACE7B52BB836F9007999A6 /* MyAlbumsDefaultCollectionViewCell.swift */ = {isa = PBXFileReference; fileEncoding = 4; lastKnownFileType = sourcecode.swift; path = MyAlbumsDefaultCollectionViewCell.swift; sourceTree = "<group>"; };
		2AACE7B62BB836F9007999A6 /* MyAlbumsDefaultCollectionViewCell.xib */ = {isa = PBXFileReference; fileEncoding = 4; lastKnownFileType = file.xib; path = MyAlbumsDefaultCollectionViewCell.xib; sourceTree = "<group>"; };
		2AACE7B82BB836F9007999A6 /* DetailImagesTableViewCell.swift */ = {isa = PBXFileReference; fileEncoding = 4; lastKnownFileType = sourcecode.swift; path = DetailImagesTableViewCell.swift; sourceTree = "<group>"; };
		2AACE7B92BB836F9007999A6 /* DetailImagesTableViewCell.xib */ = {isa = PBXFileReference; fileEncoding = 4; lastKnownFileType = file.xib; path = DetailImagesTableViewCell.xib; sourceTree = "<group>"; };
		2AACE7BA2BB836F9007999A6 /* DetailInfoTableViewCell.swift */ = {isa = PBXFileReference; fileEncoding = 4; lastKnownFileType = sourcecode.swift; path = DetailInfoTableViewCell.swift; sourceTree = "<group>"; };
		2AACE7BB2BB836F9007999A6 /* DetailInfoTableViewCell.xib */ = {isa = PBXFileReference; fileEncoding = 4; lastKnownFileType = file.xib; path = DetailInfoTableViewCell.xib; sourceTree = "<group>"; };
		2AACE7BC2BB836F9007999A6 /* DetailTagsCollectionViewCell.swift */ = {isa = PBXFileReference; fileEncoding = 4; lastKnownFileType = sourcecode.swift; path = DetailTagsCollectionViewCell.swift; sourceTree = "<group>"; };
		2AACE7BD2BB836F9007999A6 /* DetailTagsCollectionViewCell.xib */ = {isa = PBXFileReference; fileEncoding = 4; lastKnownFileType = file.xib; path = DetailTagsCollectionViewCell.xib; sourceTree = "<group>"; };
		2AACE7BF2BB836F9007999A6 /* OnboardingCollectionViewCell.swift */ = {isa = PBXFileReference; fileEncoding = 4; lastKnownFileType = sourcecode.swift; path = OnboardingCollectionViewCell.swift; sourceTree = "<group>"; };
		2AACE7C02BB836F9007999A6 /* OnboardingCollectionViewCell.xib */ = {isa = PBXFileReference; fileEncoding = 4; lastKnownFileType = file.xib; path = OnboardingCollectionViewCell.xib; sourceTree = "<group>"; };
		2AACE7D62BB83718007999A6 /* AlbumModel.swift */ = {isa = PBXFileReference; fileEncoding = 4; lastKnownFileType = sourcecode.swift; path = AlbumModel.swift; sourceTree = "<group>"; };
		2AACE7D72BB83718007999A6 /* UserModel.swift */ = {isa = PBXFileReference; fileEncoding = 4; lastKnownFileType = sourcecode.swift; path = UserModel.swift; sourceTree = "<group>"; };
		2AACE7DB2BB8372E007999A6 /* ColorManager.swift */ = {isa = PBXFileReference; fileEncoding = 4; lastKnownFileType = sourcecode.swift; path = ColorManager.swift; sourceTree = "<group>"; };
		2AACE7DC2BB8372E007999A6 /* ConfigManager.swift */ = {isa = PBXFileReference; fileEncoding = 4; lastKnownFileType = sourcecode.swift; path = ConfigManager.swift; sourceTree = "<group>"; };
		2AACE7DD2BB8372E007999A6 /* DataManager.swift */ = {isa = PBXFileReference; fileEncoding = 4; lastKnownFileType = sourcecode.swift; path = DataManager.swift; sourceTree = "<group>"; };
		2AACE7DE2BB8372E007999A6 /* HapticManager.swift */ = {isa = PBXFileReference; fileEncoding = 4; lastKnownFileType = sourcecode.swift; path = HapticManager.swift; sourceTree = "<group>"; };
		2AACE7DF2BB8372E007999A6 /* LoginManager.swift */ = {isa = PBXFileReference; fileEncoding = 4; lastKnownFileType = sourcecode.swift; path = LoginManager.swift; sourceTree = "<group>"; };
		2AACE7E02BB8372E007999A6 /* SceneManager.swift */ = {isa = PBXFileReference; fileEncoding = 4; lastKnownFileType = sourcecode.swift; path = SceneManager.swift; sourceTree = "<group>"; };
		2AACE7E12BB8372E007999A6 /* UserManager.swift */ = {isa = PBXFileReference; fileEncoding = 4; lastKnownFileType = sourcecode.swift; path = UserManager.swift; sourceTree = "<group>"; };
		2AACE7EA2BB83740007999A6 /* AlbumField.swift */ = {isa = PBXFileReference; fileEncoding = 4; lastKnownFileType = sourcecode.swift; path = AlbumField.swift; sourceTree = "<group>"; };
		2AACE7EB2BB83740007999A6 /* AuthProvider.swift */ = {isa = PBXFileReference; fileEncoding = 4; lastKnownFileType = sourcecode.swift; path = AuthProvider.swift; sourceTree = "<group>"; };
		2AACE7EC2BB83740007999A6 /* ReportField.swift */ = {isa = PBXFileReference; fileEncoding = 4; lastKnownFileType = sourcecode.swift; path = ReportField.swift; sourceTree = "<group>"; };
		2AACE7ED2BB83740007999A6 /* State.swift */ = {isa = PBXFileReference; fileEncoding = 4; lastKnownFileType = sourcecode.swift; path = State.swift; sourceTree = "<group>"; };
		2AACE7EE2BB83740007999A6 /* UserField.swift */ = {isa = PBXFileReference; fileEncoding = 4; lastKnownFileType = sourcecode.swift; path = UserField.swift; sourceTree = "<group>"; };
		2AACE7F52BB83748007999A6 /* NSMutableAttributedString+.swift */ = {isa = PBXFileReference; fileEncoding = 4; lastKnownFileType = sourcecode.swift; path = "NSMutableAttributedString+.swift"; sourceTree = "<group>"; };
		2AACE7F62BB83748007999A6 /* UIApplication+.swift */ = {isa = PBXFileReference; fileEncoding = 4; lastKnownFileType = sourcecode.swift; path = "UIApplication+.swift"; sourceTree = "<group>"; };
		2AACE7F72BB83748007999A6 /* UIColors+.swift */ = {isa = PBXFileReference; fileEncoding = 4; lastKnownFileType = sourcecode.swift; path = "UIColors+.swift"; sourceTree = "<group>"; };
		2AACE7F82BB83748007999A6 /* UIImage+.swift */ = {isa = PBXFileReference; fileEncoding = 4; lastKnownFileType = sourcecode.swift; path = "UIImage+.swift"; sourceTree = "<group>"; };
		2AACE7F92BB83748007999A6 /* UIViewController+.swift */ = {isa = PBXFileReference; fileEncoding = 4; lastKnownFileType = sourcecode.swift; path = "UIViewController+.swift"; sourceTree = "<group>"; };
		2AACE8002BB83790007999A6 /* GoogleService-Info.plist */ = {isa = PBXFileReference; fileEncoding = 4; lastKnownFileType = text.plist.xml; path = "GoogleService-Info.plist"; sourceTree = "<group>"; };
		2AACE8022BB83831007999A6 /* PICLYConstants.swift */ = {isa = PBXFileReference; fileEncoding = 4; lastKnownFileType = sourcecode.swift; path = PICLYConstants.swift; sourceTree = "<group>"; };
		2AACE8072BB83B9B007999A6 /* ko */ = {isa = PBXFileReference; lastKnownFileType = text.plist.strings; name = ko; path = ko.lproj/Main.strings; sourceTree = "<group>"; };
		2AACE8082BB83B9B007999A6 /* ko */ = {isa = PBXFileReference; lastKnownFileType = text.plist.strings; name = ko; path = ko.lproj/LaunchScreen.strings; sourceTree = "<group>"; };
		2AACE8092BB83F8E007999A6 /* PICLY.entitlements */ = {isa = PBXFileReference; lastKnownFileType = text.plist.entitlements; path = PICLY.entitlements; sourceTree = "<group>"; };
		2AACE80A2BB84099007999A6 /* Splash.jpg */ = {isa = PBXFileReference; lastKnownFileType = image.jpeg; path = Splash.jpg; sourceTree = "<group>"; };
/* End PBXFileReference section */

/* Begin PBXFrameworksBuildPhase section */
		2AACE7392BB82EF7007999A6 /* Frameworks */ = {
			isa = PBXFrameworksBuildPhase;
			buildActionMask = 2147483647;
			files = (
				2AACE75F2BB83099007999A6 /* Kingfisher in Frameworks */,
				2AACE77B2BB8333D007999A6 /* GoogleSignIn in Frameworks */,
				2AACE7642BB83240007999A6 /* FirebaseAuth in Frameworks */,
				2AACE75C2BB83038007999A6 /* RxSwift in Frameworks */,
				2AACE7752BB83286007999A6 /* SnapKit in Frameworks */,
				2AACE7782BB832A6007999A6 /* RxKeyboard in Frameworks */,
				2AACE7702BB83240007999A6 /* FirebaseRemoteConfig in Frameworks */,
				2AACE7682BB83240007999A6 /* FirebaseDynamicLinks in Frameworks */,
				2AACE77E2BB8336A007999A6 /* RxGesture in Frameworks */,
				2AACE7662BB83240007999A6 /* FirebaseCrashlytics in Frameworks */,
				2AACE76A2BB83240007999A6 /* FirebaseFirestore in Frameworks */,
				2AACE75A2BB83038007999A6 /* RxRelay in Frameworks */,
				2AACE7722BB83240007999A6 /* FirebaseStorage in Frameworks */,
				2AACE76C2BB83240007999A6 /* FirebaseFunctions in Frameworks */,
				2AACE7842BB83415007999A6 /* SwiftDate in Frameworks */,
				2AACE7622BB83240007999A6 /* FirebaseAnalytics in Frameworks */,
				2AACE7812BB8338D007999A6 /* SkeletonView in Frameworks */,
				2AACE7582BB83038007999A6 /* RxCocoa in Frameworks */,
			);
			runOnlyForDeploymentPostprocessing = 0;
		};
/* End PBXFrameworksBuildPhase section */

/* Begin PBXGroup section */
		2AACE7332BB82EF7007999A6 = {
			isa = PBXGroup;
			children = (
				2AACE73E2BB82EF7007999A6 /* PICLY */,
				2AACE73D2BB82EF7007999A6 /* Products */,
			);
			sourceTree = "<group>";
		};
		2AACE73D2BB82EF7007999A6 /* Products */ = {
			isa = PBXGroup;
			children = (
				2AACE73C2BB82EF7007999A6 /* PICLY.app */,
			);
			name = Products;
			sourceTree = "<group>";
		};
		2AACE73E2BB82EF7007999A6 /* PICLY */ = {
			isa = PBXGroup;
			children = (
				2AACE8092BB83F8E007999A6 /* PICLY.entitlements */,
				2AACE7452BB82EF7007999A6 /* Main.storyboard */,
				2AACE73F2BB82EF7007999A6 /* AppDelegate.swift */,
				2AACE7412BB82EF7007999A6 /* SceneDelegate.swift */,
				2AACE7532BB82F87007999A6 /* ViewControllers */,
				2AACE78D2BB83538007999A6 /* Views */,
				2AACE7A62BB8369E007999A6 /* ViewModels */,
				2AACE7D82BB83718007999A6 /* Models */,
				2AACE7E22BB8372E007999A6 /* Managers */,
				2AACE7EF2BB83740007999A6 /* Enums */,
				2AACE7FA2BB83748007999A6 /* Extensions */,
				2AACE8052BB83B29007999A6 /* Fonts */,
				2AACE8022BB83831007999A6 /* PICLYConstants.swift */,
				2AACE8002BB83790007999A6 /* GoogleService-Info.plist */,
				2AACE7482BB82EF8007999A6 /* Assets.xcassets */,
				2AACE80A2BB84099007999A6 /* Splash.jpg */,
				2AACE74A2BB82EF8007999A6 /* LaunchScreen.storyboard */,
				2AACE74D2BB82EF8007999A6 /* Info.plist */,
			);
			path = PICLY;
			sourceTree = "<group>";
		};
		2AACE7532BB82F87007999A6 /* ViewControllers */ = {
			isa = PBXGroup;
			children = (
				2AACE7962BB8368B007999A6 /* AcountViewController.swift */,
				2AACE7982BB8368B007999A6 /* DetailViewController.swift */,
				2AACE7902BB8368B007999A6 /* EditViewController.swift */,
				2AACE7922BB8368B007999A6 /* EmailSignInViewController.swift */,
				2AACE7952BB8368B007999A6 /* MainTabBarController.swift */,
				2AACE7932BB8368B007999A6 /* MyAlbumsViewController.swift */,
				2AACE7912BB8368B007999A6 /* OnboardingViewController.swift */,
				2AACE7992BB8368B007999A6 /* SettingViewController.swift */,
				2AACE79A2BB8368B007999A6 /* SignInViewController.swift */,
				2AACE7942BB8368B007999A6 /* UploadViewController.swift */,
				2AACE7972BB8368B007999A6 /* WebViewController.swift */,
			);
			path = ViewControllers;
			sourceTree = "<group>";
		};
		2AACE78D2BB83538007999A6 /* Views */ = {
			isa = PBXGroup;
			children = (
				2AACE78B2BB83525007999A6 /* LoadingIndicatorView.swift */,
				2AACE7BE2BB836F9007999A6 /* DetailVC */,
				2AACE7B72BB836F9007999A6 /* MyAlbumsVC */,
				2AACE7C12BB836F9007999A6 /* OnboardingVC */,
				2AACE7B22BB836F8007999A6 /* SettingVC */,
				2AACE7AF2BB836F8007999A6 /* UploadVC */,
			);
			path = Views;
			sourceTree = "<group>";
		};
		2AACE7A62BB8369E007999A6 /* ViewModels */ = {
			isa = PBXGroup;
			children = (
				2AACE7A72BB836C8007999A6 /* UploadViewModel.swift */,
			);
			path = ViewModels;
			sourceTree = "<group>";
		};
		2AACE7AF2BB836F8007999A6 /* UploadVC */ = {
			isa = PBXGroup;
			children = (
				2AACE7A92BB836F8007999A6 /* AddImageCollectionViewCell.swift */,
				2AACE7AA2BB836F8007999A6 /* AddImageCollectionViewCell.xib */,
				2AACE7AB2BB836F8007999A6 /* SelectedImageCollectionViewCell.swift */,
				2AACE7AC2BB836F8007999A6 /* SelectedImageCollectionViewCell.xib */,
				2AACE7AD2BB836F8007999A6 /* TagsCollectionViewCell.swift */,
				2AACE7AE2BB836F8007999A6 /* TagsCollectionViewCell.xib */,
			);
			path = UploadVC;
			sourceTree = "<group>";
		};
		2AACE7B22BB836F8007999A6 /* SettingVC */ = {
			isa = PBXGroup;
			children = (
				2AACE7B02BB836F8007999A6 /* SettingsTableViewCell.swift */,
				2AACE7B12BB836F8007999A6 /* SettingsTableViewCell.xib */,
			);
			path = SettingVC;
			sourceTree = "<group>";
		};
		2AACE7B72BB836F9007999A6 /* MyAlbumsVC */ = {
			isa = PBXGroup;
			children = (
				2AACE7B32BB836F9007999A6 /* MyAlbumsCollectionViewCell.swift */,
				2AACE7B42BB836F9007999A6 /* MyAlbumsCollectionViewCell.xib */,
				2AACE7B52BB836F9007999A6 /* MyAlbumsDefaultCollectionViewCell.swift */,
				2AACE7B62BB836F9007999A6 /* MyAlbumsDefaultCollectionViewCell.xib */,
			);
			path = MyAlbumsVC;
			sourceTree = "<group>";
		};
		2AACE7BE2BB836F9007999A6 /* DetailVC */ = {
			isa = PBXGroup;
			children = (
				2AACE7B82BB836F9007999A6 /* DetailImagesTableViewCell.swift */,
				2AACE7B92BB836F9007999A6 /* DetailImagesTableViewCell.xib */,
				2AACE7BA2BB836F9007999A6 /* DetailInfoTableViewCell.swift */,
				2AACE7BB2BB836F9007999A6 /* DetailInfoTableViewCell.xib */,
				2AACE7BC2BB836F9007999A6 /* DetailTagsCollectionViewCell.swift */,
				2AACE7BD2BB836F9007999A6 /* DetailTagsCollectionViewCell.xib */,
			);
			path = DetailVC;
			sourceTree = "<group>";
		};
		2AACE7C12BB836F9007999A6 /* OnboardingVC */ = {
			isa = PBXGroup;
			children = (
				2AACE7BF2BB836F9007999A6 /* OnboardingCollectionViewCell.swift */,
				2AACE7C02BB836F9007999A6 /* OnboardingCollectionViewCell.xib */,
			);
			path = OnboardingVC;
			sourceTree = "<group>";
		};
		2AACE7D82BB83718007999A6 /* Models */ = {
			isa = PBXGroup;
			children = (
				2AACE7D62BB83718007999A6 /* AlbumModel.swift */,
				2AACE7D72BB83718007999A6 /* UserModel.swift */,
			);
			path = Models;
			sourceTree = "<group>";
		};
		2AACE7E22BB8372E007999A6 /* Managers */ = {
			isa = PBXGroup;
			children = (
				2AACE7DB2BB8372E007999A6 /* ColorManager.swift */,
				2AACE7DC2BB8372E007999A6 /* ConfigManager.swift */,
				2AACE7DD2BB8372E007999A6 /* DataManager.swift */,
				2AACE7DE2BB8372E007999A6 /* HapticManager.swift */,
				2AACE7DF2BB8372E007999A6 /* LoginManager.swift */,
				2AACE7E02BB8372E007999A6 /* SceneManager.swift */,
				2AACE7E12BB8372E007999A6 /* UserManager.swift */,
			);
			path = Managers;
			sourceTree = "<group>";
		};
		2AACE7EF2BB83740007999A6 /* Enums */ = {
			isa = PBXGroup;
			children = (
				2AACE7EA2BB83740007999A6 /* AlbumField.swift */,
				2AACE7EB2BB83740007999A6 /* AuthProvider.swift */,
				2AACE7EC2BB83740007999A6 /* ReportField.swift */,
				2AACE7ED2BB83740007999A6 /* State.swift */,
				2AACE7EE2BB83740007999A6 /* UserField.swift */,
			);
			path = Enums;
			sourceTree = "<group>";
		};
		2AACE7FA2BB83748007999A6 /* Extensions */ = {
			isa = PBXGroup;
			children = (
				2AACE7F52BB83748007999A6 /* NSMutableAttributedString+.swift */,
				2AACE7F62BB83748007999A6 /* UIApplication+.swift */,
				2AACE7F72BB83748007999A6 /* UIColors+.swift */,
				2AACE7F82BB83748007999A6 /* UIImage+.swift */,
				2AACE7F92BB83748007999A6 /* UIViewController+.swift */,
			);
			path = Extensions;
			sourceTree = "<group>";
		};
		2AACE8052BB83B29007999A6 /* Fonts */ = {
			isa = PBXGroup;
			children = (
				2A51A3EE2BB8492C00E7F5EA /* Bayon-Regular.ttf */,
			);
			path = Fonts;
			sourceTree = "<group>";
		};
/* End PBXGroup section */

/* Begin PBXNativeTarget section */
		2AACE73B2BB82EF7007999A6 /* PICLY */ = {
			isa = PBXNativeTarget;
			buildConfigurationList = 2AACE7502BB82EF8007999A6 /* Build configuration list for PBXNativeTarget "PICLY" */;
			buildPhases = (
				2AACE7382BB82EF7007999A6 /* Sources */,
				2AACE7392BB82EF7007999A6 /* Frameworks */,
				2AACE73A2BB82EF7007999A6 /* Resources */,
			);
			buildRules = (
			);
			dependencies = (
			);
			name = PICLY;
			packageProductDependencies = (
				2AACE7572BB83038007999A6 /* RxCocoa */,
				2AACE7592BB83038007999A6 /* RxRelay */,
				2AACE75B2BB83038007999A6 /* RxSwift */,
				2AACE75E2BB83099007999A6 /* Kingfisher */,
				2AACE7612BB83240007999A6 /* FirebaseAnalytics */,
				2AACE7632BB83240007999A6 /* FirebaseAuth */,
				2AACE7652BB83240007999A6 /* FirebaseCrashlytics */,
				2AACE7672BB83240007999A6 /* FirebaseDynamicLinks */,
				2AACE7692BB83240007999A6 /* FirebaseFirestore */,
				2AACE76B2BB83240007999A6 /* FirebaseFunctions */,
				2AACE76F2BB83240007999A6 /* FirebaseRemoteConfig */,
				2AACE7712BB83240007999A6 /* FirebaseStorage */,
				2AACE7742BB83286007999A6 /* SnapKit */,
				2AACE7772BB832A6007999A6 /* RxKeyboard */,
				2AACE77A2BB8333D007999A6 /* GoogleSignIn */,
				2AACE77D2BB8336A007999A6 /* RxGesture */,
				2AACE7802BB8338D007999A6 /* SkeletonView */,
				2AACE7832BB83415007999A6 /* SwiftDate */,
			);
			productName = PICLY;
			productReference = 2AACE73C2BB82EF7007999A6 /* PICLY.app */;
			productType = "com.apple.product-type.application";
		};
/* End PBXNativeTarget section */

/* Begin PBXProject section */
		2AACE7342BB82EF7007999A6 /* Project object */ = {
			isa = PBXProject;
			attributes = {
				BuildIndependentTargetsInParallel = 1;
				LastSwiftUpdateCheck = 1530;
				LastUpgradeCheck = 1530;
				TargetAttributes = {
					2AACE73B2BB82EF7007999A6 = {
						CreatedOnToolsVersion = 15.3;
					};
				};
			};
			buildConfigurationList = 2AACE7372BB82EF7007999A6 /* Build configuration list for PBXProject "PICLY" */;
			compatibilityVersion = "Xcode 14.0";
			developmentRegion = ko;
			hasScannedForEncodings = 0;
			knownRegions = (
				en,
				Base,
				ko,
			);
			mainGroup = 2AACE7332BB82EF7007999A6;
			packageReferences = (
				2AACE7562BB83038007999A6 /* XCRemoteSwiftPackageReference "RxSwift" */,
				2AACE75D2BB83099007999A6 /* XCRemoteSwiftPackageReference "Kingfisher" */,
				2AACE7602BB83240007999A6 /* XCRemoteSwiftPackageReference "firebase-ios-sdk" */,
				2AACE7732BB83286007999A6 /* XCRemoteSwiftPackageReference "SnapKit" */,
				2AACE7762BB832A6007999A6 /* XCRemoteSwiftPackageReference "RxKeyboard" */,
				2AACE7792BB8333D007999A6 /* XCRemoteSwiftPackageReference "GoogleSignIn-iOS" */,
				2AACE77C2BB8336A007999A6 /* XCRemoteSwiftPackageReference "RxGesture" */,
				2AACE77F2BB8338D007999A6 /* XCRemoteSwiftPackageReference "SkeletonView" */,
				2AACE7822BB83415007999A6 /* XCRemoteSwiftPackageReference "SwiftDate" */,
			);
			productRefGroup = 2AACE73D2BB82EF7007999A6 /* Products */;
			projectDirPath = "";
			projectRoot = "";
			targets = (
				2AACE73B2BB82EF7007999A6 /* PICLY */,
			);
		};
/* End PBXProject section */

/* Begin PBXResourcesBuildPhase section */
		2AACE73A2BB82EF7007999A6 /* Resources */ = {
			isa = PBXResourcesBuildPhase;
			buildActionMask = 2147483647;
			files = (
				2AACE7D52BB836F9007999A6 /* OnboardingCollectionViewCell.xib in Resources */,
				2AACE7CB2BB836F9007999A6 /* MyAlbumsCollectionViewCell.xib in Resources */,
				2AACE7D12BB836F9007999A6 /* DetailInfoTableViewCell.xib in Resources */,
				2AACE7C92BB836F9007999A6 /* SettingsTableViewCell.xib in Resources */,
				2AACE80B2BB8409A007999A6 /* Splash.jpg in Resources */,
				2A51A3EF2BB8492C00E7F5EA /* Bayon-Regular.ttf in Resources */,
				2AACE7CD2BB836F9007999A6 /* MyAlbumsDefaultCollectionViewCell.xib in Resources */,
				2AACE7492BB82EF8007999A6 /* Assets.xcassets in Resources */,
				2AACE7CF2BB836F9007999A6 /* DetailImagesTableViewCell.xib in Resources */,
				2AACE7C72BB836F9007999A6 /* TagsCollectionViewCell.xib in Resources */,
				2AACE74C2BB82EF8007999A6 /* Base in Resources */,
				2AACE7D32BB836F9007999A6 /* DetailTagsCollectionViewCell.xib in Resources */,
				2AACE7C52BB836F9007999A6 /* SelectedImageCollectionViewCell.xib in Resources */,
				2AACE7C32BB836F9007999A6 /* AddImageCollectionViewCell.xib in Resources */,
				2AACE8012BB83790007999A6 /* GoogleService-Info.plist in Resources */,
				2AACE7472BB82EF7007999A6 /* Base in Resources */,
			);
			runOnlyForDeploymentPostprocessing = 0;
		};
/* End PBXResourcesBuildPhase section */

/* Begin PBXSourcesBuildPhase section */
		2AACE7382BB82EF7007999A6 /* Sources */ = {
			isa = PBXSourcesBuildPhase;
			buildActionMask = 2147483647;
			files = (
				2AACE7FB2BB83748007999A6 /* NSMutableAttributedString+.swift in Sources */,
				2AACE7D92BB83718007999A6 /* AlbumModel.swift in Sources */,
				2AACE7E62BB8372E007999A6 /* HapticManager.swift in Sources */,
				2AACE7A82BB836C8007999A6 /* UploadViewModel.swift in Sources */,
				2AACE79F2BB8368B007999A6 /* UploadViewController.swift in Sources */,
				2AACE7A02BB8368B007999A6 /* MainTabBarController.swift in Sources */,
				2AACE7A42BB8368B007999A6 /* SettingViewController.swift in Sources */,
				2AACE7F12BB83740007999A6 /* AuthProvider.swift in Sources */,
				2AACE7C82BB836F9007999A6 /* SettingsTableViewCell.swift in Sources */,
				2AACE7C22BB836F9007999A6 /* AddImageCollectionViewCell.swift in Sources */,
				2AACE7CC2BB836F9007999A6 /* MyAlbumsDefaultCollectionViewCell.swift in Sources */,
				2AACE7FD2BB83748007999A6 /* UIColors+.swift in Sources */,
				2AACE7E82BB8372E007999A6 /* SceneManager.swift in Sources */,
				2AACE78C2BB83525007999A6 /* LoadingIndicatorView.swift in Sources */,
				2AACE79C2BB8368B007999A6 /* OnboardingViewController.swift in Sources */,
				2AACE7F22BB83740007999A6 /* ReportField.swift in Sources */,
				2AACE7F02BB83740007999A6 /* AlbumField.swift in Sources */,
				2AACE7A52BB8368B007999A6 /* SignInViewController.swift in Sources */,
				2AACE8032BB83831007999A6 /* PICLYConstants.swift in Sources */,
				2AACE79E2BB8368B007999A6 /* MyAlbumsViewController.swift in Sources */,
				2AACE7C42BB836F9007999A6 /* SelectedImageCollectionViewCell.swift in Sources */,
				2AACE7402BB82EF7007999A6 /* AppDelegate.swift in Sources */,
				2AACE7E32BB8372E007999A6 /* ColorManager.swift in Sources */,
				2AACE7D22BB836F9007999A6 /* DetailTagsCollectionViewCell.swift in Sources */,
				2AACE7E52BB8372E007999A6 /* DataManager.swift in Sources */,
				2AACE7A12BB8368B007999A6 /* AcountViewController.swift in Sources */,
				2AACE7FC2BB83748007999A6 /* UIApplication+.swift in Sources */,
				2AACE7422BB82EF7007999A6 /* SceneDelegate.swift in Sources */,
				2AACE7CE2BB836F9007999A6 /* DetailImagesTableViewCell.swift in Sources */,
				2AACE7E92BB8372E007999A6 /* UserManager.swift in Sources */,
				2AACE7FE2BB83748007999A6 /* UIImage+.swift in Sources */,
				2AACE7FF2BB83748007999A6 /* UIViewController+.swift in Sources */,
				2AACE7D42BB836F9007999A6 /* OnboardingCollectionViewCell.swift in Sources */,
				2AACE79D2BB8368B007999A6 /* EmailSignInViewController.swift in Sources */,
				2AACE7C62BB836F9007999A6 /* TagsCollectionViewCell.swift in Sources */,
				2AACE7F42BB83740007999A6 /* UserField.swift in Sources */,
				2AACE7F32BB83740007999A6 /* State.swift in Sources */,
				2AACE7E42BB8372E007999A6 /* ConfigManager.swift in Sources */,
				2AACE7A22BB8368B007999A6 /* WebViewController.swift in Sources */,
				2AACE7CA2BB836F9007999A6 /* MyAlbumsCollectionViewCell.swift in Sources */,
				2AACE7D02BB836F9007999A6 /* DetailInfoTableViewCell.swift in Sources */,
				2AACE7E72BB8372E007999A6 /* LoginManager.swift in Sources */,
				2AACE7A32BB8368B007999A6 /* DetailViewController.swift in Sources */,
				2AACE7DA2BB83718007999A6 /* UserModel.swift in Sources */,
				2AACE79B2BB8368B007999A6 /* EditViewController.swift in Sources */,
			);
			runOnlyForDeploymentPostprocessing = 0;
		};
/* End PBXSourcesBuildPhase section */

/* Begin PBXVariantGroup section */
		2AACE7452BB82EF7007999A6 /* Main.storyboard */ = {
			isa = PBXVariantGroup;
			children = (
				2AACE7462BB82EF7007999A6 /* Base */,
				2AACE8072BB83B9B007999A6 /* ko */,
			);
			name = Main.storyboard;
			sourceTree = "<group>";
		};
		2AACE74A2BB82EF8007999A6 /* LaunchScreen.storyboard */ = {
			isa = PBXVariantGroup;
			children = (
				2AACE74B2BB82EF8007999A6 /* Base */,
				2AACE8082BB83B9B007999A6 /* ko */,
			);
			name = LaunchScreen.storyboard;
			sourceTree = "<group>";
		};
/* End PBXVariantGroup section */

/* Begin XCBuildConfiguration section */
		2AACE74E2BB82EF8007999A6 /* Debug */ = {
			isa = XCBuildConfiguration;
			buildSettings = {
				ALWAYS_SEARCH_USER_PATHS = NO;
				ASSETCATALOG_COMPILER_GENERATE_SWIFT_ASSET_SYMBOL_EXTENSIONS = YES;
				CLANG_ANALYZER_LOCALIZABILITY_NONLOCALIZED = YES;
				CLANG_ANALYZER_NONNULL = YES;
				CLANG_ANALYZER_NUMBER_OBJECT_CONVERSION = YES_AGGRESSIVE;
				CLANG_CXX_LANGUAGE_STANDARD = "gnu++20";
				CLANG_ENABLE_MODULES = YES;
				CLANG_ENABLE_OBJC_ARC = YES;
				CLANG_ENABLE_OBJC_WEAK = YES;
				CLANG_WARN_BLOCK_CAPTURE_AUTORELEASING = YES;
				CLANG_WARN_BOOL_CONVERSION = YES;
				CLANG_WARN_COMMA = YES;
				CLANG_WARN_CONSTANT_CONVERSION = YES;
				CLANG_WARN_DEPRECATED_OBJC_IMPLEMENTATIONS = YES;
				CLANG_WARN_DIRECT_OBJC_ISA_USAGE = YES_ERROR;
				CLANG_WARN_DOCUMENTATION_COMMENTS = YES;
				CLANG_WARN_EMPTY_BODY = YES;
				CLANG_WARN_ENUM_CONVERSION = YES;
				CLANG_WARN_INFINITE_RECURSION = YES;
				CLANG_WARN_INT_CONVERSION = YES;
				CLANG_WARN_NON_LITERAL_NULL_CONVERSION = YES;
				CLANG_WARN_OBJC_IMPLICIT_RETAIN_SELF = YES;
				CLANG_WARN_OBJC_LITERAL_CONVERSION = YES;
				CLANG_WARN_OBJC_ROOT_CLASS = YES_ERROR;
				CLANG_WARN_QUOTED_INCLUDE_IN_FRAMEWORK_HEADER = YES;
				CLANG_WARN_RANGE_LOOP_ANALYSIS = YES;
				CLANG_WARN_STRICT_PROTOTYPES = YES;
				CLANG_WARN_SUSPICIOUS_MOVE = YES;
				CLANG_WARN_UNGUARDED_AVAILABILITY = YES_AGGRESSIVE;
				CLANG_WARN_UNREACHABLE_CODE = YES;
				CLANG_WARN__DUPLICATE_METHOD_MATCH = YES;
				COPY_PHASE_STRIP = NO;
				DEBUG_INFORMATION_FORMAT = dwarf;
				ENABLE_STRICT_OBJC_MSGSEND = YES;
				ENABLE_TESTABILITY = YES;
				ENABLE_USER_SCRIPT_SANDBOXING = YES;
				GCC_C_LANGUAGE_STANDARD = gnu17;
				GCC_DYNAMIC_NO_PIC = NO;
				GCC_NO_COMMON_BLOCKS = YES;
				GCC_OPTIMIZATION_LEVEL = 0;
				GCC_PREPROCESSOR_DEFINITIONS = (
					"DEBUG=1",
					"$(inherited)",
				);
				GCC_WARN_64_TO_32_BIT_CONVERSION = YES;
				GCC_WARN_ABOUT_RETURN_TYPE = YES_ERROR;
				GCC_WARN_UNDECLARED_SELECTOR = YES;
				GCC_WARN_UNINITIALIZED_AUTOS = YES_AGGRESSIVE;
				GCC_WARN_UNUSED_FUNCTION = YES;
				GCC_WARN_UNUSED_VARIABLE = YES;
				IPHONEOS_DEPLOYMENT_TARGET = 15.0;
				LOCALIZATION_PREFERS_STRING_CATALOGS = YES;
				MTL_ENABLE_DEBUG_INFO = INCLUDE_SOURCE;
				MTL_FAST_MATH = YES;
				ONLY_ACTIVE_ARCH = YES;
				SDKROOT = iphoneos;
				SWIFT_ACTIVE_COMPILATION_CONDITIONS = "DEBUG $(inherited)";
				SWIFT_OPTIMIZATION_LEVEL = "-Onone";
			};
			name = Debug;
		};
		2AACE74F2BB82EF8007999A6 /* Release */ = {
			isa = XCBuildConfiguration;
			buildSettings = {
				ALWAYS_SEARCH_USER_PATHS = NO;
				ASSETCATALOG_COMPILER_GENERATE_SWIFT_ASSET_SYMBOL_EXTENSIONS = YES;
				CLANG_ANALYZER_LOCALIZABILITY_NONLOCALIZED = YES;
				CLANG_ANALYZER_NONNULL = YES;
				CLANG_ANALYZER_NUMBER_OBJECT_CONVERSION = YES_AGGRESSIVE;
				CLANG_CXX_LANGUAGE_STANDARD = "gnu++20";
				CLANG_ENABLE_MODULES = YES;
				CLANG_ENABLE_OBJC_ARC = YES;
				CLANG_ENABLE_OBJC_WEAK = YES;
				CLANG_WARN_BLOCK_CAPTURE_AUTORELEASING = YES;
				CLANG_WARN_BOOL_CONVERSION = YES;
				CLANG_WARN_COMMA = YES;
				CLANG_WARN_CONSTANT_CONVERSION = YES;
				CLANG_WARN_DEPRECATED_OBJC_IMPLEMENTATIONS = YES;
				CLANG_WARN_DIRECT_OBJC_ISA_USAGE = YES_ERROR;
				CLANG_WARN_DOCUMENTATION_COMMENTS = YES;
				CLANG_WARN_EMPTY_BODY = YES;
				CLANG_WARN_ENUM_CONVERSION = YES;
				CLANG_WARN_INFINITE_RECURSION = YES;
				CLANG_WARN_INT_CONVERSION = YES;
				CLANG_WARN_NON_LITERAL_NULL_CONVERSION = YES;
				CLANG_WARN_OBJC_IMPLICIT_RETAIN_SELF = YES;
				CLANG_WARN_OBJC_LITERAL_CONVERSION = YES;
				CLANG_WARN_OBJC_ROOT_CLASS = YES_ERROR;
				CLANG_WARN_QUOTED_INCLUDE_IN_FRAMEWORK_HEADER = YES;
				CLANG_WARN_RANGE_LOOP_ANALYSIS = YES;
				CLANG_WARN_STRICT_PROTOTYPES = YES;
				CLANG_WARN_SUSPICIOUS_MOVE = YES;
				CLANG_WARN_UNGUARDED_AVAILABILITY = YES_AGGRESSIVE;
				CLANG_WARN_UNREACHABLE_CODE = YES;
				CLANG_WARN__DUPLICATE_METHOD_MATCH = YES;
				COPY_PHASE_STRIP = NO;
				DEBUG_INFORMATION_FORMAT = "dwarf-with-dsym";
				ENABLE_NS_ASSERTIONS = NO;
				ENABLE_STRICT_OBJC_MSGSEND = YES;
				ENABLE_USER_SCRIPT_SANDBOXING = YES;
				GCC_C_LANGUAGE_STANDARD = gnu17;
				GCC_NO_COMMON_BLOCKS = YES;
				GCC_WARN_64_TO_32_BIT_CONVERSION = YES;
				GCC_WARN_ABOUT_RETURN_TYPE = YES_ERROR;
				GCC_WARN_UNDECLARED_SELECTOR = YES;
				GCC_WARN_UNINITIALIZED_AUTOS = YES_AGGRESSIVE;
				GCC_WARN_UNUSED_FUNCTION = YES;
				GCC_WARN_UNUSED_VARIABLE = YES;
				IPHONEOS_DEPLOYMENT_TARGET = 15.0;
				LOCALIZATION_PREFERS_STRING_CATALOGS = YES;
				MTL_ENABLE_DEBUG_INFO = NO;
				MTL_FAST_MATH = YES;
				SDKROOT = iphoneos;
				SWIFT_COMPILATION_MODE = wholemodule;
				VALIDATE_PRODUCT = YES;
			};
			name = Release;
		};
		2AACE7512BB82EF8007999A6 /* Debug */ = {
			isa = XCBuildConfiguration;
			buildSettings = {
				ASSETCATALOG_COMPILER_APPICON_NAME = AppIcon;
				ASSETCATALOG_COMPILER_GLOBAL_ACCENT_COLOR_NAME = AccentColor;
				CODE_SIGN_ENTITLEMENTS = PICLY/PICLY.entitlements;
				CODE_SIGN_STYLE = Automatic;
				CURRENT_PROJECT_VERSION = 1;
				DEVELOPMENT_TEAM = 39JATSZXJT;
				GENERATE_INFOPLIST_FILE = YES;
				INFOPLIST_FILE = PICLY/Info.plist;
				INFOPLIST_KEY_UIApplicationSupportsIndirectInputEvents = YES;
				INFOPLIST_KEY_UILaunchStoryboardName = LaunchScreen;
				INFOPLIST_KEY_UIMainStoryboardFile = Main;
				INFOPLIST_KEY_UISupportedInterfaceOrientations_iPad = "UIInterfaceOrientationPortrait UIInterfaceOrientationPortraitUpsideDown UIInterfaceOrientationLandscapeLeft UIInterfaceOrientationLandscapeRight";
				INFOPLIST_KEY_UISupportedInterfaceOrientations_iPhone = "UIInterfaceOrientationPortrait UIInterfaceOrientationLandscapeLeft UIInterfaceOrientationLandscapeRight";
				LD_RUNPATH_SEARCH_PATHS = (
					"$(inherited)",
					"@executable_path/Frameworks",
				);
				MARKETING_VERSION = 1.0;
				PRODUCT_BUNDLE_IDENTIFIER = com.Deok.PICLY;
				PRODUCT_NAME = "$(TARGET_NAME)";
				SWIFT_EMIT_LOC_STRINGS = YES;
				SWIFT_VERSION = 5.0;
				TARGETED_DEVICE_FAMILY = "1,2";
			};
			name = Debug;
		};
		2AACE7522BB82EF8007999A6 /* Release */ = {
			isa = XCBuildConfiguration;
			buildSettings = {
				ASSETCATALOG_COMPILER_APPICON_NAME = AppIcon;
				ASSETCATALOG_COMPILER_GLOBAL_ACCENT_COLOR_NAME = AccentColor;
				CODE_SIGN_ENTITLEMENTS = PICLY/PICLY.entitlements;
				CODE_SIGN_STYLE = Automatic;
				CURRENT_PROJECT_VERSION = 1;
				DEVELOPMENT_TEAM = 39JATSZXJT;
				GENERATE_INFOPLIST_FILE = YES;
				INFOPLIST_FILE = PICLY/Info.plist;
				INFOPLIST_KEY_UIApplicationSupportsIndirectInputEvents = YES;
				INFOPLIST_KEY_UILaunchStoryboardName = LaunchScreen;
				INFOPLIST_KEY_UIMainStoryboardFile = Main;
				INFOPLIST_KEY_UISupportedInterfaceOrientations_iPad = "UIInterfaceOrientationPortrait UIInterfaceOrientationPortraitUpsideDown UIInterfaceOrientationLandscapeLeft UIInterfaceOrientationLandscapeRight";
				INFOPLIST_KEY_UISupportedInterfaceOrientations_iPhone = "UIInterfaceOrientationPortrait UIInterfaceOrientationLandscapeLeft UIInterfaceOrientationLandscapeRight";
				LD_RUNPATH_SEARCH_PATHS = (
					"$(inherited)",
					"@executable_path/Frameworks",
				);
				MARKETING_VERSION = 1.0;
				PRODUCT_BUNDLE_IDENTIFIER = com.Deok.PICLY;
				PRODUCT_NAME = "$(TARGET_NAME)";
				SWIFT_EMIT_LOC_STRINGS = YES;
				SWIFT_VERSION = 5.0;
				TARGETED_DEVICE_FAMILY = "1,2";
			};
			name = Release;
		};
/* End XCBuildConfiguration section */

/* Begin XCConfigurationList section */
		2AACE7372BB82EF7007999A6 /* Build configuration list for PBXProject "PICLY" */ = {
			isa = XCConfigurationList;
			buildConfigurations = (
				2AACE74E2BB82EF8007999A6 /* Debug */,
				2AACE74F2BB82EF8007999A6 /* Release */,
			);
			defaultConfigurationIsVisible = 0;
			defaultConfigurationName = Release;
		};
		2AACE7502BB82EF8007999A6 /* Build configuration list for PBXNativeTarget "PICLY" */ = {
			isa = XCConfigurationList;
			buildConfigurations = (
				2AACE7512BB82EF8007999A6 /* Debug */,
				2AACE7522BB82EF8007999A6 /* Release */,
			);
			defaultConfigurationIsVisible = 0;
			defaultConfigurationName = Release;
		};
/* End XCConfigurationList section */

/* Begin XCRemoteSwiftPackageReference section */
		2AACE7562BB83038007999A6 /* XCRemoteSwiftPackageReference "RxSwift" */ = {
			isa = XCRemoteSwiftPackageReference;
			repositoryURL = "https://github.com/ReactiveX/RxSwift.git";
			requirement = {
				kind = upToNextMajorVersion;
				minimumVersion = 6.6.0;
			};
		};
		2AACE75D2BB83099007999A6 /* XCRemoteSwiftPackageReference "Kingfisher" */ = {
			isa = XCRemoteSwiftPackageReference;
			repositoryURL = "https://github.com/onevcat/Kingfisher.git";
			requirement = {
				kind = upToNextMajorVersion;
				minimumVersion = 7.11.0;
			};
		};
		2AACE7602BB83240007999A6 /* XCRemoteSwiftPackageReference "firebase-ios-sdk" */ = {
			isa = XCRemoteSwiftPackageReference;
			repositoryURL = "https://github.com/firebase/firebase-ios-sdk";
			requirement = {
				kind = upToNextMajorVersion;
				minimumVersion = 10.23.1;
			};
		};
		2AACE7732BB83286007999A6 /* XCRemoteSwiftPackageReference "SnapKit" */ = {
			isa = XCRemoteSwiftPackageReference;
			repositoryURL = "https://github.com/SnapKit/SnapKit.git";
			requirement = {
				kind = upToNextMajorVersion;
				minimumVersion = 5.7.1;
			};
		};
		2AACE7762BB832A6007999A6 /* XCRemoteSwiftPackageReference "RxKeyboard" */ = {
			isa = XCRemoteSwiftPackageReference;
			repositoryURL = "https://github.com/RxSwiftCommunity/RxKeyboard.git";
			requirement = {
				kind = upToNextMajorVersion;
				minimumVersion = 2.0.1;
			};
		};
		2AACE7792BB8333D007999A6 /* XCRemoteSwiftPackageReference "GoogleSignIn-iOS" */ = {
			isa = XCRemoteSwiftPackageReference;
			repositoryURL = "https://github.com/google/GoogleSignIn-iOS.git";
			requirement = {
				kind = upToNextMajorVersion;
				minimumVersion = 7.1.0;
			};
		};
		2AACE77C2BB8336A007999A6 /* XCRemoteSwiftPackageReference "RxGesture" */ = {
			isa = XCRemoteSwiftPackageReference;
			repositoryURL = "https://github.com/RxSwiftCommunity/RxGesture.git";
			requirement = {
				kind = upToNextMajorVersion;
				minimumVersion = 4.0.4;
			};
		};
		2AACE77F2BB8338D007999A6 /* XCRemoteSwiftPackageReference "SkeletonView" */ = {
			isa = XCRemoteSwiftPackageReference;
			repositoryURL = "https://github.com/Juanpe/SkeletonView.git";
			requirement = {
				kind = upToNextMajorVersion;
				minimumVersion = 1.30.4;
			};
		};
		2AACE7822BB83415007999A6 /* XCRemoteSwiftPackageReference "SwiftDate" */ = {
			isa = XCRemoteSwiftPackageReference;
			repositoryURL = "https://github.com/malcommac/SwiftDate.git";
			requirement = {
				kind = upToNextMajorVersion;
				minimumVersion = 7.0.0;
			};
		};
/* End XCRemoteSwiftPackageReference section */

/* Begin XCSwiftPackageProductDependency section */
		2AACE7572BB83038007999A6 /* RxCocoa */ = {
			isa = XCSwiftPackageProductDependency;
			package = 2AACE7562BB83038007999A6 /* XCRemoteSwiftPackageReference "RxSwift" */;
			productName = RxCocoa;
		};
		2AACE7592BB83038007999A6 /* RxRelay */ = {
			isa = XCSwiftPackageProductDependency;
			package = 2AACE7562BB83038007999A6 /* XCRemoteSwiftPackageReference "RxSwift" */;
			productName = RxRelay;
		};
		2AACE75B2BB83038007999A6 /* RxSwift */ = {
			isa = XCSwiftPackageProductDependency;
			package = 2AACE7562BB83038007999A6 /* XCRemoteSwiftPackageReference "RxSwift" */;
			productName = RxSwift;
		};
		2AACE75E2BB83099007999A6 /* Kingfisher */ = {
			isa = XCSwiftPackageProductDependency;
			package = 2AACE75D2BB83099007999A6 /* XCRemoteSwiftPackageReference "Kingfisher" */;
			productName = Kingfisher;
		};
		2AACE7612BB83240007999A6 /* FirebaseAnalytics */ = {
			isa = XCSwiftPackageProductDependency;
			package = 2AACE7602BB83240007999A6 /* XCRemoteSwiftPackageReference "firebase-ios-sdk" */;
			productName = FirebaseAnalytics;
		};
		2AACE7632BB83240007999A6 /* FirebaseAuth */ = {
			isa = XCSwiftPackageProductDependency;
			package = 2AACE7602BB83240007999A6 /* XCRemoteSwiftPackageReference "firebase-ios-sdk" */;
			productName = FirebaseAuth;
		};
		2AACE7652BB83240007999A6 /* FirebaseCrashlytics */ = {
			isa = XCSwiftPackageProductDependency;
			package = 2AACE7602BB83240007999A6 /* XCRemoteSwiftPackageReference "firebase-ios-sdk" */;
			productName = FirebaseCrashlytics;
		};
		2AACE7672BB83240007999A6 /* FirebaseDynamicLinks */ = {
			isa = XCSwiftPackageProductDependency;
			package = 2AACE7602BB83240007999A6 /* XCRemoteSwiftPackageReference "firebase-ios-sdk" */;
			productName = FirebaseDynamicLinks;
		};
		2AACE7692BB83240007999A6 /* FirebaseFirestore */ = {
			isa = XCSwiftPackageProductDependency;
			package = 2AACE7602BB83240007999A6 /* XCRemoteSwiftPackageReference "firebase-ios-sdk" */;
			productName = FirebaseFirestore;
		};
		2AACE76B2BB83240007999A6 /* FirebaseFunctions */ = {
			isa = XCSwiftPackageProductDependency;
			package = 2AACE7602BB83240007999A6 /* XCRemoteSwiftPackageReference "firebase-ios-sdk" */;
			productName = FirebaseFunctions;
		};
		2AACE76F2BB83240007999A6 /* FirebaseRemoteConfig */ = {
			isa = XCSwiftPackageProductDependency;
			package = 2AACE7602BB83240007999A6 /* XCRemoteSwiftPackageReference "firebase-ios-sdk" */;
			productName = FirebaseRemoteConfig;
		};
		2AACE7712BB83240007999A6 /* FirebaseStorage */ = {
			isa = XCSwiftPackageProductDependency;
			package = 2AACE7602BB83240007999A6 /* XCRemoteSwiftPackageReference "firebase-ios-sdk" */;
			productName = FirebaseStorage;
		};
		2AACE7742BB83286007999A6 /* SnapKit */ = {
			isa = XCSwiftPackageProductDependency;
			package = 2AACE7732BB83286007999A6 /* XCRemoteSwiftPackageReference "SnapKit" */;
			productName = SnapKit;
		};
		2AACE7772BB832A6007999A6 /* RxKeyboard */ = {
			isa = XCSwiftPackageProductDependency;
			package = 2AACE7762BB832A6007999A6 /* XCRemoteSwiftPackageReference "RxKeyboard" */;
			productName = RxKeyboard;
		};
		2AACE77A2BB8333D007999A6 /* GoogleSignIn */ = {
			isa = XCSwiftPackageProductDependency;
			package = 2AACE7792BB8333D007999A6 /* XCRemoteSwiftPackageReference "GoogleSignIn-iOS" */;
			productName = GoogleSignIn;
		};
		2AACE77D2BB8336A007999A6 /* RxGesture */ = {
			isa = XCSwiftPackageProductDependency;
			package = 2AACE77C2BB8336A007999A6 /* XCRemoteSwiftPackageReference "RxGesture" */;
			productName = RxGesture;
		};
		2AACE7802BB8338D007999A6 /* SkeletonView */ = {
			isa = XCSwiftPackageProductDependency;
			package = 2AACE77F2BB8338D007999A6 /* XCRemoteSwiftPackageReference "SkeletonView" */;
			productName = SkeletonView;
		};
		2AACE7832BB83415007999A6 /* SwiftDate */ = {
			isa = XCSwiftPackageProductDependency;
			package = 2AACE7822BB83415007999A6 /* XCRemoteSwiftPackageReference "SwiftDate" */;
			productName = SwiftDate;
		};
/* End XCSwiftPackageProductDependency section */
	};
	rootObject = 2AACE7342BB82EF7007999A6 /* Project object */;
}
